// !$*UTF8*$!
{
	archiveVersion = 1;
	classes = {
	};
	objectVersion = 56;
	objects = {

/* Begin PBXBuildFile section */
		0D26AF24299E8196005260EE /* SecantApp.swift in Sources */ = {isa = PBXBuildFile; fileRef = 0D4E7A0826B364170058B01E /* SecantApp.swift */; };
		0D26AF73299E8196005260EE /* ZcashLightClientKit in Frameworks */ = {isa = PBXBuildFile; productRef = 0D26AE91299E8196005260EE /* ZcashLightClientKit */; };
		0D26AF76299E8196005260EE /* ComposableArchitecture in Frameworks */ = {isa = PBXBuildFile; productRef = 0D26AE89299E8196005260EE /* ComposableArchitecture */; };
		0D26AF84299E8196005260EE /* Preview Assets.xcassets in Resources */ = {isa = PBXBuildFile; fileRef = 0D4E7A0F26B364180058B01E /* Preview Assets.xcassets */; };
		0D26AF88299E8196005260EE /* LaunchScreen.storyboard in Resources */ = {isa = PBXBuildFile; fileRef = 9E2F1C8B280ED6A7004E65FE /* LaunchScreen.storyboard */; };
		0D26AF8C299E8196005260EE /* GoogleService-Info.plist in Resources */ = {isa = PBXBuildFile; fileRef = 0D3B01EB298DAF89007EBCDA /* GoogleService-Info.plist */; };
		0D3B01EC298DAF89007EBCDA /* GoogleService-Info.plist in Resources */ = {isa = PBXBuildFile; fileRef = 0D3B01EB298DAF89007EBCDA /* GoogleService-Info.plist */; };
		0D4E7A0926B364170058B01E /* SecantApp.swift in Sources */ = {isa = PBXBuildFile; fileRef = 0D4E7A0826B364170058B01E /* SecantApp.swift */; };
		0D4E7A1026B364180058B01E /* Preview Assets.xcassets in Resources */ = {isa = PBXBuildFile; fileRef = 0D4E7A0F26B364180058B01E /* Preview Assets.xcassets */; };
		9E00319C2A272BB6003DFCEB /* SDKSynchronizer in Frameworks */ = {isa = PBXBuildFile; productRef = 9E00319B2A272BB6003DFCEB /* SDKSynchronizer */; };
		9E0031A42A272BC7003DFCEB /* SDKSynchronizer in Frameworks */ = {isa = PBXBuildFile; productRef = 9E0031A32A272BC7003DFCEB /* SDKSynchronizer */; };
		9E0C0D702AFB842B00D69A16 /* TransactionStateTests.swift in Sources */ = {isa = PBXBuildFile; fileRef = 9E0C0D6F2AFB842B00D69A16 /* TransactionStateTests.swift */; };
		9E139AAF2B07B3A600D104B8 /* ZatoshiStringRepresentationTests.swift in Sources */ = {isa = PBXBuildFile; fileRef = 9E139AAE2B07B3A600D104B8 /* ZatoshiStringRepresentationTests.swift */; };
		9E1FAFB72AF2C6D40084CA3D /* PrivateDataConsentSnapshotTests.swift in Sources */ = {isa = PBXBuildFile; fileRef = 9E1FAFB62AF2C6D40084CA3D /* PrivateDataConsentSnapshotTests.swift */; };
		9E1FAFBA2AF2C7F20084CA3D /* PrivateDataConsentTests.swift in Sources */ = {isa = PBXBuildFile; fileRef = 9E1FAFB92AF2C7F20084CA3D /* PrivateDataConsentTests.swift */; };
		9E2706672AFF99F5000DA6EC /* ReadTransactionsStorageModel.xcdatamodeld in Sources */ = {isa = PBXBuildFile; fileRef = 9E2706652AFF99F5000DA6EC /* ReadTransactionsStorageModel.xcdatamodeld */; };
		9E2706682AFF99F5000DA6EC /* ReadTransactionsStorageModel.xcdatamodeld in Sources */ = {isa = PBXBuildFile; fileRef = 9E2706652AFF99F5000DA6EC /* ReadTransactionsStorageModel.xcdatamodeld */; };
		9E2F1C8C280ED6A7004E65FE /* LaunchScreen.storyboard in Resources */ = {isa = PBXBuildFile; fileRef = 9E2F1C8B280ED6A7004E65FE /* LaunchScreen.storyboard */; };
		9E34519529C4A4BF00177D16 /* AddressDetailsTests.swift in Sources */ = {isa = PBXBuildFile; fileRef = 9E207C382966EF87003E2C9B /* AddressDetailsTests.swift */; };
		9E34519629C4A4D800177D16 /* secantUITests.swift in Sources */ = {isa = PBXBuildFile; fileRef = 0D4E7A2526B364180058B01E /* secantUITests.swift */; };
		9E34519729C4A51100177D16 /* RecoveryPhraseBackupTests.swift in Sources */ = {isa = PBXBuildFile; fileRef = 0DFE93DE272C6D4B000FCCA5 /* RecoveryPhraseBackupTests.swift */; };
		9E34519A29C4A52F00177D16 /* BalanceBreakdownTests.swift in Sources */ = {isa = PBXBuildFile; fileRef = 9E94C61F28AA7DEE008256E9 /* BalanceBreakdownTests.swift */; };
		9E34519B29C4A90700177D16 /* DeeplinkTests.swift in Sources */ = {isa = PBXBuildFile; fileRef = 9EAB4675285B5C7C002904A0 /* DeeplinkTests.swift */; };
		9E34519C29C4A91A00177D16 /* HomeTests.swift in Sources */ = {isa = PBXBuildFile; fileRef = 9E3911382848AD500073DD9A /* HomeTests.swift */; };
		9E34519D29C8484D00177D16 /* HomeFeatureFlagTests.swift in Sources */ = {isa = PBXBuildFile; fileRef = 341B30BA29B78D1000697081 /* HomeFeatureFlagTests.swift */; };
		9E34519E29C849B400177D16 /* WalletConfigProviderTests.swift in Sources */ = {isa = PBXBuildFile; fileRef = 34F039B229ABCE8500CF0053 /* WalletConfigProviderTests.swift */; };
		9E34519F29C849D300177D16 /* ImportWalletTests.swift in Sources */ = {isa = PBXBuildFile; fileRef = 9E391123283E4CAC0073DD9A /* ImportWalletTests.swift */; };
		9E3451A029C84A2D00177D16 /* MultiLineTextFieldTests.swift in Sources */ = {isa = PBXBuildFile; fileRef = 9E6713F02897F81B00A6796F /* MultiLineTextFieldTests.swift */; };
		9E3451A629C84B6600177D16 /* RootTests.swift in Sources */ = {isa = PBXBuildFile; fileRef = 9EAFEB812805793200199FC9 /* RootTests.swift */; };
		9E3451A729C84E9900177D16 /* AppInitializationTests.swift in Sources */ = {isa = PBXBuildFile; fileRef = 9E391131284644580073DD9A /* AppInitializationTests.swift */; };
		9E3451A829C84EAF00177D16 /* DebugTests.swift in Sources */ = {isa = PBXBuildFile; fileRef = 9E852D6429B0A86300CF4AC1 /* DebugTests.swift */; };
		9E3451A929C84EC000177D16 /* ScanTests.swift in Sources */ = {isa = PBXBuildFile; fileRef = 9E01F8272833CDA0000EFC57 /* ScanTests.swift */; };
		9E3451AE29C84F2800177D16 /* SendTests.swift in Sources */ = {isa = PBXBuildFile; fileRef = 9E5BF643281FEC9900BA3F17 /* SendTests.swift */; };
		9E3451AF29C855B200177D16 /* SensitiveDataTests.swift in Sources */ = {isa = PBXBuildFile; fileRef = 9E612C7829913F3600D09B09 /* SensitiveDataTests.swift */; };
		9E3451B029C855E600177D16 /* SettingsTests.swift in Sources */ = {isa = PBXBuildFile; fileRef = 9E66129D288938A300C75B70 /* SettingsTests.swift */; };
		9E3451B129C8565500177D16 /* UserPreferencesStorageTests.swift in Sources */ = {isa = PBXBuildFile; fileRef = 9EF8135B27ECC25E0075AF48 /* UserPreferencesStorageTests.swift */; };
		9E3451B229C8565500177D16 /* SecItemClientTests.swift in Sources */ = {isa = PBXBuildFile; fileRef = 9EAFEB852805A23100199FC9 /* SecItemClientTests.swift */; };
		9E3451B429C8565500177D16 /* WalletStorageTests.swift in Sources */ = {isa = PBXBuildFile; fileRef = 9EF8135A27ECC25E0075AF48 /* WalletStorageTests.swift */; };
		9E3451B529C8565500177D16 /* LoggerTests.swift in Sources */ = {isa = PBXBuildFile; fileRef = 9E0F574A2980260D005304FA /* LoggerTests.swift */; };
		9E3451B629C8565500177D16 /* ZatoshiTests.swift in Sources */ = {isa = PBXBuildFile; fileRef = 9E39112D283F91600073DD9A /* ZatoshiTests.swift */; };
		9E3451B729C8565500177D16 /* DatabaseFilesTests.swift in Sources */ = {isa = PBXBuildFile; fileRef = 9E02B56B27FED475005B809B /* DatabaseFilesTests.swift */; };
		9E3451B829C856E700177D16 /* TransactionListTests.swift in Sources */ = {isa = PBXBuildFile; fileRef = 9E5BF63E2819542C00BA3F17 /* TransactionListTests.swift */; };
		9E3451B929C857C000177D16 /* AddressDetailsSnapshotTests.swift in Sources */ = {isa = PBXBuildFile; fileRef = 9E207C352966EC77003E2C9B /* AddressDetailsSnapshotTests.swift */; };
		9E3451BA29C857C500177D16 /* BalanceBreakdownSnapshotTests.swift in Sources */ = {isa = PBXBuildFile; fileRef = 9E94C62228AA7EE0008256E9 /* BalanceBreakdownSnapshotTests.swift */; };
		9E3451BB29C857C800177D16 /* HomeSnapshotTests.swift in Sources */ = {isa = PBXBuildFile; fileRef = 9E9ECC8C28589E150099D5A2 /* HomeSnapshotTests.swift */; };
		9E3451BC29C857C800177D16 /* NotEnoughFeeSpaceSnapshots.swift in Sources */ = {isa = PBXBuildFile; fileRef = 3448CB3628E485CB006ADEDB /* NotEnoughFeeSpaceSnapshots.swift */; };
		9E3451BD29C857CC00177D16 /* ImportWalletSnapshotTests.swift in Sources */ = {isa = PBXBuildFile; fileRef = 9E9ECC9428589E150099D5A2 /* ImportWalletSnapshotTests.swift */; };
		9E3451C029C857D400177D16 /* RecoveryPhraseDisplaySnapshotTests.swift in Sources */ = {isa = PBXBuildFile; fileRef = 9E9ECC9028589E150099D5A2 /* RecoveryPhraseDisplaySnapshotTests.swift */; };
		9E3451C229C857DB00177D16 /* TransactionSendingSnapshotTests.swift in Sources */ = {isa = PBXBuildFile; fileRef = 34429C6D28E703CD00F2B929 /* TransactionSendingSnapshotTests.swift */; };
		9E3451C329C857DD00177D16 /* SettingsSnapshotTests.swift in Sources */ = {isa = PBXBuildFile; fileRef = 9E7225F02889539300DF7F17 /* SettingsSnapshotTests.swift */; };
		9E3451C429C857DF00177D16 /* View+UIImage.swift in Sources */ = {isa = PBXBuildFile; fileRef = 9E92AF0728530EBF007367AD /* View+UIImage.swift */; };
		9E3451C529C857E400177D16 /* TransactionListSnapshotTests.swift in Sources */ = {isa = PBXBuildFile; fileRef = 9E7CB6112869882D00A02233 /* TransactionListSnapshotTests.swift */; };
		9E3451C629C857E700177D16 /* WelcomeSnapshotTests.swift in Sources */ = {isa = PBXBuildFile; fileRef = 9E9ECC8E28589E150099D5A2 /* WelcomeSnapshotTests.swift */; };
		9E46919A2AD5735E0082D7DF /* TabsTests.swift in Sources */ = {isa = PBXBuildFile; fileRef = 9E4691992AD5735E0082D7DF /* TabsTests.swift */; };
		9E4938D82ACE8E8F003C4C1D /* SecurityWarningSnapshotTests.swift in Sources */ = {isa = PBXBuildFile; fileRef = 9E4938D72ACE8E8F003C4C1D /* SecurityWarningSnapshotTests.swift */; };
		9E4AB2A22BA1BEE900F5D6DB /* AppDelegate.swift in Sources */ = {isa = PBXBuildFile; fileRef = 9EEB06C72B405A0400EEE50F /* AppDelegate.swift */; };
		9E4AB2A32BA1BEE900F5D6DB /* SecantApp.swift in Sources */ = {isa = PBXBuildFile; fileRef = 0D4E7A0826B364170058B01E /* SecantApp.swift */; };
		9E4AB2A42BA1BEE900F5D6DB /* ReadTransactionsStorageModel.xcdatamodeld in Sources */ = {isa = PBXBuildFile; fileRef = 9E2706652AFF99F5000DA6EC /* ReadTransactionsStorageModel.xcdatamodeld */; };
		9E4AB2A62BA1BEE900F5D6DB /* Utils in Frameworks */ = {isa = PBXBuildFile; productRef = 9E4AB29D2BA1BEE900F5D6DB /* Utils */; };
		9E4AB2A72BA1BEE900F5D6DB /* Root in Frameworks */ = {isa = PBXBuildFile; productRef = 9E4AB29C2BA1BEE900F5D6DB /* Root */; };
		9E4AB2A82BA1BEE900F5D6DB /* ZcashLightClientKit in Frameworks */ = {isa = PBXBuildFile; productRef = 9E4AB2982BA1BEE900F5D6DB /* ZcashLightClientKit */; };
		9E4AB2A92BA1BEE900F5D6DB /* ComposableArchitecture in Frameworks */ = {isa = PBXBuildFile; productRef = 9E4AB2962BA1BEE900F5D6DB /* ComposableArchitecture */; };
		9E4AB2AA2BA1BEE900F5D6DB /* SDKSynchronizer in Frameworks */ = {isa = PBXBuildFile; productRef = 9E4AB29B2BA1BEE900F5D6DB /* SDKSynchronizer */; };
		9E4AB2AB2BA1BEE900F5D6DB /* Generated in Frameworks */ = {isa = PBXBuildFile; productRef = 9E4AB29A2BA1BEE900F5D6DB /* Generated */; };
		9E4AB2AF2BA1BEE900F5D6DB /* Preview Assets.xcassets in Resources */ = {isa = PBXBuildFile; fileRef = 0D4E7A0F26B364180058B01E /* Preview Assets.xcassets */; };
		9E4AB2B02BA1BEE900F5D6DB /* LaunchScreen.storyboard in Resources */ = {isa = PBXBuildFile; fileRef = 9E2F1C8B280ED6A7004E65FE /* LaunchScreen.storyboard */; };
		9E4AB2B12BA1BEE900F5D6DB /* Assets.xcassets in Resources */ = {isa = PBXBuildFile; fileRef = 9E90751D2A269BE300269308 /* Assets.xcassets */; };
		9E4AB2B22BA1BEE900F5D6DB /* GoogleService-Info.plist in Resources */ = {isa = PBXBuildFile; fileRef = 0D3B01EB298DAF89007EBCDA /* GoogleService-Info.plist */; };
		9E4AB2B32BA1BEE900F5D6DB /* Colors.xcassets in Resources */ = {isa = PBXBuildFile; fileRef = 9E5AAEBF2A67CEC4003F283D /* Colors.xcassets */; };
		9E599F322C3EEEF3000E4997 /* PartnerKeys.plist in Resources */ = {isa = PBXBuildFile; fileRef = 9E599F312C3EEEF3000E4997 /* PartnerKeys.plist */; };
		9E599F332C3EEEF3000E4997 /* PartnerKeys.plist in Resources */ = {isa = PBXBuildFile; fileRef = 9E599F312C3EEEF3000E4997 /* PartnerKeys.plist */; };
		9E599F342C3EEEF3000E4997 /* PartnerKeys.plist in Resources */ = {isa = PBXBuildFile; fileRef = 9E599F312C3EEEF3000E4997 /* PartnerKeys.plist */; };
		9E5AAEC02A67CEC4003F283D /* Colors.xcassets in Resources */ = {isa = PBXBuildFile; fileRef = 9E5AAEBF2A67CEC4003F283D /* Colors.xcassets */; };
		9E5AAEC12A67CEC4003F283D /* Colors.xcassets in Resources */ = {isa = PBXBuildFile; fileRef = 9E5AAEBF2A67CEC4003F283D /* Colors.xcassets */; };
		9E5B8E742B46E04E00CA3616 /* RestoreWalletTests.swift in Sources */ = {isa = PBXBuildFile; fileRef = 9E5B8E732B46E04E00CA3616 /* RestoreWalletTests.swift */; };
		9E683E472B0377F0002E7B5D /* WalletNukeTests.swift in Sources */ = {isa = PBXBuildFile; fileRef = 9E683E462B0377F0002E7B5D /* WalletNukeTests.swift */; };
		9E6C98492BF4C65F00EACDCB /* whatsNew.json in Resources */ = {isa = PBXBuildFile; fileRef = 9E6C98472BF4C65F00EACDCB /* whatsNew.json */; };
		9E6C984A2BF4C65F00EACDCB /* whatsNew.json in Resources */ = {isa = PBXBuildFile; fileRef = 9E6C98472BF4C65F00EACDCB /* whatsNew.json */; };
		9E6C984B2BF4C65F00EACDCB /* whatsNew.json in Resources */ = {isa = PBXBuildFile; fileRef = 9E6C98472BF4C65F00EACDCB /* whatsNew.json */; };
		9E74CCD029DC0628003D6E32 /* ReviewRequestTests.swift in Sources */ = {isa = PBXBuildFile; fileRef = 9E74CCCF29DC0628003D6E32 /* ReviewRequestTests.swift */; };
		9E9075022A2681F700269308 /* Generated in Frameworks */ = {isa = PBXBuildFile; productRef = 9E9075012A2681F700269308 /* Generated */; };
		9E9075042A2681FF00269308 /* Generated in Frameworks */ = {isa = PBXBuildFile; productRef = 9E9075032A2681FF00269308 /* Generated */; };
		9E90751E2A269BE300269308 /* Assets.xcassets in Resources */ = {isa = PBXBuildFile; fileRef = 9E90751D2A269BE300269308 /* Assets.xcassets */; };
		9E90751F2A269BE300269308 /* Assets.xcassets in Resources */ = {isa = PBXBuildFile; fileRef = 9E90751D2A269BE300269308 /* Assets.xcassets */; };
		9EA7ED062B7A591C005979F4 /* ZatoshiStringRepresentationCommaTests.swift in Sources */ = {isa = PBXBuildFile; fileRef = 9EA7ED052B7A591C005979F4 /* ZatoshiStringRepresentationCommaTests.swift */; };
		9EB35D612A31F1D800A2149B /* Root in Frameworks */ = {isa = PBXBuildFile; productRef = 9EB35D602A31F1D800A2149B /* Root */; };
		9EB35D632A31F1DD00A2149B /* Root in Frameworks */ = {isa = PBXBuildFile; productRef = 9EB35D622A31F1DD00A2149B /* Root */; };
		9EB35D6A2A3A2D7B00A2149B /* Utils in Frameworks */ = {isa = PBXBuildFile; productRef = 9EB35D692A3A2D7B00A2149B /* Utils */; };
		9EB35D6C2A3A2D9200A2149B /* Utils in Frameworks */ = {isa = PBXBuildFile; productRef = 9EB35D6B2A3A2D9200A2149B /* Utils */; };
		9EDDAF6D2BA2D71700A69A07 /* PrivacyInfo.xcprivacy in Resources */ = {isa = PBXBuildFile; fileRef = 9EDDAF6C2BA2D71700A69A07 /* PrivacyInfo.xcprivacy */; };
		9EDDAF6E2BA2D71700A69A07 /* PrivacyInfo.xcprivacy in Resources */ = {isa = PBXBuildFile; fileRef = 9EDDAF6C2BA2D71700A69A07 /* PrivacyInfo.xcprivacy */; };
		9EDDAF6F2BA2D71700A69A07 /* PrivacyInfo.xcprivacy in Resources */ = {isa = PBXBuildFile; fileRef = 9EDDAF6C2BA2D71700A69A07 /* PrivacyInfo.xcprivacy */; };
		9EEB06C62B344F1E00EEE50F /* SyncProgressTests.swift in Sources */ = {isa = PBXBuildFile; fileRef = 9EEB06C52B344F1E00EEE50F /* SyncProgressTests.swift */; };
		9EEB06C82B405A0400EEE50F /* AppDelegate.swift in Sources */ = {isa = PBXBuildFile; fileRef = 9EEB06C72B405A0400EEE50F /* AppDelegate.swift */; };
		9EEB06C92B405A0400EEE50F /* AppDelegate.swift in Sources */ = {isa = PBXBuildFile; fileRef = 9EEB06C72B405A0400EEE50F /* AppDelegate.swift */; };
/* End PBXBuildFile section */

/* Begin PBXContainerItemProxy section */
		0D4E7A1726B364180058B01E /* PBXContainerItemProxy */ = {
			isa = PBXContainerItemProxy;
			containerPortal = 0D4E79FD26B364170058B01E /* Project object */;
			proxyType = 1;
			remoteGlobalIDString = 0D4E7A0426B364170058B01E;
			remoteInfo = secant;
		};
		0D4E7A2226B364180058B01E /* PBXContainerItemProxy */ = {
			isa = PBXContainerItemProxy;
			containerPortal = 0D4E79FD26B364170058B01E /* Project object */;
			proxyType = 1;
			remoteGlobalIDString = 0D4E7A0426B364170058B01E;
			remoteInfo = secant;
		};
/* End PBXContainerItemProxy section */

/* Begin PBXFileReference section */
		0D26AF94299E8196005260EE /* secant-mainnet.app */ = {isa = PBXFileReference; explicitFileType = wrapper.application; includeInIndex = 0; path = "secant-mainnet.app"; sourceTree = BUILT_PRODUCTS_DIR; };
		0D3B01EB298DAF89007EBCDA /* GoogleService-Info.plist */ = {isa = PBXFileReference; fileEncoding = 4; lastKnownFileType = text.plist.xml; path = "GoogleService-Info.plist"; sourceTree = "<group>"; };
		0D4E7A0526B364170058B01E /* secant-testnet.app */ = {isa = PBXFileReference; explicitFileType = wrapper.application; includeInIndex = 0; path = "secant-testnet.app"; sourceTree = BUILT_PRODUCTS_DIR; };
		0D4E7A0826B364170058B01E /* SecantApp.swift */ = {isa = PBXFileReference; lastKnownFileType = sourcecode.swift; path = SecantApp.swift; sourceTree = "<group>"; };
		0D4E7A0F26B364180058B01E /* Preview Assets.xcassets */ = {isa = PBXFileReference; lastKnownFileType = folder.assetcatalog; path = "Preview Assets.xcassets"; sourceTree = "<group>"; };
		0D4E7A1126B364180058B01E /* secant-testnet-Info.plist */ = {isa = PBXFileReference; lastKnownFileType = text.plist.xml; path = "secant-testnet-Info.plist"; sourceTree = "<group>"; };
		0D4E7A1626B364180058B01E /* secantTests.xctest */ = {isa = PBXFileReference; explicitFileType = wrapper.cfbundle; includeInIndex = 0; path = secantTests.xctest; sourceTree = BUILT_PRODUCTS_DIR; };
		0D4E7A1C26B364180058B01E /* Info.plist */ = {isa = PBXFileReference; lastKnownFileType = text.plist.xml; path = Info.plist; sourceTree = "<group>"; };
		0D4E7A2126B364180058B01E /* secantUITests.xctest */ = {isa = PBXFileReference; explicitFileType = wrapper.cfbundle; includeInIndex = 0; path = secantUITests.xctest; sourceTree = BUILT_PRODUCTS_DIR; };
		0D4E7A2526B364180058B01E /* secantUITests.swift */ = {isa = PBXFileReference; lastKnownFileType = sourcecode.swift; path = secantUITests.swift; sourceTree = "<group>"; };
		0D4E7A2726B364180058B01E /* Info.plist */ = {isa = PBXFileReference; lastKnownFileType = text.plist.xml; path = Info.plist; sourceTree = "<group>"; };
		0DEF4766299EA5920032708B /* secant-mainnet-Info.plist */ = {isa = PBXFileReference; lastKnownFileType = text.plist.xml; path = "secant-mainnet-Info.plist"; sourceTree = "<group>"; };
		0DFE93DE272C6D4B000FCCA5 /* RecoveryPhraseBackupTests.swift */ = {isa = PBXFileReference; fileEncoding = 4; lastKnownFileType = sourcecode.swift; path = RecoveryPhraseBackupTests.swift; sourceTree = "<group>"; };
		341B30BA29B78D1000697081 /* HomeFeatureFlagTests.swift */ = {isa = PBXFileReference; lastKnownFileType = sourcecode.swift; path = HomeFeatureFlagTests.swift; sourceTree = "<group>"; };
		34429C6D28E703CD00F2B929 /* TransactionSendingSnapshotTests.swift */ = {isa = PBXFileReference; lastKnownFileType = sourcecode.swift; path = TransactionSendingSnapshotTests.swift; sourceTree = "<group>"; };
		3448CB3628E485CB006ADEDB /* NotEnoughFeeSpaceSnapshots.swift */ = {isa = PBXFileReference; lastKnownFileType = sourcecode.swift; path = NotEnoughFeeSpaceSnapshots.swift; sourceTree = "<group>"; };
		34F039B229ABCE8500CF0053 /* WalletConfigProviderTests.swift */ = {isa = PBXFileReference; fileEncoding = 4; lastKnownFileType = sourcecode.swift; path = WalletConfigProviderTests.swift; sourceTree = "<group>"; };
		9E01F8272833CDA0000EFC57 /* ScanTests.swift */ = {isa = PBXFileReference; lastKnownFileType = sourcecode.swift; path = ScanTests.swift; sourceTree = "<group>"; };
		9E02B56B27FED475005B809B /* DatabaseFilesTests.swift */ = {isa = PBXFileReference; lastKnownFileType = sourcecode.swift; path = DatabaseFilesTests.swift; sourceTree = "<group>"; };
		9E0C0D6F2AFB842B00D69A16 /* TransactionStateTests.swift */ = {isa = PBXFileReference; lastKnownFileType = sourcecode.swift; path = TransactionStateTests.swift; sourceTree = "<group>"; };
		9E0F574A2980260D005304FA /* LoggerTests.swift */ = {isa = PBXFileReference; lastKnownFileType = sourcecode.swift; path = LoggerTests.swift; sourceTree = "<group>"; };
		9E139AAE2B07B3A600D104B8 /* ZatoshiStringRepresentationTests.swift */ = {isa = PBXFileReference; lastKnownFileType = sourcecode.swift; path = ZatoshiStringRepresentationTests.swift; sourceTree = "<group>"; };
		9E1FAFB62AF2C6D40084CA3D /* PrivateDataConsentSnapshotTests.swift */ = {isa = PBXFileReference; lastKnownFileType = sourcecode.swift; path = PrivateDataConsentSnapshotTests.swift; sourceTree = "<group>"; };
		9E1FAFB92AF2C7F20084CA3D /* PrivateDataConsentTests.swift */ = {isa = PBXFileReference; lastKnownFileType = sourcecode.swift; path = PrivateDataConsentTests.swift; sourceTree = "<group>"; };
		9E207C352966EC77003E2C9B /* AddressDetailsSnapshotTests.swift */ = {isa = PBXFileReference; lastKnownFileType = sourcecode.swift; path = AddressDetailsSnapshotTests.swift; sourceTree = "<group>"; };
		9E207C382966EF87003E2C9B /* AddressDetailsTests.swift */ = {isa = PBXFileReference; lastKnownFileType = sourcecode.swift; path = AddressDetailsTests.swift; sourceTree = "<group>"; };
		9E2706662AFF99F5000DA6EC /* TransactionReadUnreadM.xcdatamodel */ = {isa = PBXFileReference; lastKnownFileType = wrapper.xcdatamodel; path = TransactionReadUnreadM.xcdatamodel; sourceTree = "<group>"; };
		9E2F1C8B280ED6A7004E65FE /* LaunchScreen.storyboard */ = {isa = PBXFileReference; lastKnownFileType = file.storyboard; path = LaunchScreen.storyboard; sourceTree = "<group>"; };
		9E391123283E4CAC0073DD9A /* ImportWalletTests.swift */ = {isa = PBXFileReference; lastKnownFileType = sourcecode.swift; path = ImportWalletTests.swift; sourceTree = "<group>"; };
		9E39112D283F91600073DD9A /* ZatoshiTests.swift */ = {isa = PBXFileReference; lastKnownFileType = sourcecode.swift; path = ZatoshiTests.swift; sourceTree = "<group>"; };
		9E391131284644580073DD9A /* AppInitializationTests.swift */ = {isa = PBXFileReference; lastKnownFileType = sourcecode.swift; path = AppInitializationTests.swift; sourceTree = "<group>"; };
		9E3911382848AD500073DD9A /* HomeTests.swift */ = {isa = PBXFileReference; lastKnownFileType = sourcecode.swift; path = HomeTests.swift; sourceTree = "<group>"; };
		9E4691992AD5735E0082D7DF /* TabsTests.swift */ = {isa = PBXFileReference; lastKnownFileType = sourcecode.swift; path = TabsTests.swift; sourceTree = "<group>"; };
		9E4938D72ACE8E8F003C4C1D /* SecurityWarningSnapshotTests.swift */ = {isa = PBXFileReference; lastKnownFileType = sourcecode.swift; path = SecurityWarningSnapshotTests.swift; sourceTree = "<group>"; };
		9E4A01762B0C9ABD005AFC7E /* CHANGELOG.md */ = {isa = PBXFileReference; lastKnownFileType = net.daringfireball.markdown; path = CHANGELOG.md; sourceTree = "<group>"; };
		9E4AB2B72BA1BEE900F5D6DB /* secant-distrib.app */ = {isa = PBXFileReference; explicitFileType = wrapper.application; includeInIndex = 0; path = "secant-distrib.app"; sourceTree = BUILT_PRODUCTS_DIR; };
		9E4AB2B82BA1BEE900F5D6DB /* secant-distrib-Info.plist */ = {isa = PBXFileReference; lastKnownFileType = text.plist.xml; name = "secant-distrib-Info.plist"; path = "/Users/lukaskorba/Dev/Xcode/GitHub/LukasKorba/secant-ios-wallet/secant-distrib-Info.plist"; sourceTree = "<absolute>"; };
		9E599F312C3EEEF3000E4997 /* PartnerKeys.plist */ = {isa = PBXFileReference; fileEncoding = 4; lastKnownFileType = text.plist.xml; path = PartnerKeys.plist; sourceTree = "<group>"; };
		9E5AAEBF2A67CEC4003F283D /* Colors.xcassets */ = {isa = PBXFileReference; lastKnownFileType = folder.assetcatalog; path = Colors.xcassets; sourceTree = "<group>"; };
		9E5B8E732B46E04E00CA3616 /* RestoreWalletTests.swift */ = {isa = PBXFileReference; lastKnownFileType = sourcecode.swift; path = RestoreWalletTests.swift; sourceTree = "<group>"; };
		9E5BF63E2819542C00BA3F17 /* TransactionListTests.swift */ = {isa = PBXFileReference; lastKnownFileType = sourcecode.swift; path = TransactionListTests.swift; sourceTree = "<group>"; };
		9E5BF643281FEC9900BA3F17 /* SendTests.swift */ = {isa = PBXFileReference; lastKnownFileType = sourcecode.swift; path = SendTests.swift; sourceTree = "<group>"; };
		9E612C7829913F3600D09B09 /* SensitiveDataTests.swift */ = {isa = PBXFileReference; lastKnownFileType = sourcecode.swift; path = SensitiveDataTests.swift; sourceTree = "<group>"; };
		9E66129D288938A300C75B70 /* SettingsTests.swift */ = {isa = PBXFileReference; lastKnownFileType = sourcecode.swift; path = SettingsTests.swift; sourceTree = "<group>"; };
		9E6713F02897F81B00A6796F /* MultiLineTextFieldTests.swift */ = {isa = PBXFileReference; lastKnownFileType = sourcecode.swift; path = MultiLineTextFieldTests.swift; sourceTree = "<group>"; };
		9E683E462B0377F0002E7B5D /* WalletNukeTests.swift */ = {isa = PBXFileReference; lastKnownFileType = sourcecode.swift; path = WalletNukeTests.swift; sourceTree = "<group>"; };
		9E6C98472BF4C65F00EACDCB /* whatsNew.json */ = {isa = PBXFileReference; fileEncoding = 4; lastKnownFileType = text.json; path = whatsNew.json; sourceTree = "<group>"; };
		9E7225F02889539300DF7F17 /* SettingsSnapshotTests.swift */ = {isa = PBXFileReference; lastKnownFileType = sourcecode.swift; path = SettingsSnapshotTests.swift; sourceTree = "<group>"; };
		9E74CCCF29DC0628003D6E32 /* ReviewRequestTests.swift */ = {isa = PBXFileReference; lastKnownFileType = sourcecode.swift; path = ReviewRequestTests.swift; sourceTree = "<group>"; };
		9E7CB6112869882D00A02233 /* TransactionListSnapshotTests.swift */ = {isa = PBXFileReference; lastKnownFileType = sourcecode.swift; path = TransactionListSnapshotTests.swift; sourceTree = "<group>"; };
		9E852D6429B0A86300CF4AC1 /* DebugTests.swift */ = {isa = PBXFileReference; lastKnownFileType = sourcecode.swift; path = DebugTests.swift; sourceTree = "<group>"; };
		9E90751D2A269BE300269308 /* Assets.xcassets */ = {isa = PBXFileReference; lastKnownFileType = folder.assetcatalog; path = Assets.xcassets; sourceTree = "<group>"; };
		9E92AF0728530EBF007367AD /* View+UIImage.swift */ = {isa = PBXFileReference; lastKnownFileType = sourcecode.swift; path = "View+UIImage.swift"; sourceTree = "<group>"; };
		9E94C61F28AA7DEE008256E9 /* BalanceBreakdownTests.swift */ = {isa = PBXFileReference; lastKnownFileType = sourcecode.swift; path = BalanceBreakdownTests.swift; sourceTree = "<group>"; };
		9E94C62228AA7EE0008256E9 /* BalanceBreakdownSnapshotTests.swift */ = {isa = PBXFileReference; lastKnownFileType = sourcecode.swift; path = BalanceBreakdownSnapshotTests.swift; sourceTree = "<group>"; };
		9E9ECC8C28589E150099D5A2 /* HomeSnapshotTests.swift */ = {isa = PBXFileReference; fileEncoding = 4; lastKnownFileType = sourcecode.swift; path = HomeSnapshotTests.swift; sourceTree = "<group>"; };
		9E9ECC8E28589E150099D5A2 /* WelcomeSnapshotTests.swift */ = {isa = PBXFileReference; fileEncoding = 4; lastKnownFileType = sourcecode.swift; path = WelcomeSnapshotTests.swift; sourceTree = "<group>"; };
		9E9ECC9028589E150099D5A2 /* RecoveryPhraseDisplaySnapshotTests.swift */ = {isa = PBXFileReference; fileEncoding = 4; lastKnownFileType = sourcecode.swift; path = RecoveryPhraseDisplaySnapshotTests.swift; sourceTree = "<group>"; };
		9E9ECC9428589E150099D5A2 /* ImportWalletSnapshotTests.swift */ = {isa = PBXFileReference; fileEncoding = 4; lastKnownFileType = sourcecode.swift; path = ImportWalletSnapshotTests.swift; sourceTree = "<group>"; };
		9EA7ED052B7A591C005979F4 /* ZatoshiStringRepresentationCommaTests.swift */ = {isa = PBXFileReference; fileEncoding = 4; lastKnownFileType = sourcecode.swift; path = ZatoshiStringRepresentationCommaTests.swift; sourceTree = "<group>"; };
		9EAB4675285B5C7C002904A0 /* DeeplinkTests.swift */ = {isa = PBXFileReference; lastKnownFileType = sourcecode.swift; path = DeeplinkTests.swift; sourceTree = "<group>"; };
		9EAFEB812805793200199FC9 /* RootTests.swift */ = {isa = PBXFileReference; lastKnownFileType = sourcecode.swift; path = RootTests.swift; sourceTree = "<group>"; };
		9EAFEB852805A23100199FC9 /* SecItemClientTests.swift */ = {isa = PBXFileReference; lastKnownFileType = sourcecode.swift; path = SecItemClientTests.swift; sourceTree = "<group>"; };
		9EB7D14A2A20C6BC00F35E03 /* modules */ = {isa = PBXFileReference; lastKnownFileType = wrapper; path = modules; sourceTree = "<group>"; };
		9EDDAF6C2BA2D71700A69A07 /* PrivacyInfo.xcprivacy */ = {isa = PBXFileReference; lastKnownFileType = text.xml; path = PrivacyInfo.xcprivacy; sourceTree = "<group>"; };
		9EEB06C52B344F1E00EEE50F /* SyncProgressTests.swift */ = {isa = PBXFileReference; lastKnownFileType = sourcecode.swift; path = SyncProgressTests.swift; sourceTree = "<group>"; };
		9EEB06C72B405A0400EEE50F /* AppDelegate.swift */ = {isa = PBXFileReference; lastKnownFileType = sourcecode.swift; path = AppDelegate.swift; sourceTree = "<group>"; };
		9EF8135A27ECC25E0075AF48 /* WalletStorageTests.swift */ = {isa = PBXFileReference; fileEncoding = 4; lastKnownFileType = sourcecode.swift; path = WalletStorageTests.swift; sourceTree = "<group>"; };
		9EF8135B27ECC25E0075AF48 /* UserPreferencesStorageTests.swift */ = {isa = PBXFileReference; fileEncoding = 4; lastKnownFileType = sourcecode.swift; path = UserPreferencesStorageTests.swift; sourceTree = "<group>"; };
/* End PBXFileReference section */

/* Begin PBXFrameworksBuildPhase section */
		0D26AF70299E8196005260EE /* Frameworks */ = {
			isa = PBXFrameworksBuildPhase;
			buildActionMask = 2147483647;
			files = (
				9EB35D6C2A3A2D9200A2149B /* Utils in Frameworks */,
				9EB35D632A31F1DD00A2149B /* Root in Frameworks */,
				0D26AF73299E8196005260EE /* ZcashLightClientKit in Frameworks */,
				0D26AF76299E8196005260EE /* ComposableArchitecture in Frameworks */,
				9E00319C2A272BB6003DFCEB /* SDKSynchronizer in Frameworks */,
				9E9075042A2681FF00269308 /* Generated in Frameworks */,
			);
			runOnlyForDeploymentPostprocessing = 0;
		};
		0D4E7A0226B364170058B01E /* Frameworks */ = {
			isa = PBXFrameworksBuildPhase;
			buildActionMask = 2147483647;
			files = (
				9EB35D6A2A3A2D7B00A2149B /* Utils in Frameworks */,
				9EB35D612A31F1D800A2149B /* Root in Frameworks */,
				9E0031A42A272BC7003DFCEB /* SDKSynchronizer in Frameworks */,
				9E9075022A2681F700269308 /* Generated in Frameworks */,
			);
			runOnlyForDeploymentPostprocessing = 0;
		};
		0D4E7A1326B364180058B01E /* Frameworks */ = {
			isa = PBXFrameworksBuildPhase;
			buildActionMask = 2147483647;
			files = (
			);
			runOnlyForDeploymentPostprocessing = 0;
		};
		0D4E7A1E26B364180058B01E /* Frameworks */ = {
			isa = PBXFrameworksBuildPhase;
			buildActionMask = 2147483647;
			files = (
			);
			runOnlyForDeploymentPostprocessing = 0;
		};
		9E4AB2A52BA1BEE900F5D6DB /* Frameworks */ = {
			isa = PBXFrameworksBuildPhase;
			buildActionMask = 2147483647;
			files = (
				9E4AB2A62BA1BEE900F5D6DB /* Utils in Frameworks */,
				9E4AB2A72BA1BEE900F5D6DB /* Root in Frameworks */,
				9E4AB2A82BA1BEE900F5D6DB /* ZcashLightClientKit in Frameworks */,
				9E4AB2A92BA1BEE900F5D6DB /* ComposableArchitecture in Frameworks */,
				9E4AB2AA2BA1BEE900F5D6DB /* SDKSynchronizer in Frameworks */,
				9E4AB2AB2BA1BEE900F5D6DB /* Generated in Frameworks */,
			);
			runOnlyForDeploymentPostprocessing = 0;
		};
/* End PBXFrameworksBuildPhase section */

/* Begin PBXGroup section */
		0D4E79FC26B364170058B01E = {
			isa = PBXGroup;
			children = (
				9E4A01762B0C9ABD005AFC7E /* CHANGELOG.md */,
				9EB7D14A2A20C6BC00F35E03 /* modules */,
				0D4E7A0726B364170058B01E /* secant */,
				0D4E7A1926B364180058B01E /* secantTests */,
				0D4E7A2426B364180058B01E /* secantUITests */,
				0D4E7A0626B364170058B01E /* Products */,
				343CF3F429BB5A14009E44DF /* Frameworks */,
			);
			sourceTree = "<group>";
		};
		0D4E7A0626B364170058B01E /* Products */ = {
			isa = PBXGroup;
			children = (
				0D4E7A0526B364170058B01E /* secant-testnet.app */,
				0D4E7A1626B364180058B01E /* secantTests.xctest */,
				0D4E7A2126B364180058B01E /* secantUITests.xctest */,
				0D26AF94299E8196005260EE /* secant-mainnet.app */,
				9E4AB2B72BA1BEE900F5D6DB /* secant-distrib.app */,
			);
			name = Products;
			sourceTree = "<group>";
		};
		0D4E7A0726B364170058B01E /* secant */ = {
			isa = PBXGroup;
			children = (
				9E7FE0B6282D1D9800C374E8 /* Resources */,
				9EEB06C72B405A0400EEE50F /* AppDelegate.swift */,
				0D4E7A0826B364170058B01E /* SecantApp.swift */,
				9E2F1C8B280ED6A7004E65FE /* LaunchScreen.storyboard */,
				0DEF4766299EA5920032708B /* secant-mainnet-Info.plist */,
				0D4E7A1126B364180058B01E /* secant-testnet-Info.plist */,
				9E4AB2B82BA1BEE900F5D6DB /* secant-distrib-Info.plist */,
				0D4E7A0E26B364180058B01E /* Preview Content */,
			);
			path = secant;
			sourceTree = "<group>";
		};
		0D4E7A0E26B364180058B01E /* Preview Content */ = {
			isa = PBXGroup;
			children = (
				0D4E7A0F26B364180058B01E /* Preview Assets.xcassets */,
			);
			path = "Preview Content";
			sourceTree = "<group>";
		};
		0D4E7A1926B364180058B01E /* secantTests */ = {
			isa = PBXGroup;
			children = (
				9E207C372966EF6E003E2C9B /* AddressDetailsTests */,
				0DFE93DD272C6D4B000FCCA5 /* BackupFlowTests */,
				9E94C61E28AA7DD5008256E9 /* BalanceBreakdownTests */,
				9EAB4674285B5C68002904A0 /* DeeplinkTests */,
				9E3911372848AD3A0073DD9A /* HomeTests */,
				9E391122283E4C970073DD9A /* ImportWalletTests */,
				0D4E7A1C26B364180058B01E /* Info.plist */,
				9E6713EF2897F80A00A6796F /* MultiLineTextFieldTests */,
				9E1FAFB82AF2C7DA0084CA3D /* PrivateDataConsentTests */,
				9E74CCCE29DC060B003D6E32 /* ReviewRequestTests */,
				9EAFEB802805791400199FC9 /* RootTests */,
				9E01F8262833CD84000EFC57 /* ScanTests */,
				9E5BF642281FEC8700BA3F17 /* SendTests */,
				9E612C7729913F2300D09B09 /* SensitiveDataTests */,
				9E66129C2889388C00C75B70 /* SettingsTests */,
				9E391162284E3ECF0073DD9A /* SnapshotTests */,
				9EEB06C42B344F0E00EEE50F /* SyncProgressTests */,
				9E4691982AD573420082D7DF /* TabsTests */,
				9E5BF63D281953F900BA3F17 /* TransactionListTests */,
				9EF8135927ECC25E0075AF48 /* UtilTests */,
				34F039B129ABCE8500CF0053 /* WalletConfigProviderTests */,
				9E139AAD2B07B39700D104B8 /* ZatoshiStringRepresentation */,
			);
			path = secantTests;
			sourceTree = "<group>";
		};
		0D4E7A2426B364180058B01E /* secantUITests */ = {
			isa = PBXGroup;
			children = (
				0D4E7A2526B364180058B01E /* secantUITests.swift */,
				0D4E7A2726B364180058B01E /* Info.plist */,
			);
			path = secantUITests;
			sourceTree = "<group>";
		};
		0DFE93DD272C6D4B000FCCA5 /* BackupFlowTests */ = {
			isa = PBXGroup;
			children = (
				0DFE93DE272C6D4B000FCCA5 /* RecoveryPhraseBackupTests.swift */,
			);
			path = BackupFlowTests;
			sourceTree = "<group>";
		};
		343CF3F429BB5A14009E44DF /* Frameworks */ = {
			isa = PBXGroup;
			children = (
			);
			name = Frameworks;
			sourceTree = "<group>";
		};
		346715A628E20FB30035F7C4 /* SendSnapshotTests */ = {
			isa = PBXGroup;
			children = (
				34429C6D28E703CD00F2B929 /* TransactionSendingSnapshotTests.swift */,
			);
			path = SendSnapshotTests;
			sourceTree = "<group>";
		};
		34F039B129ABCE8500CF0053 /* WalletConfigProviderTests */ = {
			isa = PBXGroup;
			children = (
				34F039B229ABCE8500CF0053 /* WalletConfigProviderTests.swift */,
			);
			path = WalletConfigProviderTests;
			sourceTree = "<group>";
		};
		9E01F8262833CD84000EFC57 /* ScanTests */ = {
			isa = PBXGroup;
			children = (
				9E01F8272833CDA0000EFC57 /* ScanTests.swift */,
			);
			path = ScanTests;
			sourceTree = "<group>";
		};
		9E139AAD2B07B39700D104B8 /* ZatoshiStringRepresentation */ = {
			isa = PBXGroup;
			children = (
				9EA7ED052B7A591C005979F4 /* ZatoshiStringRepresentationCommaTests.swift */,
				9E139AAE2B07B3A600D104B8 /* ZatoshiStringRepresentationTests.swift */,
			);
			path = ZatoshiStringRepresentation;
			sourceTree = "<group>";
		};
		9E1FAFB52AF2C6C10084CA3D /* PrivateDataConsentSnapshotTests */ = {
			isa = PBXGroup;
			children = (
				9E1FAFB62AF2C6D40084CA3D /* PrivateDataConsentSnapshotTests.swift */,
			);
			path = PrivateDataConsentSnapshotTests;
			sourceTree = "<group>";
		};
		9E1FAFB82AF2C7DA0084CA3D /* PrivateDataConsentTests */ = {
			isa = PBXGroup;
			children = (
				9E1FAFB92AF2C7F20084CA3D /* PrivateDataConsentTests.swift */,
			);
			path = PrivateDataConsentTests;
			sourceTree = "<group>";
		};
		9E207C342966EC60003E2C9B /* AddressDetailsSnapshotTests */ = {
			isa = PBXGroup;
			children = (
				9E207C352966EC77003E2C9B /* AddressDetailsSnapshotTests.swift */,
			);
			path = AddressDetailsSnapshotTests;
			sourceTree = "<group>";
		};
		9E207C372966EF6E003E2C9B /* AddressDetailsTests */ = {
			isa = PBXGroup;
			children = (
				9E207C382966EF87003E2C9B /* AddressDetailsTests.swift */,
			);
			path = AddressDetailsTests;
			sourceTree = "<group>";
		};
		9E391122283E4C970073DD9A /* ImportWalletTests */ = {
			isa = PBXGroup;
			children = (
				9E391123283E4CAC0073DD9A /* ImportWalletTests.swift */,
			);
			path = ImportWalletTests;
			sourceTree = "<group>";
		};
		9E3911372848AD3A0073DD9A /* HomeTests */ = {
			isa = PBXGroup;
			children = (
				9E3911382848AD500073DD9A /* HomeTests.swift */,
				341B30BA29B78D1000697081 /* HomeFeatureFlagTests.swift */,
			);
			path = HomeTests;
			sourceTree = "<group>";
		};
		9E391162284E3ECF0073DD9A /* SnapshotTests */ = {
			isa = PBXGroup;
			children = (
				9E1FAFB52AF2C6C10084CA3D /* PrivateDataConsentSnapshotTests */,
				9E4938D62ACE8E6C003C4C1D /* SecurityWarningSnapshotTests */,
				9E207C342966EC60003E2C9B /* AddressDetailsSnapshotTests */,
				9E94C62128AA7ECD008256E9 /* BalanceBreakdownSnapshotTests */,
				9E9ECC8B28589E150099D5A2 /* HomeSnapshotTests */,
				9E9ECC9328589E150099D5A2 /* ImportWalletSnapshotTests */,
				9E9ECC8F28589E150099D5A2 /* RecoveryPhraseDisplaySnapshotTests */,
				346715A628E20FB30035F7C4 /* SendSnapshotTests */,
				9E7225EF2889537E00DF7F17 /* SettingsSnapshotTests */,
				9E92AF0728530EBF007367AD /* View+UIImage.swift */,
				9E7CB6102869881300A02233 /* TransactionListSnapshotTests */,
				9E9ECC8D28589E150099D5A2 /* WelcomeSnapshotTests */,
			);
			path = SnapshotTests;
			sourceTree = "<group>";
		};
		9E4691982AD573420082D7DF /* TabsTests */ = {
			isa = PBXGroup;
			children = (
				9E4691992AD5735E0082D7DF /* TabsTests.swift */,
			);
			path = TabsTests;
			sourceTree = "<group>";
		};
		9E4938D62ACE8E6C003C4C1D /* SecurityWarningSnapshotTests */ = {
			isa = PBXGroup;
			children = (
				9E4938D72ACE8E8F003C4C1D /* SecurityWarningSnapshotTests.swift */,
			);
			path = SecurityWarningSnapshotTests;
			sourceTree = "<group>";
		};
		9E5BF63D281953F900BA3F17 /* TransactionListTests */ = {
			isa = PBXGroup;
			children = (
				9E5BF63E2819542C00BA3F17 /* TransactionListTests.swift */,
				9E0C0D6F2AFB842B00D69A16 /* TransactionStateTests.swift */,
			);
			path = TransactionListTests;
			sourceTree = "<group>";
		};
		9E5BF642281FEC8700BA3F17 /* SendTests */ = {
			isa = PBXGroup;
			children = (
				9E5BF643281FEC9900BA3F17 /* SendTests.swift */,
			);
			path = SendTests;
			sourceTree = "<group>";
		};
		9E612C7729913F2300D09B09 /* SensitiveDataTests */ = {
			isa = PBXGroup;
			children = (
				9E612C7829913F3600D09B09 /* SensitiveDataTests.swift */,
			);
			path = SensitiveDataTests;
			sourceTree = "<group>";
		};
		9E66129C2889388C00C75B70 /* SettingsTests */ = {
			isa = PBXGroup;
			children = (
				9E66129D288938A300C75B70 /* SettingsTests.swift */,
			);
			path = SettingsTests;
			sourceTree = "<group>";
		};
		9E6713EF2897F80A00A6796F /* MultiLineTextFieldTests */ = {
			isa = PBXGroup;
			children = (
				9E6713F02897F81B00A6796F /* MultiLineTextFieldTests.swift */,
			);
			path = MultiLineTextFieldTests;
			sourceTree = "<group>";
		};
		9E6C98482BF4C65F00EACDCB /* WhatsNew */ = {
			isa = PBXGroup;
			children = (
				9E6C98472BF4C65F00EACDCB /* whatsNew.json */,
			);
			path = WhatsNew;
			sourceTree = "<group>";
		};
		9E7225EF2889537E00DF7F17 /* SettingsSnapshotTests */ = {
			isa = PBXGroup;
			children = (
				9E7225F02889539300DF7F17 /* SettingsSnapshotTests.swift */,
			);
			path = SettingsSnapshotTests;
			sourceTree = "<group>";
		};
		9E74CCCE29DC060B003D6E32 /* ReviewRequestTests */ = {
			isa = PBXGroup;
			children = (
				9E74CCCF29DC0628003D6E32 /* ReviewRequestTests.swift */,
			);
			path = ReviewRequestTests;
			sourceTree = "<group>";
		};
		9E7CB6102869881300A02233 /* TransactionListSnapshotTests */ = {
			isa = PBXGroup;
			children = (
				9E7CB6112869882D00A02233 /* TransactionListSnapshotTests.swift */,
			);
			path = TransactionListSnapshotTests;
			sourceTree = "<group>";
		};
		9E7FE0B6282D1D9800C374E8 /* Resources */ = {
			isa = PBXGroup;
			children = (
				9E6C98482BF4C65F00EACDCB /* WhatsNew */,
				9E90751D2A269BE300269308 /* Assets.xcassets */,
				0D3B01EB298DAF89007EBCDA /* GoogleService-Info.plist */,
				9E5AAEBF2A67CEC4003F283D /* Colors.xcassets */,
				9E2706652AFF99F5000DA6EC /* ReadTransactionsStorageModel.xcdatamodeld */,
				9EDDAF6C2BA2D71700A69A07 /* PrivacyInfo.xcprivacy */,
				9E599F312C3EEEF3000E4997 /* PartnerKeys.plist */,
			);
			path = Resources;
			sourceTree = "<group>";
		};
		9E94C61E28AA7DD5008256E9 /* BalanceBreakdownTests */ = {
			isa = PBXGroup;
			children = (
				9E94C61F28AA7DEE008256E9 /* BalanceBreakdownTests.swift */,
			);
			path = BalanceBreakdownTests;
			sourceTree = "<group>";
		};
		9E94C62128AA7ECD008256E9 /* BalanceBreakdownSnapshotTests */ = {
			isa = PBXGroup;
			children = (
				9E94C62228AA7EE0008256E9 /* BalanceBreakdownSnapshotTests.swift */,
			);
			path = BalanceBreakdownSnapshotTests;
			sourceTree = "<group>";
		};
		9E9ECC8B28589E150099D5A2 /* HomeSnapshotTests */ = {
			isa = PBXGroup;
			children = (
				9E9ECC8C28589E150099D5A2 /* HomeSnapshotTests.swift */,
				3448CB3628E485CB006ADEDB /* NotEnoughFeeSpaceSnapshots.swift */,
			);
			path = HomeSnapshotTests;
			sourceTree = "<group>";
		};
		9E9ECC8D28589E150099D5A2 /* WelcomeSnapshotTests */ = {
			isa = PBXGroup;
			children = (
				9E9ECC8E28589E150099D5A2 /* WelcomeSnapshotTests.swift */,
			);
			path = WelcomeSnapshotTests;
			sourceTree = "<group>";
		};
		9E9ECC8F28589E150099D5A2 /* RecoveryPhraseDisplaySnapshotTests */ = {
			isa = PBXGroup;
			children = (
				9E9ECC9028589E150099D5A2 /* RecoveryPhraseDisplaySnapshotTests.swift */,
			);
			path = RecoveryPhraseDisplaySnapshotTests;
			sourceTree = "<group>";
		};
		9E9ECC9328589E150099D5A2 /* ImportWalletSnapshotTests */ = {
			isa = PBXGroup;
			children = (
				9E9ECC9428589E150099D5A2 /* ImportWalletSnapshotTests.swift */,
			);
			path = ImportWalletSnapshotTests;
			sourceTree = "<group>";
		};
		9EAB4674285B5C68002904A0 /* DeeplinkTests */ = {
			isa = PBXGroup;
			children = (
				9EAB4675285B5C7C002904A0 /* DeeplinkTests.swift */,
			);
			path = DeeplinkTests;
			sourceTree = "<group>";
		};
		9EAFEB802805791400199FC9 /* RootTests */ = {
			isa = PBXGroup;
			children = (
				9EAFEB812805793200199FC9 /* RootTests.swift */,
				9E391131284644580073DD9A /* AppInitializationTests.swift */,
				9E852D6429B0A86300CF4AC1 /* DebugTests.swift */,
				9E683E462B0377F0002E7B5D /* WalletNukeTests.swift */,
				9E5B8E732B46E04E00CA3616 /* RestoreWalletTests.swift */,
			);
			path = RootTests;
			sourceTree = "<group>";
		};
		9EEB06C42B344F0E00EEE50F /* SyncProgressTests */ = {
			isa = PBXGroup;
			children = (
				9EEB06C52B344F1E00EEE50F /* SyncProgressTests.swift */,
			);
			path = SyncProgressTests;
			sourceTree = "<group>";
		};
		9EF8135927ECC25E0075AF48 /* UtilTests */ = {
			isa = PBXGroup;
			children = (
				9E02B56B27FED475005B809B /* DatabaseFilesTests.swift */,
				9E0F574A2980260D005304FA /* LoggerTests.swift */,
				9EAFEB852805A23100199FC9 /* SecItemClientTests.swift */,
				9EF8135B27ECC25E0075AF48 /* UserPreferencesStorageTests.swift */,
				9EF8135A27ECC25E0075AF48 /* WalletStorageTests.swift */,
				9E39112D283F91600073DD9A /* ZatoshiTests.swift */,
			);
			path = UtilTests;
			sourceTree = "<group>";
		};
/* End PBXGroup section */

/* Begin PBXNativeTarget section */
		0D26AE88299E8196005260EE /* secant-mainnet */ = {
			isa = PBXNativeTarget;
			buildConfigurationList = 0D26AF91299E8196005260EE /* Build configuration list for PBXNativeTarget "secant-mainnet" */;
			buildPhases = (
				9E599F2F2C3EEE5A000E4997 /* Generate PartnerKeys.plist */,
				0D26AE97299E8196005260EE /* Generate GoogleService-Info.plist  */,
				34968BEE2ABDC6FA0027F495 /* Swiftgen */,
				0D26AE99299E8196005260EE /* SwiftLint */,
				0D26AE9A299E8196005260EE /* Sources */,
				0D26AF70299E8196005260EE /* Frameworks */,
				0D26AF78299E8196005260EE /* Resources */,
			);
			buildRules = (
			);
			dependencies = (
			);
			name = "secant-mainnet";
			packageProductDependencies = (
				0D26AE89299E8196005260EE /* ComposableArchitecture */,
				0D26AE91299E8196005260EE /* ZcashLightClientKit */,
				9E9075032A2681FF00269308 /* Generated */,
				9E00319B2A272BB6003DFCEB /* SDKSynchronizer */,
				9EB35D622A31F1DD00A2149B /* Root */,
				9EB35D6B2A3A2D9200A2149B /* Utils */,
			);
			productName = secant;
			productReference = 0D26AF94299E8196005260EE /* secant-mainnet.app */;
			productType = "com.apple.product-type.application";
		};
		0D4E7A0426B364170058B01E /* secant-testnet */ = {
			isa = PBXNativeTarget;
			buildConfigurationList = 0D4E7A2A26B364180058B01E /* Build configuration list for PBXNativeTarget "secant-testnet" */;
			buildPhases = (
				9E599F2E2C3EEE25000E4997 /* Generate PartnerKeys.plist */,
				0D3B01ED298DB0FE007EBCDA /* Generate GoogleService-Info.plist  */,
				34968BED2ABDC6310027F495 /* Swiftgen */,
				6696BA8726F0B1D200D5C875 /* SwiftLint */,
				0D4E7A0126B364170058B01E /* Sources */,
				0D4E7A0226B364170058B01E /* Frameworks */,
				0D4E7A0326B364170058B01E /* Resources */,
			);
			buildRules = (
			);
			dependencies = (
			);
			name = "secant-testnet";
			packageProductDependencies = (
				9E9075012A2681F700269308 /* Generated */,
				9E0031A32A272BC7003DFCEB /* SDKSynchronizer */,
				9EB35D602A31F1D800A2149B /* Root */,
				9EB35D692A3A2D7B00A2149B /* Utils */,
			);
			productName = secant;
			productReference = 0D4E7A0526B364170058B01E /* secant-testnet.app */;
			productType = "com.apple.product-type.application";
		};
		0D4E7A1526B364180058B01E /* secantTests */ = {
			isa = PBXNativeTarget;
			buildConfigurationList = 0D4E7A2D26B364180058B01E /* Build configuration list for PBXNativeTarget "secantTests" */;
			buildPhases = (
				0D4E7A1226B364180058B01E /* Sources */,
				0D4E7A1326B364180058B01E /* Frameworks */,
				0D4E7A1426B364180058B01E /* Resources */,
			);
			buildRules = (
			);
			dependencies = (
				0D4E7A1826B364180058B01E /* PBXTargetDependency */,
			);
			name = secantTests;
			packageProductDependencies = (
			);
			productName = secantTests;
			productReference = 0D4E7A1626B364180058B01E /* secantTests.xctest */;
			productType = "com.apple.product-type.bundle.unit-test";
		};
		0D4E7A2026B364180058B01E /* secantUITests */ = {
			isa = PBXNativeTarget;
			buildConfigurationList = 0D4E7A3026B364180058B01E /* Build configuration list for PBXNativeTarget "secantUITests" */;
			buildPhases = (
				0D4E7A1D26B364180058B01E /* Sources */,
				0D4E7A1E26B364180058B01E /* Frameworks */,
				0D4E7A1F26B364180058B01E /* Resources */,
			);
			buildRules = (
			);
			dependencies = (
				0D4E7A2326B364180058B01E /* PBXTargetDependency */,
			);
			name = secantUITests;
			productName = secantUITests;
			productReference = 0D4E7A2126B364180058B01E /* secantUITests.xctest */;
			productType = "com.apple.product-type.bundle.ui-testing";
		};
		9E4AB2952BA1BEE900F5D6DB /* secant-distrib */ = {
			isa = PBXNativeTarget;
			buildConfigurationList = 9E4AB2B42BA1BEE900F5D6DB /* Build configuration list for PBXNativeTarget "secant-distrib" */;
			buildPhases = (
				9E599F302C3EEE83000E4997 /* Generate PartnerKeys.plist */,
				9E4AB29E2BA1BEE900F5D6DB /* Generate GoogleService-Info.plist  */,
				9E4AB29F2BA1BEE900F5D6DB /* Swiftgen */,
				9E4AB2A02BA1BEE900F5D6DB /* SwiftLint */,
				9E4AB2A12BA1BEE900F5D6DB /* Sources */,
				9E4AB2A52BA1BEE900F5D6DB /* Frameworks */,
				9E4AB2AC2BA1BEE900F5D6DB /* Resources */,
				9E4AB2B92BA1BF1700F5D6DB /* dSYM upload */,
			);
			buildRules = (
			);
			dependencies = (
			);
			name = "secant-distrib";
			packageProductDependencies = (
				9E4AB2962BA1BEE900F5D6DB /* ComposableArchitecture */,
				9E4AB2982BA1BEE900F5D6DB /* ZcashLightClientKit */,
				9E4AB29A2BA1BEE900F5D6DB /* Generated */,
				9E4AB29B2BA1BEE900F5D6DB /* SDKSynchronizer */,
				9E4AB29C2BA1BEE900F5D6DB /* Root */,
				9E4AB29D2BA1BEE900F5D6DB /* Utils */,
			);
			productName = secant;
			productReference = 9E4AB2B72BA1BEE900F5D6DB /* secant-distrib.app */;
			productType = "com.apple.product-type.application";
		};
/* End PBXNativeTarget section */

/* Begin PBXProject section */
		0D4E79FD26B364170058B01E /* Project object */ = {
			isa = PBXProject;
			attributes = {
				BuildIndependentTargetsInParallel = YES;
				LastSwiftUpdateCheck = 1250;
				LastUpgradeCheck = 1520;
				TargetAttributes = {
					0D4E7A0426B364170058B01E = {
						CreatedOnToolsVersion = 12.5;
					};
					0D4E7A1526B364180058B01E = {
						CreatedOnToolsVersion = 12.5;
						TestTargetID = 0D4E7A0426B364170058B01E;
					};
					0D4E7A2026B364180058B01E = {
						CreatedOnToolsVersion = 12.5;
						TestTargetID = 0D4E7A0426B364170058B01E;
					};
				};
			};
			buildConfigurationList = 0D4E7A0026B364170058B01E /* Build configuration list for PBXProject "secant" */;
			compatibilityVersion = "Xcode 14.0";
			developmentRegion = en;
			hasScannedForEncodings = 0;
			knownRegions = (
				en,
				Base,
				es,
			);
			mainGroup = 0D4E79FC26B364170058B01E;
			packageReferences = (
			);
			productRefGroup = 0D4E7A0626B364170058B01E /* Products */;
			projectDirPath = "";
			projectRoot = "";
			targets = (
				0D4E7A0426B364170058B01E /* secant-testnet */,
				0D26AE88299E8196005260EE /* secant-mainnet */,
				0D4E7A1526B364180058B01E /* secantTests */,
				0D4E7A2026B364180058B01E /* secantUITests */,
				9E4AB2952BA1BEE900F5D6DB /* secant-distrib */,
			);
		};
/* End PBXProject section */

/* Begin PBXResourcesBuildPhase section */
		0D26AF78299E8196005260EE /* Resources */ = {
			isa = PBXResourcesBuildPhase;
			buildActionMask = 2147483647;
			files = (
				0D26AF84299E8196005260EE /* Preview Assets.xcassets in Resources */,
				0D26AF88299E8196005260EE /* LaunchScreen.storyboard in Resources */,
				9E90751F2A269BE300269308 /* Assets.xcassets in Resources */,
				9E599F332C3EEEF3000E4997 /* PartnerKeys.plist in Resources */,
				9E6C984A2BF4C65F00EACDCB /* whatsNew.json in Resources */,
				0D26AF8C299E8196005260EE /* GoogleService-Info.plist in Resources */,
				9EDDAF6E2BA2D71700A69A07 /* PrivacyInfo.xcprivacy in Resources */,
				9E5AAEC12A67CEC4003F283D /* Colors.xcassets in Resources */,
			);
			runOnlyForDeploymentPostprocessing = 0;
		};
		0D4E7A0326B364170058B01E /* Resources */ = {
			isa = PBXResourcesBuildPhase;
			buildActionMask = 2147483647;
			files = (
				0D4E7A1026B364180058B01E /* Preview Assets.xcassets in Resources */,
				9E2F1C8C280ED6A7004E65FE /* LaunchScreen.storyboard in Resources */,
				9E90751E2A269BE300269308 /* Assets.xcassets in Resources */,
				9E599F322C3EEEF3000E4997 /* PartnerKeys.plist in Resources */,
				9E6C98492BF4C65F00EACDCB /* whatsNew.json in Resources */,
				0D3B01EC298DAF89007EBCDA /* GoogleService-Info.plist in Resources */,
				9EDDAF6D2BA2D71700A69A07 /* PrivacyInfo.xcprivacy in Resources */,
				9E5AAEC02A67CEC4003F283D /* Colors.xcassets in Resources */,
			);
			runOnlyForDeploymentPostprocessing = 0;
		};
		0D4E7A1426B364180058B01E /* Resources */ = {
			isa = PBXResourcesBuildPhase;
			buildActionMask = 2147483647;
			files = (
			);
			runOnlyForDeploymentPostprocessing = 0;
		};
		0D4E7A1F26B364180058B01E /* Resources */ = {
			isa = PBXResourcesBuildPhase;
			buildActionMask = 2147483647;
			files = (
			);
			runOnlyForDeploymentPostprocessing = 0;
		};
		9E4AB2AC2BA1BEE900F5D6DB /* Resources */ = {
			isa = PBXResourcesBuildPhase;
			buildActionMask = 2147483647;
			files = (
				9E4AB2AF2BA1BEE900F5D6DB /* Preview Assets.xcassets in Resources */,
				9E4AB2B02BA1BEE900F5D6DB /* LaunchScreen.storyboard in Resources */,
				9E4AB2B12BA1BEE900F5D6DB /* Assets.xcassets in Resources */,
				9E599F342C3EEEF3000E4997 /* PartnerKeys.plist in Resources */,
				9E6C984B2BF4C65F00EACDCB /* whatsNew.json in Resources */,
				9E4AB2B22BA1BEE900F5D6DB /* GoogleService-Info.plist in Resources */,
				9EDDAF6F2BA2D71700A69A07 /* PrivacyInfo.xcprivacy in Resources */,
				9E4AB2B32BA1BEE900F5D6DB /* Colors.xcassets in Resources */,
			);
			runOnlyForDeploymentPostprocessing = 0;
		};
/* End PBXResourcesBuildPhase section */

/* Begin PBXShellScriptBuildPhase section */
		0D26AE97299E8196005260EE /* Generate GoogleService-Info.plist  */ = {
			isa = PBXShellScriptBuildPhase;
			alwaysOutOfDate = 1;
			buildActionMask = 2147483647;
			files = (
			);
			inputFileListPaths = (
			);
			inputPaths = (
			);
			name = "Generate GoogleService-Info.plist ";
			outputFileListPaths = (
			);
			outputPaths = (
				"$(DERIVED_FILE_DIR)/Resources/GoogleService-Info.plist",
				"$(SRCROOT)/secant/Resources/GoogleService-Info.plist",
			);
			runOnlyForDeploymentPostprocessing = 0;
			shellPath = /bin/zsh;
			shellScript = "# this creates an empty file for the firebase SDK\n\necho \"Creating an empty file for the firebase SDK\"\n\nCRASH_REPORTER_FILE=\"./secant/Resources/GoogleService-Info.plist\"\nif [[ -f $CRASH_REPORTER_FILE ]]; then\n    echo \"$CRASH_REPORTER_FILE Exists. Not doing anything.\"\nelse \n    echo \"$CRASH_REPORTER_FILE does not exist. Will insert a DUMMY FILE\"\n\n    echo \"PD94bWwgdmVyc2lvbj0iMS4wIiBlbmNvZGluZz0iVVRGLTgiPz4KPCFET0NUWVBFIHBsaXN0IFBVQkxJQyAiLS8vQXBwbGUvL0RURCBQTElTVCAxLjAvL0VOIiAiaHR0cDovL3d3dy5hcHBsZS5jb20vRFREcy9Qcm9wZXJ0eUxpc3QtMS4wLmR0ZCI+CjxwbGlzdCB2ZXJzaW9uPSIxLjAiPgo8ZGljdD4KICAgIDxrZXk+SVNfRFVNTVlfRklMRTwva2V5PgogICAgPHRydWU+PC90cnVlPgo8L2RpY3Q+CjwvcGxpc3Q+Cg==\" | base64 --decode > $CRASH_REPORTER_FILE\nfi\n";
		};
		0D26AE99299E8196005260EE /* SwiftLint */ = {
			isa = PBXShellScriptBuildPhase;
			alwaysOutOfDate = 1;
			buildActionMask = 2147483647;
			files = (
			);
			inputFileListPaths = (
			);
			inputPaths = (
			);
			name = SwiftLint;
			outputFileListPaths = (
			);
			outputPaths = (
			);
			runOnlyForDeploymentPostprocessing = 0;
			shellPath = /bin/zsh;
			shellScript = "swiftlint_version=0.50.3\n\nif which swiftlint >/dev/null; then\n  if [[ $(swiftlint version) != $swiftlint_version ]]; then\n    echo \"warning: Compatible SwiftLint version not installed, download version $swiftlint_version from https://github.com/realm/SwiftLint. Currently installed version is $(swiftlint version)\"\n  fi\n   \n  echo \"Linting the Secant code\"\n  swiftlint lint --config .swiftlint.yml\n  echo \"Linting tests\"\n  swiftlint lint --config .swiftlint_tests.yml\nelse\n  echo \"warning: SwiftLint not installed, download from https://github.com/realm/SwiftLint\"\nfi\n";
		};
		0D3B01ED298DB0FE007EBCDA /* Generate GoogleService-Info.plist  */ = {
			isa = PBXShellScriptBuildPhase;
			alwaysOutOfDate = 1;
			buildActionMask = 2147483647;
			files = (
			);
			inputFileListPaths = (
			);
			inputPaths = (
			);
			name = "Generate GoogleService-Info.plist ";
			outputFileListPaths = (
			);
			outputPaths = (
				"$(DERIVED_FILE_DIR)/Resources/GoogleService-Info.plist",
				"$(SRCROOT)/secant/Resources/GoogleService-Info.plist",
			);
			runOnlyForDeploymentPostprocessing = 0;
			shellPath = /bin/zsh;
			shellScript = "# this creates an empty file for the firebase SDK\n\necho \"Creating an empty file for the firebase SDK\"\n\nCRASH_REPORTER_FILE=\"./secant/Resources/GoogleService-Info.plist\"\nif [[ -f $CRASH_REPORTER_FILE ]]; then\n    echo \"$CRASH_REPORTER_FILE Exists. Not doing anything.\"\nelse \n    echo \"$CRASH_REPORTER_FILE does not exist. Will insert a DUMMY FILE\"\n\n    echo \"PD94bWwgdmVyc2lvbj0iMS4wIiBlbmNvZGluZz0iVVRGLTgiPz4KPCFET0NUWVBFIHBsaXN0IFBVQkxJQyAiLS8vQXBwbGUvL0RURCBQTElTVCAxLjAvL0VOIiAiaHR0cDovL3d3dy5hcHBsZS5jb20vRFREcy9Qcm9wZXJ0eUxpc3QtMS4wLmR0ZCI+CjxwbGlzdCB2ZXJzaW9uPSIxLjAiPgo8ZGljdD4KICAgIDxrZXk+SVNfRFVNTVlfRklMRTwva2V5PgogICAgPHRydWU+PC90cnVlPgo8L2RpY3Q+CjwvcGxpc3Q+Cg==\" | base64 --decode > $CRASH_REPORTER_FILE\nfi\n";
		};
		34968BED2ABDC6310027F495 /* Swiftgen */ = {
			isa = PBXShellScriptBuildPhase;
			alwaysOutOfDate = 1;
			buildActionMask = 2147483647;
			files = (
			);
			inputFileListPaths = (
			);
			inputPaths = (
			);
			name = Swiftgen;
			outputFileListPaths = (
			);
			outputPaths = (
			);
			runOnlyForDeploymentPostprocessing = 0;
			shellPath = /bin/zsh;
			shellScript = "swiftgen_version=\"SwiftGen v6.6.2 (Stencil v0.15.1, StencilSwiftKit v2.10.1, SwiftGenKit v6.6.2)\"\n\nif which swiftgen >/dev/null; then\n  if [[ $(swiftgen --version) != $swiftgen_version ]]; then\n    echo \"warning: Compatible SwiftGen version not installed, download version $swiftgen_version. Currently installed version is $(swiftgen --version)\"\n  fi\n  \n  echo \"Running swiftgen\" \n  swiftgen config run --config modules/swiftgen.yml\nelse\n  echo \"warning: swiftgen not installed\"\nfi\n";
		};
		34968BEE2ABDC6FA0027F495 /* Swiftgen */ = {
			isa = PBXShellScriptBuildPhase;
			alwaysOutOfDate = 1;
			buildActionMask = 2147483647;
			files = (
			);
			inputFileListPaths = (
			);
			inputPaths = (
			);
			name = Swiftgen;
			outputFileListPaths = (
			);
			outputPaths = (
			);
			runOnlyForDeploymentPostprocessing = 0;
			shellPath = /bin/zsh;
			shellScript = "swiftgen_version=\"SwiftGen v6.6.2 (Stencil v0.15.1, StencilSwiftKit v2.10.1, SwiftGenKit v6.6.2)\"\n\nif which swiftgen >/dev/null; then\n  if [[ $(swiftgen --version) != $swiftgen_version ]]; then\n    echo \"warning: Compatible SwiftGen version not installed, download version $swiftgen_version. Currently installed version is $(swiftgen --version)\"\n  fi\n  \n  echo \"Running swiftgen\" \n  swiftgen config run --config modules/swiftgen.yml\nelse\n  echo \"warning: swiftgen not installed\"\nfi\n";
		};
		6696BA8726F0B1D200D5C875 /* SwiftLint */ = {
			isa = PBXShellScriptBuildPhase;
			alwaysOutOfDate = 1;
			buildActionMask = 2147483647;
			files = (
			);
			inputFileListPaths = (
			);
			inputPaths = (
			);
			name = SwiftLint;
			outputFileListPaths = (
			);
			outputPaths = (
			);
			runOnlyForDeploymentPostprocessing = 0;
			shellPath = /bin/zsh;
			shellScript = "swiftlint_version=0.50.3\n\nif which swiftlint >/dev/null; then\n  if [[ $(swiftlint version) != $swiftlint_version ]]; then\n    echo \"warning: Compatible SwiftLint version not installed, download version $swiftlint_version from https://github.com/realm/SwiftLint. Currently installed version is $(swiftlint version)\"\n  fi\n   \n  echo \"Linting the Secant code\"\n  swiftlint lint --config .swiftlint.yml\n  echo \"Linting tests\"\n  swiftlint lint --config .swiftlint_tests.yml\nelse\n  echo \"warning: SwiftLint not installed, download from https://github.com/realm/SwiftLint\"\nfi\n";
		};
		9E4AB29E2BA1BEE900F5D6DB /* Generate GoogleService-Info.plist  */ = {
			isa = PBXShellScriptBuildPhase;
			alwaysOutOfDate = 1;
			buildActionMask = 2147483647;
			files = (
			);
			inputFileListPaths = (
			);
			inputPaths = (
			);
			name = "Generate GoogleService-Info.plist ";
			outputFileListPaths = (
			);
			outputPaths = (
				"$(DERIVED_FILE_DIR)/Resources/GoogleService-Info.plist",
				"$(SRCROOT)/secant/Resources/GoogleService-Info.plist",
			);
			runOnlyForDeploymentPostprocessing = 0;
			shellPath = /bin/zsh;
			shellScript = "# this creates an empty file for the firebase SDK\n\necho \"Creating an empty file for the firebase SDK\"\n\nCRASH_REPORTER_FILE=\"./secant/Resources/GoogleService-Info.plist\"\nif [[ -f $CRASH_REPORTER_FILE ]]; then\n    echo \"$CRASH_REPORTER_FILE Exists. Not doing anything.\"\nelse \n    echo \"$CRASH_REPORTER_FILE does not exist. Will insert a DUMMY FILE\"\n\n    echo \"PD94bWwgdmVyc2lvbj0iMS4wIiBlbmNvZGluZz0iVVRGLTgiPz4KPCFET0NUWVBFIHBsaXN0IFBVQkxJQyAiLS8vQXBwbGUvL0RURCBQTElTVCAxLjAvL0VOIiAiaHR0cDovL3d3dy5hcHBsZS5jb20vRFREcy9Qcm9wZXJ0eUxpc3QtMS4wLmR0ZCI+CjxwbGlzdCB2ZXJzaW9uPSIxLjAiPgo8ZGljdD4KICAgIDxrZXk+SVNfRFVNTVlfRklMRTwva2V5PgogICAgPHRydWU+PC90cnVlPgo8L2RpY3Q+CjwvcGxpc3Q+Cg==\" | base64 --decode > $CRASH_REPORTER_FILE\nfi\n";
		};
		9E4AB29F2BA1BEE900F5D6DB /* Swiftgen */ = {
			isa = PBXShellScriptBuildPhase;
			alwaysOutOfDate = 1;
			buildActionMask = 2147483647;
			files = (
			);
			inputFileListPaths = (
			);
			inputPaths = (
			);
			name = Swiftgen;
			outputFileListPaths = (
			);
			outputPaths = (
			);
			runOnlyForDeploymentPostprocessing = 0;
			shellPath = /bin/zsh;
			shellScript = "swiftgen_version=\"SwiftGen v6.6.2 (Stencil v0.15.1, StencilSwiftKit v2.10.1, SwiftGenKit v6.6.2)\"\n\nif which swiftgen >/dev/null; then\n  if [[ $(swiftgen --version) != $swiftgen_version ]]; then\n    echo \"warning: Compatible SwiftGen version not installed, download version $swiftgen_version. Currently installed version is $(swiftgen --version)\"\n  fi\n  \n  echo \"Running swiftgen\" \n  swiftgen config run --config modules/swiftgen.yml\nelse\n  echo \"warning: swiftgen not installed\"\nfi\n";
		};
		9E4AB2A02BA1BEE900F5D6DB /* SwiftLint */ = {
			isa = PBXShellScriptBuildPhase;
			alwaysOutOfDate = 1;
			buildActionMask = 2147483647;
			files = (
			);
			inputFileListPaths = (
			);
			inputPaths = (
			);
			name = SwiftLint;
			outputFileListPaths = (
			);
			outputPaths = (
			);
			runOnlyForDeploymentPostprocessing = 0;
			shellPath = /bin/zsh;
			shellScript = "swiftlint_version=0.50.3\n\nif which swiftlint >/dev/null; then\n  if [[ $(swiftlint version) != $swiftlint_version ]]; then\n    echo \"warning: Compatible SwiftLint version not installed, download version $swiftlint_version from https://github.com/realm/SwiftLint. Currently installed version is $(swiftlint version)\"\n  fi\n   \n  echo \"Linting the Secant code\"\n  swiftlint lint --config .swiftlint.yml\n  echo \"Linting tests\"\n  swiftlint lint --config .swiftlint_tests.yml\nelse\n  echo \"warning: SwiftLint not installed, download from https://github.com/realm/SwiftLint\"\nfi\n";
		};
		9E4AB2B92BA1BF1700F5D6DB /* dSYM upload */ = {
			isa = PBXShellScriptBuildPhase;
			buildActionMask = 2147483647;
			files = (
			);
			inputFileListPaths = (
			);
			inputPaths = (
				"${DWARF_DSYM_FOLDER_PATH}/${DWARF_DSYM_FILE_NAME}",
				"${DWARF_DSYM_FOLDER_PATH}/${DWARF_DSYM_FILE_NAME}/Contents/Resources/DWARF/${PRODUCT_NAME}",
				"${DWARF_DSYM_FOLDER_PATH}/${DWARF_DSYM_FILE_NAME}/Contents/Info.plist",
				"$(TARGET_BUILD_DIR)/$(UNLOCALIZED_RESOURCES_FOLDER_PATH)/GoogleService-Info.plist",
				"$(TARGET_BUILD_DIR)/$(EXECUTABLE_PATH)",
			);
			name = "dSYM upload";
			outputFileListPaths = (
			);
			outputPaths = (
			);
			runOnlyForDeploymentPostprocessing = 0;
			shellPath = /bin/zsh;
			shellScript = "\"${BUILD_DIR%/Build/*}/SourcePackages/checkouts/firebase-ios-sdk/Crashlytics/run\"\n";
		};
		9E599F2E2C3EEE25000E4997 /* Generate PartnerKeys.plist */ = {
			isa = PBXShellScriptBuildPhase;
			alwaysOutOfDate = 1;
			buildActionMask = 2147483647;
			files = (
			);
			inputFileListPaths = (
			);
			inputPaths = (
			);
			name = "Generate PartnerKeys.plist";
			outputFileListPaths = (
			);
			outputPaths = (
				"$(DERIVED_FILE_DIR)/Resources/PartnerKeys.plist",
				"$(SRCROOT)/secant/Resources/PartnerKeys.plist",
			);
			runOnlyForDeploymentPostprocessing = 0;
			shellPath = /bin/zsh;
			shellScript = "echo \"Creating an empty file for PartnerKeys\"\n\nPK_FILE=\"./secant/Resources/PartnerKeys.plist\"\nif [[ -f $PK_FILE ]]; then\n    echo \"$PK_FILE Exists. Not doing anything.\"\nelse \n    echo \"$PK_FILE does not exist. Will insert a DUMMY FILE\"\n\n    echo \"PD94bWwgdmVyc2lvbj0iMS4wIiBlbmNvZGluZz0iVVRGLTgiPz4KPCFET0NUWVBFIHBsaXN0IFBVQkxJQyAiLS8vQXBwbGUvL0RURCBQTElTVCAxLjAvL0VOIiAiaHR0cDovL3d3dy5hcHBsZS5jb20vRFREcy9Qcm9wZXJ0eUxpc3QtMS4wLmR0ZCI+CjxwbGlzdCB2ZXJzaW9uPSIxLjAiPgo8ZGljdC8+CjwvcGxpc3Q+\" | base64 --decode > $PK_FILE\nfi\n";
		};
		9E599F2F2C3EEE5A000E4997 /* Generate PartnerKeys.plist */ = {
			isa = PBXShellScriptBuildPhase;
			alwaysOutOfDate = 1;
			buildActionMask = 2147483647;
			files = (
			);
			inputFileListPaths = (
			);
			inputPaths = (
			);
			name = "Generate PartnerKeys.plist";
			outputFileListPaths = (
			);
			outputPaths = (
				"$(DERIVED_FILE_DIR)/Resources/PartnerKeys.plist",
				"$(SRCROOT)/secant/Resources/PartnerKeys.plist",
			);
			runOnlyForDeploymentPostprocessing = 0;
			shellPath = /bin/zsh;
			shellScript = "echo \"Creating an empty file for PartnerKeys\"\n\nPK_FILE=\"./secant/Resources/PartnerKeys.plist\"\nif [[ -f $PK_FILE ]]; then\n    echo \"$PK_FILE Exists. Not doing anything.\"\nelse \n    echo \"$PK_FILE does not exist. Will insert a DUMMY FILE\"\n\n    echo \"PD94bWwgdmVyc2lvbj0iMS4wIiBlbmNvZGluZz0iVVRGLTgiPz4KPCFET0NUWVBFIHBsaXN0IFBVQkxJQyAiLS8vQXBwbGUvL0RURCBQTElTVCAxLjAvL0VOIiAiaHR0cDovL3d3dy5hcHBsZS5jb20vRFREcy9Qcm9wZXJ0eUxpc3QtMS4wLmR0ZCI+CjxwbGlzdCB2ZXJzaW9uPSIxLjAiPgo8ZGljdC8+CjwvcGxpc3Q+\" | base64 --decode > $PK_FILE\nfi\n";
		};
		9E599F302C3EEE83000E4997 /* Generate PartnerKeys.plist */ = {
			isa = PBXShellScriptBuildPhase;
			alwaysOutOfDate = 1;
			buildActionMask = 2147483647;
			files = (
			);
			inputFileListPaths = (
			);
			inputPaths = (
			);
			name = "Generate PartnerKeys.plist";
			outputFileListPaths = (
			);
			outputPaths = (
				"$(DERIVED_FILE_DIR)/Resources/PartnerKeys.plist",
				"$(SRCROOT)/secant/Resources/PartnerKeys.plist",
			);
			runOnlyForDeploymentPostprocessing = 0;
			shellPath = /bin/zsh;
			shellScript = "echo \"Creating an empty file for PartnerKeys\"\n\nPK_FILE=\"./secant/Resources/PartnerKeys.plist\"\nif [[ -f $PK_FILE ]]; then\n    echo \"$PK_FILE Exists. Not doing anything.\"\nelse \n    echo \"$PK_FILE does not exist. Will insert a DUMMY FILE\"\n\n    echo \"PD94bWwgdmVyc2lvbj0iMS4wIiBlbmNvZGluZz0iVVRGLTgiPz4KPCFET0NUWVBFIHBsaXN0IFBVQkxJQyAiLS8vQXBwbGUvL0RURCBQTElTVCAxLjAvL0VOIiAiaHR0cDovL3d3dy5hcHBsZS5jb20vRFREcy9Qcm9wZXJ0eUxpc3QtMS4wLmR0ZCI+CjxwbGlzdCB2ZXJzaW9uPSIxLjAiPgo8ZGljdC8+CjwvcGxpc3Q+\" | base64 --decode > $PK_FILE\nfi\n";
		};
/* End PBXShellScriptBuildPhase section */

/* Begin PBXSourcesBuildPhase section */
		0D26AE9A299E8196005260EE /* Sources */ = {
			isa = PBXSourcesBuildPhase;
			buildActionMask = 2147483647;
			files = (
				9EEB06C92B405A0400EEE50F /* AppDelegate.swift in Sources */,
				0D26AF24299E8196005260EE /* SecantApp.swift in Sources */,
				9E2706682AFF99F5000DA6EC /* ReadTransactionsStorageModel.xcdatamodeld in Sources */,
			);
			runOnlyForDeploymentPostprocessing = 0;
		};
		0D4E7A0126B364170058B01E /* Sources */ = {
			isa = PBXSourcesBuildPhase;
			buildActionMask = 2147483647;
			files = (
				9EEB06C82B405A0400EEE50F /* AppDelegate.swift in Sources */,
				0D4E7A0926B364170058B01E /* SecantApp.swift in Sources */,
				9E2706672AFF99F5000DA6EC /* ReadTransactionsStorageModel.xcdatamodeld in Sources */,
			);
			runOnlyForDeploymentPostprocessing = 0;
		};
		0D4E7A1226B364180058B01E /* Sources */ = {
			isa = PBXSourcesBuildPhase;
			buildActionMask = 2147483647;
			files = (
				9E139AAF2B07B3A600D104B8 /* ZatoshiStringRepresentationTests.swift in Sources */,
				9E3451B529C8565500177D16 /* LoggerTests.swift in Sources */,
				9E3451C229C857DB00177D16 /* TransactionSendingSnapshotTests.swift in Sources */,
				9E34519E29C849B400177D16 /* WalletConfigProviderTests.swift in Sources */,
				9E3451C029C857D400177D16 /* RecoveryPhraseDisplaySnapshotTests.swift in Sources */,
				9E3451B629C8565500177D16 /* ZatoshiTests.swift in Sources */,
				9E3451B829C856E700177D16 /* TransactionListTests.swift in Sources */,
				9E34519529C4A4BF00177D16 /* AddressDetailsTests.swift in Sources */,
				9E3451B929C857C000177D16 /* AddressDetailsSnapshotTests.swift in Sources */,
				9E34519B29C4A90700177D16 /* DeeplinkTests.swift in Sources */,
				9E3451BD29C857CC00177D16 /* ImportWalletSnapshotTests.swift in Sources */,
				9E3451B429C8565500177D16 /* WalletStorageTests.swift in Sources */,
				9E4938D82ACE8E8F003C4C1D /* SecurityWarningSnapshotTests.swift in Sources */,
				9E3451C429C857DF00177D16 /* View+UIImage.swift in Sources */,
				9E34519729C4A51100177D16 /* RecoveryPhraseBackupTests.swift in Sources */,
				9E0C0D702AFB842B00D69A16 /* TransactionStateTests.swift in Sources */,
				9E5B8E742B46E04E00CA3616 /* RestoreWalletTests.swift in Sources */,
				9E683E472B0377F0002E7B5D /* WalletNukeTests.swift in Sources */,
				9E3451BC29C857C800177D16 /* NotEnoughFeeSpaceSnapshots.swift in Sources */,
				9E3451B229C8565500177D16 /* SecItemClientTests.swift in Sources */,
				9E3451C629C857E700177D16 /* WelcomeSnapshotTests.swift in Sources */,
				9E3451C529C857E400177D16 /* TransactionListSnapshotTests.swift in Sources */,
				9EEB06C62B344F1E00EEE50F /* SyncProgressTests.swift in Sources */,
				9E34519C29C4A91A00177D16 /* HomeTests.swift in Sources */,
				9E1FAFB72AF2C6D40084CA3D /* PrivateDataConsentSnapshotTests.swift in Sources */,
				9E3451BB29C857C800177D16 /* HomeSnapshotTests.swift in Sources */,
				9E3451AF29C855B200177D16 /* SensitiveDataTests.swift in Sources */,
				9E3451A729C84E9900177D16 /* AppInitializationTests.swift in Sources */,
				9E3451B029C855E600177D16 /* SettingsTests.swift in Sources */,
				9E34519F29C849D300177D16 /* ImportWalletTests.swift in Sources */,
				9E74CCD029DC0628003D6E32 /* ReviewRequestTests.swift in Sources */,
				9E3451A029C84A2D00177D16 /* MultiLineTextFieldTests.swift in Sources */,
				9E3451B729C8565500177D16 /* DatabaseFilesTests.swift in Sources */,
				9E3451B129C8565500177D16 /* UserPreferencesStorageTests.swift in Sources */,
				9E3451BA29C857C500177D16 /* BalanceBreakdownSnapshotTests.swift in Sources */,
				9E3451A629C84B6600177D16 /* RootTests.swift in Sources */,
				9E3451AE29C84F2800177D16 /* SendTests.swift in Sources */,
				9EA7ED062B7A591C005979F4 /* ZatoshiStringRepresentationCommaTests.swift in Sources */,
				9E34519A29C4A52F00177D16 /* BalanceBreakdownTests.swift in Sources */,
				9E46919A2AD5735E0082D7DF /* TabsTests.swift in Sources */,
				9E1FAFBA2AF2C7F20084CA3D /* PrivateDataConsentTests.swift in Sources */,
				9E3451C329C857DD00177D16 /* SettingsSnapshotTests.swift in Sources */,
				9E34519D29C8484D00177D16 /* HomeFeatureFlagTests.swift in Sources */,
				9E3451A929C84EC000177D16 /* ScanTests.swift in Sources */,
				9E3451A829C84EAF00177D16 /* DebugTests.swift in Sources */,
			);
			runOnlyForDeploymentPostprocessing = 0;
		};
		0D4E7A1D26B364180058B01E /* Sources */ = {
			isa = PBXSourcesBuildPhase;
			buildActionMask = 2147483647;
			files = (
				9E34519629C4A4D800177D16 /* secantUITests.swift in Sources */,
			);
			runOnlyForDeploymentPostprocessing = 0;
		};
		9E4AB2A12BA1BEE900F5D6DB /* Sources */ = {
			isa = PBXSourcesBuildPhase;
			buildActionMask = 2147483647;
			files = (
				9E4AB2A22BA1BEE900F5D6DB /* AppDelegate.swift in Sources */,
				9E4AB2A32BA1BEE900F5D6DB /* SecantApp.swift in Sources */,
				9E4AB2A42BA1BEE900F5D6DB /* ReadTransactionsStorageModel.xcdatamodeld in Sources */,
			);
			runOnlyForDeploymentPostprocessing = 0;
		};
/* End PBXSourcesBuildPhase section */

/* Begin PBXTargetDependency section */
		0D4E7A1826B364180058B01E /* PBXTargetDependency */ = {
			isa = PBXTargetDependency;
			target = 0D4E7A0426B364170058B01E /* secant-testnet */;
			targetProxy = 0D4E7A1726B364180058B01E /* PBXContainerItemProxy */;
		};
		0D4E7A2326B364180058B01E /* PBXTargetDependency */ = {
			isa = PBXTargetDependency;
			target = 0D4E7A0426B364170058B01E /* secant-testnet */;
			targetProxy = 0D4E7A2226B364180058B01E /* PBXContainerItemProxy */;
		};
/* End PBXTargetDependency section */

/* Begin XCBuildConfiguration section */
		0D26AF92299E8196005260EE /* Debug */ = {
			isa = XCBuildConfiguration;
			buildSettings = {
				ASSETCATALOG_COMPILER_APPICON_NAME = AppIcon;
				ASSETCATALOG_COMPILER_GLOBAL_ACCENT_COLOR_NAME = AccentColor;
				CODE_SIGN_STYLE = Automatic;
				CURRENT_PROJECT_VERSION = 3;
				DEBUG_INFORMATION_FORMAT = "dwarf-with-dsym";
				DEVELOPMENT_ASSET_PATHS = "\"secant/Preview Content\"";
				DEVELOPMENT_TEAM = RLPRR8CPQG;
				ENABLE_BITCODE = NO;
				ENABLE_PREVIEWS = YES;
				ENABLE_USER_SCRIPT_SANDBOXING = NO;
				INFOPLIST_FILE = "secant/secant-mainnet-Info.plist";
				IPHONEOS_DEPLOYMENT_TARGET = 15.0;
				LD_RUNPATH_SEARCH_PATHS = (
					"$(inherited)",
					"@executable_path/Frameworks",
				);
				MARKETING_VERSION = 1.2;
				OTHER_SWIFT_FLAGS = "";
				PRODUCT_BUNDLE_IDENTIFIER = "co.electriccoin.secant-mainnet";
				PRODUCT_NAME = "$(TARGET_NAME)";
				SWIFT_ACTIVE_COMPILATION_CONDITIONS = "DEBUG UNREDACTED SECANT_MAINNET";
				SWIFT_VERSION = 5.0;
				TARGETED_DEVICE_FAMILY = 1;
				UPLOAD_CRASHLYTICS_SYMBOLS = NO;
			};
			name = Debug;
		};
		0D26AF93299E8196005260EE /* Release-Testflight */ = {
			isa = XCBuildConfiguration;
			buildSettings = {
				ASSETCATALOG_COMPILER_APPICON_NAME = AppIcon;
				ASSETCATALOG_COMPILER_GLOBAL_ACCENT_COLOR_NAME = AccentColor;
				CODE_SIGN_STYLE = Automatic;
				CURRENT_PROJECT_VERSION = 3;
				DEVELOPMENT_ASSET_PATHS = "\"secant/Preview Content\"";
				DEVELOPMENT_TEAM = RLPRR8CPQG;
				ENABLE_BITCODE = NO;
				ENABLE_PREVIEWS = YES;
				ENABLE_USER_SCRIPT_SANDBOXING = NO;
				INFOPLIST_FILE = "secant/secant-mainnet-Info.plist";
				IPHONEOS_DEPLOYMENT_TARGET = 15.0;
				LD_RUNPATH_SEARCH_PATHS = (
					"$(inherited)",
					"@executable_path/Frameworks",
				);
				MARKETING_VERSION = 1.2;
				OTHER_SWIFT_FLAGS = "";
				PRODUCT_BUNDLE_IDENTIFIER = "co.electriccoin.secant-mainnet";
				PRODUCT_NAME = "$(TARGET_NAME)";
				SWIFT_ACTIVE_COMPILATION_CONDITIONS = SECANT_MAINNET;
				SWIFT_VERSION = 5.0;
				TARGETED_DEVICE_FAMILY = 1;
				UPLOAD_CRASHLYTICS_SYMBOLS = YES;
			};
			name = "Release-Testflight";
		};
		0D4E7A2826B364180058B01E /* Debug */ = {
			isa = XCBuildConfiguration;
			buildSettings = {
				ALWAYS_SEARCH_USER_PATHS = NO;
				CLANG_ANALYZER_NONNULL = YES;
				CLANG_ANALYZER_NUMBER_OBJECT_CONVERSION = YES_AGGRESSIVE;
				CLANG_CXX_LANGUAGE_STANDARD = "gnu++14";
				CLANG_CXX_LIBRARY = "libc++";
				CLANG_ENABLE_MODULES = YES;
				CLANG_ENABLE_OBJC_ARC = YES;
				CLANG_ENABLE_OBJC_WEAK = YES;
				CLANG_WARN_BLOCK_CAPTURE_AUTORELEASING = YES;
				CLANG_WARN_BOOL_CONVERSION = YES;
				CLANG_WARN_COMMA = YES;
				CLANG_WARN_CONSTANT_CONVERSION = YES;
				CLANG_WARN_DEPRECATED_OBJC_IMPLEMENTATIONS = YES;
				CLANG_WARN_DIRECT_OBJC_ISA_USAGE = YES_ERROR;
				CLANG_WARN_DOCUMENTATION_COMMENTS = YES;
				CLANG_WARN_EMPTY_BODY = YES;
				CLANG_WARN_ENUM_CONVERSION = YES;
				CLANG_WARN_INFINITE_RECURSION = YES;
				CLANG_WARN_INT_CONVERSION = YES;
				CLANG_WARN_NON_LITERAL_NULL_CONVERSION = YES;
				CLANG_WARN_OBJC_IMPLICIT_RETAIN_SELF = YES;
				CLANG_WARN_OBJC_LITERAL_CONVERSION = YES;
				CLANG_WARN_OBJC_ROOT_CLASS = YES_ERROR;
				CLANG_WARN_QUOTED_INCLUDE_IN_FRAMEWORK_HEADER = YES;
				CLANG_WARN_RANGE_LOOP_ANALYSIS = YES;
				CLANG_WARN_STRICT_PROTOTYPES = YES;
				CLANG_WARN_SUSPICIOUS_MOVE = YES;
				CLANG_WARN_UNGUARDED_AVAILABILITY = YES_AGGRESSIVE;
				CLANG_WARN_UNREACHABLE_CODE = YES;
				CLANG_WARN__DUPLICATE_METHOD_MATCH = YES;
				COPY_PHASE_STRIP = NO;
				DEBUG_INFORMATION_FORMAT = dwarf;
				ENABLE_BITCODE = NO;
				ENABLE_STRICT_OBJC_MSGSEND = YES;
				ENABLE_TESTABILITY = YES;
				ENABLE_USER_SCRIPT_SANDBOXING = YES;
				GCC_C_LANGUAGE_STANDARD = gnu11;
				GCC_DYNAMIC_NO_PIC = NO;
				GCC_NO_COMMON_BLOCKS = YES;
				GCC_OPTIMIZATION_LEVEL = 0;
				GCC_PREPROCESSOR_DEFINITIONS = (
					"DEBUG=1",
					"$(inherited)",
				);
				GCC_WARN_64_TO_32_BIT_CONVERSION = YES;
				GCC_WARN_ABOUT_RETURN_TYPE = YES_ERROR;
				GCC_WARN_UNDECLARED_SELECTOR = YES;
				GCC_WARN_UNINITIALIZED_AUTOS = YES_AGGRESSIVE;
				GCC_WARN_UNUSED_FUNCTION = YES;
				GCC_WARN_UNUSED_VARIABLE = YES;
				IPHONEOS_DEPLOYMENT_TARGET = 14.5;
				MTL_ENABLE_DEBUG_INFO = INCLUDE_SOURCE;
				MTL_FAST_MATH = YES;
				ONLY_ACTIVE_ARCH = YES;
				SDKROOT = iphoneos;
				SWIFT_ACTIVE_COMPILATION_CONDITIONS = DEBUG;
				SWIFT_OPTIMIZATION_LEVEL = "-Onone";
			};
			name = Debug;
		};
		0D4E7A2926B364180058B01E /* Release-Testflight */ = {
			isa = XCBuildConfiguration;
			buildSettings = {
				ALWAYS_SEARCH_USER_PATHS = NO;
				CLANG_ANALYZER_NONNULL = YES;
				CLANG_ANALYZER_NUMBER_OBJECT_CONVERSION = YES_AGGRESSIVE;
				CLANG_CXX_LANGUAGE_STANDARD = "gnu++14";
				CLANG_CXX_LIBRARY = "libc++";
				CLANG_ENABLE_MODULES = YES;
				CLANG_ENABLE_OBJC_ARC = YES;
				CLANG_ENABLE_OBJC_WEAK = YES;
				CLANG_WARN_BLOCK_CAPTURE_AUTORELEASING = YES;
				CLANG_WARN_BOOL_CONVERSION = YES;
				CLANG_WARN_COMMA = YES;
				CLANG_WARN_CONSTANT_CONVERSION = YES;
				CLANG_WARN_DEPRECATED_OBJC_IMPLEMENTATIONS = YES;
				CLANG_WARN_DIRECT_OBJC_ISA_USAGE = YES_ERROR;
				CLANG_WARN_DOCUMENTATION_COMMENTS = YES;
				CLANG_WARN_EMPTY_BODY = YES;
				CLANG_WARN_ENUM_CONVERSION = YES;
				CLANG_WARN_INFINITE_RECURSION = YES;
				CLANG_WARN_INT_CONVERSION = YES;
				CLANG_WARN_NON_LITERAL_NULL_CONVERSION = YES;
				CLANG_WARN_OBJC_IMPLICIT_RETAIN_SELF = YES;
				CLANG_WARN_OBJC_LITERAL_CONVERSION = YES;
				CLANG_WARN_OBJC_ROOT_CLASS = YES_ERROR;
				CLANG_WARN_QUOTED_INCLUDE_IN_FRAMEWORK_HEADER = YES;
				CLANG_WARN_RANGE_LOOP_ANALYSIS = YES;
				CLANG_WARN_STRICT_PROTOTYPES = YES;
				CLANG_WARN_SUSPICIOUS_MOVE = YES;
				CLANG_WARN_UNGUARDED_AVAILABILITY = YES_AGGRESSIVE;
				CLANG_WARN_UNREACHABLE_CODE = YES;
				CLANG_WARN__DUPLICATE_METHOD_MATCH = YES;
				COPY_PHASE_STRIP = NO;
				DEBUG_INFORMATION_FORMAT = "dwarf-with-dsym";
				ENABLE_BITCODE = NO;
				ENABLE_NS_ASSERTIONS = NO;
				ENABLE_STRICT_OBJC_MSGSEND = YES;
				ENABLE_USER_SCRIPT_SANDBOXING = YES;
				GCC_C_LANGUAGE_STANDARD = gnu11;
				GCC_NO_COMMON_BLOCKS = YES;
				GCC_WARN_64_TO_32_BIT_CONVERSION = YES;
				GCC_WARN_ABOUT_RETURN_TYPE = YES_ERROR;
				GCC_WARN_UNDECLARED_SELECTOR = YES;
				GCC_WARN_UNINITIALIZED_AUTOS = YES_AGGRESSIVE;
				GCC_WARN_UNUSED_FUNCTION = YES;
				GCC_WARN_UNUSED_VARIABLE = YES;
				IPHONEOS_DEPLOYMENT_TARGET = 14.5;
				MTL_ENABLE_DEBUG_INFO = NO;
				MTL_FAST_MATH = YES;
				SDKROOT = iphoneos;
				SWIFT_COMPILATION_MODE = wholemodule;
				SWIFT_OPTIMIZATION_LEVEL = "-O";
				VALIDATE_PRODUCT = YES;
			};
			name = "Release-Testflight";
		};
		0D4E7A2B26B364180058B01E /* Debug */ = {
			isa = XCBuildConfiguration;
			buildSettings = {
				ASSETCATALOG_COMPILER_APPICON_NAME = "AppIcon-testnet";
				ASSETCATALOG_COMPILER_GLOBAL_ACCENT_COLOR_NAME = AccentColor;
				CODE_SIGN_STYLE = Automatic;
				CURRENT_PROJECT_VERSION = 3;
				DEBUG_INFORMATION_FORMAT = "dwarf-with-dsym";
				DEVELOPMENT_ASSET_PATHS = "\"secant/Preview Content\"";
				DEVELOPMENT_TEAM = RLPRR8CPQG;
				ENABLE_BITCODE = NO;
				ENABLE_PREVIEWS = YES;
				ENABLE_USER_SCRIPT_SANDBOXING = NO;
				INFOPLIST_FILE = "secant/secant-testnet-Info.plist";
				IPHONEOS_DEPLOYMENT_TARGET = 15.0;
				LD_RUNPATH_SEARCH_PATHS = (
					"$(inherited)",
					"@executable_path/Frameworks",
				);
				MARKETING_VERSION = 1.2;
				OTHER_SWIFT_FLAGS = "";
				PRODUCT_BUNDLE_IDENTIFIER = "co.electriccoin.secant-testnet";
				PRODUCT_NAME = "$(TARGET_NAME)";
				SWIFT_ACTIVE_COMPILATION_CONDITIONS = "DEBUG UNREDACTED SECANT_TESTNET";
				SWIFT_VERSION = 5.0;
				TARGETED_DEVICE_FAMILY = 1;
				UPLOAD_CRASHLYTICS_SYMBOLS = NO;
			};
			name = Debug;
		};
		0D4E7A2C26B364180058B01E /* Release-Testflight */ = {
			isa = XCBuildConfiguration;
			buildSettings = {
				ASSETCATALOG_COMPILER_APPICON_NAME = "AppIcon-testnet";
				ASSETCATALOG_COMPILER_GLOBAL_ACCENT_COLOR_NAME = AccentColor;
				CODE_SIGN_STYLE = Automatic;
				CURRENT_PROJECT_VERSION = 3;
				DEVELOPMENT_ASSET_PATHS = "\"secant/Preview Content\"";
				DEVELOPMENT_TEAM = RLPRR8CPQG;
				ENABLE_BITCODE = NO;
				ENABLE_PREVIEWS = YES;
				ENABLE_USER_SCRIPT_SANDBOXING = NO;
				INFOPLIST_FILE = "secant/secant-testnet-Info.plist";
				IPHONEOS_DEPLOYMENT_TARGET = 15.0;
				LD_RUNPATH_SEARCH_PATHS = (
					"$(inherited)",
					"@executable_path/Frameworks",
				);
				MARKETING_VERSION = 1.2;
				OTHER_SWIFT_FLAGS = "";
				PRODUCT_BUNDLE_IDENTIFIER = "co.electriccoin.secant-testnet";
				PRODUCT_NAME = "$(TARGET_NAME)";
				SWIFT_ACTIVE_COMPILATION_CONDITIONS = SECANT_TESTNET;
				SWIFT_VERSION = 5.0;
				TARGETED_DEVICE_FAMILY = 1;
				UPLOAD_CRASHLYTICS_SYMBOLS = YES;
			};
			name = "Release-Testflight";
		};
		0D4E7A2E26B364180058B01E /* Debug */ = {
			isa = XCBuildConfiguration;
			buildSettings = {
				ALWAYS_EMBED_SWIFT_STANDARD_LIBRARIES = YES;
				BUNDLE_LOADER = "$(TEST_HOST)";
				CODE_SIGN_STYLE = Automatic;
				DEVELOPMENT_TEAM = "";
				ENABLE_USER_SCRIPT_SANDBOXING = NO;
				GCC_PREPROCESSOR_DEFINITIONS = (
					"DEBUG=1",
					"$(inherited)",
				);
				INFOPLIST_FILE = secantTests/Info.plist;
				IPHONEOS_DEPLOYMENT_TARGET = 15.0;
				LD_RUNPATH_SEARCH_PATHS = (
					"$(inherited)",
					"@executable_path/Frameworks",
					"@loader_path/Frameworks",
				);
				PRODUCT_BUNDLE_IDENTIFIER = co.electriccoin.secantTests;
				PRODUCT_NAME = "$(TARGET_NAME)";
				SWIFT_ACTIVE_COMPILATION_CONDITIONS = "DEBUG UNREDACTED";
				SWIFT_VERSION = 5.0;
				TARGETED_DEVICE_FAMILY = "1,2";
				TEST_HOST = "$(BUILT_PRODUCTS_DIR)/secant-testnet.app/secant-testnet";
			};
			name = Debug;
		};
		0D4E7A2F26B364180058B01E /* Release-Testflight */ = {
			isa = XCBuildConfiguration;
			buildSettings = {
				ALWAYS_EMBED_SWIFT_STANDARD_LIBRARIES = YES;
				BUNDLE_LOADER = "$(TEST_HOST)";
				CODE_SIGN_STYLE = Automatic;
				DEVELOPMENT_TEAM = "";
				ENABLE_USER_SCRIPT_SANDBOXING = NO;
				INFOPLIST_FILE = secantTests/Info.plist;
				IPHONEOS_DEPLOYMENT_TARGET = 15.0;
				LD_RUNPATH_SEARCH_PATHS = (
					"$(inherited)",
					"@executable_path/Frameworks",
					"@loader_path/Frameworks",
				);
				PRODUCT_BUNDLE_IDENTIFIER = co.electriccoin.secantTests;
				PRODUCT_NAME = "$(TARGET_NAME)";
				SWIFT_VERSION = 5.0;
				TARGETED_DEVICE_FAMILY = "1,2";
				TEST_HOST = "$(BUILT_PRODUCTS_DIR)/secant-testnet.app/secant-testnet";
			};
			name = "Release-Testflight";
		};
		0D4E7A3126B364180058B01E /* Debug */ = {
			isa = XCBuildConfiguration;
			buildSettings = {
				ALWAYS_EMBED_SWIFT_STANDARD_LIBRARIES = YES;
				CODE_SIGN_STYLE = Automatic;
				DEVELOPMENT_TEAM = "";
				ENABLE_USER_SCRIPT_SANDBOXING = NO;
				INFOPLIST_FILE = secantUITests/Info.plist;
				IPHONEOS_DEPLOYMENT_TARGET = 15.0;
				LD_RUNPATH_SEARCH_PATHS = (
					"$(inherited)",
					"@executable_path/Frameworks",
					"@loader_path/Frameworks",
				);
				PRODUCT_BUNDLE_IDENTIFIER = co.electriccoin.secantUITests;
				PRODUCT_NAME = "$(TARGET_NAME)";
				PROVISIONING_PROFILE = "";
				SWIFT_VERSION = 5.0;
				TARGETED_DEVICE_FAMILY = "1,2";
				TEST_TARGET_NAME = "secant-testnet";
			};
			name = Debug;
		};
		0D4E7A3226B364180058B01E /* Release-Testflight */ = {
			isa = XCBuildConfiguration;
			buildSettings = {
				ALWAYS_EMBED_SWIFT_STANDARD_LIBRARIES = YES;
				CODE_SIGN_STYLE = Automatic;
				DEVELOPMENT_TEAM = "";
				ENABLE_USER_SCRIPT_SANDBOXING = NO;
				INFOPLIST_FILE = secantUITests/Info.plist;
				IPHONEOS_DEPLOYMENT_TARGET = 15.0;
				LD_RUNPATH_SEARCH_PATHS = (
					"$(inherited)",
					"@executable_path/Frameworks",
					"@loader_path/Frameworks",
				);
				PRODUCT_BUNDLE_IDENTIFIER = co.electriccoin.secantUITests;
				PRODUCT_NAME = "$(TARGET_NAME)";
				PROVISIONING_PROFILE = "";
				SWIFT_VERSION = 5.0;
				TARGETED_DEVICE_FAMILY = "1,2";
				TEST_TARGET_NAME = "secant-testnet";
			};
			name = "Release-Testflight";
		};
		9E4AB2B52BA1BEE900F5D6DB /* Debug */ = {
			isa = XCBuildConfiguration;
			buildSettings = {
				ASSETCATALOG_COMPILER_APPICON_NAME = AppIcon;
				ASSETCATALOG_COMPILER_GLOBAL_ACCENT_COLOR_NAME = AccentColor;
				CODE_SIGN_STYLE = Automatic;
				CURRENT_PROJECT_VERSION = 3;
				DEBUG_INFORMATION_FORMAT = "dwarf-with-dsym";
				DEVELOPMENT_ASSET_PATHS = "\"secant/Preview Content\"";
				DEVELOPMENT_TEAM = RLPRR8CPQG;
				ENABLE_BITCODE = NO;
				ENABLE_PREVIEWS = YES;
				ENABLE_USER_SCRIPT_SANDBOXING = NO;
				INFOPLIST_FILE = "secant-distrib-Info.plist";
				IPHONEOS_DEPLOYMENT_TARGET = 15.0;
				LD_RUNPATH_SEARCH_PATHS = (
					"$(inherited)",
					"@executable_path/Frameworks",
				);
				MARKETING_VERSION = 1.2;
				OTHER_SWIFT_FLAGS = "";
				PRODUCT_BUNDLE_IDENTIFIER = "co.electriccoin.secant-mainnet";
				PRODUCT_NAME = "$(TARGET_NAME)";
				SWIFT_ACTIVE_COMPILATION_CONDITIONS = "DEBUG UNREDACTED SECANT_MAINNET";
				SWIFT_VERSION = 5.0;
				TARGETED_DEVICE_FAMILY = 1;
				UPLOAD_CRASHLYTICS_SYMBOLS = NO;
			};
			name = Debug;
		};
		9E4AB2B62BA1BEE900F5D6DB /* Release-Testflight */ = {
			isa = XCBuildConfiguration;
			buildSettings = {
				ASSETCATALOG_COMPILER_APPICON_NAME = AppIcon;
				ASSETCATALOG_COMPILER_GLOBAL_ACCENT_COLOR_NAME = AccentColor;
				CODE_SIGN_STYLE = Automatic;
				CURRENT_PROJECT_VERSION = 3;
				DEVELOPMENT_ASSET_PATHS = "\"secant/Preview Content\"";
				DEVELOPMENT_TEAM = RLPRR8CPQG;
				ENABLE_BITCODE = NO;
				ENABLE_PREVIEWS = YES;
				ENABLE_USER_SCRIPT_SANDBOXING = NO;
				INFOPLIST_FILE = "secant-distrib-Info.plist";
				IPHONEOS_DEPLOYMENT_TARGET = 15.0;
				LD_RUNPATH_SEARCH_PATHS = (
					"$(inherited)",
					"@executable_path/Frameworks",
				);
				MARKETING_VERSION = 1.2;
				OTHER_SWIFT_FLAGS = "";
				PRODUCT_BUNDLE_IDENTIFIER = "co.electriccoin.secant-mainnet";
				PRODUCT_NAME = "$(TARGET_NAME)";
				SWIFT_ACTIVE_COMPILATION_CONDITIONS = SECANT_MAINNET;
				SWIFT_VERSION = 5.0;
				TARGETED_DEVICE_FAMILY = 1;
				UPLOAD_CRASHLYTICS_SYMBOLS = YES;
			};
			name = "Release-Testflight";
		};
		9E4AB2BA2BA1C05100F5D6DB /* Release-AppStore */ = {
			isa = XCBuildConfiguration;
			buildSettings = {
				ALWAYS_SEARCH_USER_PATHS = NO;
				CLANG_ANALYZER_NONNULL = YES;
				CLANG_ANALYZER_NUMBER_OBJECT_CONVERSION = YES_AGGRESSIVE;
				CLANG_CXX_LANGUAGE_STANDARD = "gnu++14";
				CLANG_CXX_LIBRARY = "libc++";
				CLANG_ENABLE_MODULES = YES;
				CLANG_ENABLE_OBJC_ARC = YES;
				CLANG_ENABLE_OBJC_WEAK = YES;
				CLANG_WARN_BLOCK_CAPTURE_AUTORELEASING = YES;
				CLANG_WARN_BOOL_CONVERSION = YES;
				CLANG_WARN_COMMA = YES;
				CLANG_WARN_CONSTANT_CONVERSION = YES;
				CLANG_WARN_DEPRECATED_OBJC_IMPLEMENTATIONS = YES;
				CLANG_WARN_DIRECT_OBJC_ISA_USAGE = YES_ERROR;
				CLANG_WARN_DOCUMENTATION_COMMENTS = YES;
				CLANG_WARN_EMPTY_BODY = YES;
				CLANG_WARN_ENUM_CONVERSION = YES;
				CLANG_WARN_INFINITE_RECURSION = YES;
				CLANG_WARN_INT_CONVERSION = YES;
				CLANG_WARN_NON_LITERAL_NULL_CONVERSION = YES;
				CLANG_WARN_OBJC_IMPLICIT_RETAIN_SELF = YES;
				CLANG_WARN_OBJC_LITERAL_CONVERSION = YES;
				CLANG_WARN_OBJC_ROOT_CLASS = YES_ERROR;
				CLANG_WARN_QUOTED_INCLUDE_IN_FRAMEWORK_HEADER = YES;
				CLANG_WARN_RANGE_LOOP_ANALYSIS = YES;
				CLANG_WARN_STRICT_PROTOTYPES = YES;
				CLANG_WARN_SUSPICIOUS_MOVE = YES;
				CLANG_WARN_UNGUARDED_AVAILABILITY = YES_AGGRESSIVE;
				CLANG_WARN_UNREACHABLE_CODE = YES;
				CLANG_WARN__DUPLICATE_METHOD_MATCH = YES;
				COPY_PHASE_STRIP = NO;
				DEBUG_INFORMATION_FORMAT = "dwarf-with-dsym";
				ENABLE_BITCODE = NO;
				ENABLE_NS_ASSERTIONS = NO;
				ENABLE_STRICT_OBJC_MSGSEND = YES;
				ENABLE_USER_SCRIPT_SANDBOXING = YES;
				GCC_C_LANGUAGE_STANDARD = gnu11;
				GCC_NO_COMMON_BLOCKS = YES;
				GCC_WARN_64_TO_32_BIT_CONVERSION = YES;
				GCC_WARN_ABOUT_RETURN_TYPE = YES_ERROR;
				GCC_WARN_UNDECLARED_SELECTOR = YES;
				GCC_WARN_UNINITIALIZED_AUTOS = YES_AGGRESSIVE;
				GCC_WARN_UNUSED_FUNCTION = YES;
				GCC_WARN_UNUSED_VARIABLE = YES;
				IPHONEOS_DEPLOYMENT_TARGET = 14.5;
				MTL_ENABLE_DEBUG_INFO = NO;
				MTL_FAST_MATH = YES;
				SDKROOT = iphoneos;
				SWIFT_COMPILATION_MODE = wholemodule;
				SWIFT_OPTIMIZATION_LEVEL = "-O";
				VALIDATE_PRODUCT = YES;
			};
			name = "Release-AppStore";
		};
		9E4AB2BB2BA1C05100F5D6DB /* Release-AppStore */ = {
			isa = XCBuildConfiguration;
			buildSettings = {
				ASSETCATALOG_COMPILER_APPICON_NAME = "AppIcon-testnet";
				ASSETCATALOG_COMPILER_GLOBAL_ACCENT_COLOR_NAME = AccentColor;
				CODE_SIGN_STYLE = Automatic;
				CURRENT_PROJECT_VERSION = 3;
				DEVELOPMENT_ASSET_PATHS = "\"secant/Preview Content\"";
				DEVELOPMENT_TEAM = RLPRR8CPQG;
				ENABLE_BITCODE = NO;
				ENABLE_PREVIEWS = YES;
				ENABLE_USER_SCRIPT_SANDBOXING = NO;
				INFOPLIST_FILE = "secant/secant-testnet-Info.plist";
				IPHONEOS_DEPLOYMENT_TARGET = 15.0;
				LD_RUNPATH_SEARCH_PATHS = (
					"$(inherited)",
					"@executable_path/Frameworks",
				);
				MARKETING_VERSION = 1.2;
				OTHER_SWIFT_FLAGS = "";
				PRODUCT_BUNDLE_IDENTIFIER = "co.electriccoin.secant-testnet";
				PRODUCT_NAME = "$(TARGET_NAME)";
				SWIFT_ACTIVE_COMPILATION_CONDITIONS = SECANT_TESTNET;
				SWIFT_VERSION = 5.0;
				TARGETED_DEVICE_FAMILY = 1;
				UPLOAD_CRASHLYTICS_SYMBOLS = YES;
			};
			name = "Release-AppStore";
		};
		9E4AB2BC2BA1C05100F5D6DB /* Release-AppStore */ = {
			isa = XCBuildConfiguration;
			buildSettings = {
				ASSETCATALOG_COMPILER_APPICON_NAME = AppIcon;
				ASSETCATALOG_COMPILER_GLOBAL_ACCENT_COLOR_NAME = AccentColor;
				CODE_SIGN_STYLE = Automatic;
				CURRENT_PROJECT_VERSION = 3;
				DEVELOPMENT_ASSET_PATHS = "\"secant/Preview Content\"";
				DEVELOPMENT_TEAM = RLPRR8CPQG;
				ENABLE_BITCODE = NO;
				ENABLE_PREVIEWS = YES;
				ENABLE_USER_SCRIPT_SANDBOXING = NO;
				INFOPLIST_FILE = "secant/secant-mainnet-Info.plist";
				IPHONEOS_DEPLOYMENT_TARGET = 15.0;
				LD_RUNPATH_SEARCH_PATHS = (
					"$(inherited)",
					"@executable_path/Frameworks",
				);
				MARKETING_VERSION = 1.2;
				OTHER_SWIFT_FLAGS = "";
				PRODUCT_BUNDLE_IDENTIFIER = "co.electriccoin.secant-mainnet";
				PRODUCT_NAME = "$(TARGET_NAME)";
				SWIFT_ACTIVE_COMPILATION_CONDITIONS = SECANT_MAINNET;
				SWIFT_VERSION = 5.0;
				TARGETED_DEVICE_FAMILY = 1;
				UPLOAD_CRASHLYTICS_SYMBOLS = YES;
			};
			name = "Release-AppStore";
		};
		9E4AB2BD2BA1C05100F5D6DB /* Release-AppStore */ = {
			isa = XCBuildConfiguration;
			buildSettings = {
				ALWAYS_EMBED_SWIFT_STANDARD_LIBRARIES = YES;
				BUNDLE_LOADER = "$(TEST_HOST)";
				CODE_SIGN_STYLE = Automatic;
				DEVELOPMENT_TEAM = "";
				ENABLE_USER_SCRIPT_SANDBOXING = NO;
				INFOPLIST_FILE = secantTests/Info.plist;
				IPHONEOS_DEPLOYMENT_TARGET = 15.0;
				LD_RUNPATH_SEARCH_PATHS = (
					"$(inherited)",
					"@executable_path/Frameworks",
					"@loader_path/Frameworks",
				);
				PRODUCT_BUNDLE_IDENTIFIER = co.electriccoin.secantTests;
				PRODUCT_NAME = "$(TARGET_NAME)";
				SWIFT_VERSION = 5.0;
				TARGETED_DEVICE_FAMILY = "1,2";
				TEST_HOST = "$(BUILT_PRODUCTS_DIR)/secant-testnet.app/secant-testnet";
			};
			name = "Release-AppStore";
		};
		9E4AB2BE2BA1C05100F5D6DB /* Release-AppStore */ = {
			isa = XCBuildConfiguration;
			buildSettings = {
				ALWAYS_EMBED_SWIFT_STANDARD_LIBRARIES = YES;
				CODE_SIGN_STYLE = Automatic;
				DEVELOPMENT_TEAM = "";
				ENABLE_USER_SCRIPT_SANDBOXING = NO;
				INFOPLIST_FILE = secantUITests/Info.plist;
				IPHONEOS_DEPLOYMENT_TARGET = 15.0;
				LD_RUNPATH_SEARCH_PATHS = (
					"$(inherited)",
					"@executable_path/Frameworks",
					"@loader_path/Frameworks",
				);
				PRODUCT_BUNDLE_IDENTIFIER = co.electriccoin.secantUITests;
				PRODUCT_NAME = "$(TARGET_NAME)";
				PROVISIONING_PROFILE = "";
				SWIFT_VERSION = 5.0;
				TARGETED_DEVICE_FAMILY = "1,2";
				TEST_TARGET_NAME = "secant-testnet";
			};
			name = "Release-AppStore";
		};
		9E4AB2BF2BA1C05100F5D6DB /* Release-AppStore */ = {
			isa = XCBuildConfiguration;
			buildSettings = {
				ASSETCATALOG_COMPILER_APPICON_NAME = AppIcon;
				ASSETCATALOG_COMPILER_GLOBAL_ACCENT_COLOR_NAME = AccentColor;
				CODE_SIGN_STYLE = Automatic;
				CURRENT_PROJECT_VERSION = 3;
				DEVELOPMENT_ASSET_PATHS = "\"secant/Preview Content\"";
				DEVELOPMENT_TEAM = RLPRR8CPQG;
				ENABLE_BITCODE = NO;
				ENABLE_PREVIEWS = YES;
				ENABLE_USER_SCRIPT_SANDBOXING = NO;
				INFOPLIST_FILE = "secant-distrib-Info.plist";
				IPHONEOS_DEPLOYMENT_TARGET = 15.0;
				LD_RUNPATH_SEARCH_PATHS = (
					"$(inherited)",
					"@executable_path/Frameworks",
				);
				MARKETING_VERSION = 1.2;
				OTHER_SWIFT_FLAGS = "";
				PRODUCT_BUNDLE_IDENTIFIER = "co.electriccoin.secant-mainnet";
				PRODUCT_NAME = "$(TARGET_NAME)";
				SWIFT_ACTIVE_COMPILATION_CONDITIONS = "SECANT_MAINNET SECANT_DISTRIB";
				SWIFT_VERSION = 5.0;
				TARGETED_DEVICE_FAMILY = 1;
				UPLOAD_CRASHLYTICS_SYMBOLS = YES;
			};
			name = "Release-AppStore";
		};
/* End XCBuildConfiguration section */

/* Begin XCConfigurationList section */
		0D26AF91299E8196005260EE /* Build configuration list for PBXNativeTarget "secant-mainnet" */ = {
			isa = XCConfigurationList;
			buildConfigurations = (
				0D26AF92299E8196005260EE /* Debug */,
				0D26AF93299E8196005260EE /* Release-Testflight */,
				9E4AB2BC2BA1C05100F5D6DB /* Release-AppStore */,
			);
			defaultConfigurationIsVisible = 0;
			defaultConfigurationName = "Release-Testflight";
		};
		0D4E7A0026B364170058B01E /* Build configuration list for PBXProject "secant" */ = {
			isa = XCConfigurationList;
			buildConfigurations = (
				0D4E7A2826B364180058B01E /* Debug */,
				0D4E7A2926B364180058B01E /* Release-Testflight */,
				9E4AB2BA2BA1C05100F5D6DB /* Release-AppStore */,
			);
			defaultConfigurationIsVisible = 0;
			defaultConfigurationName = "Release-Testflight";
		};
		0D4E7A2A26B364180058B01E /* Build configuration list for PBXNativeTarget "secant-testnet" */ = {
			isa = XCConfigurationList;
			buildConfigurations = (
				0D4E7A2B26B364180058B01E /* Debug */,
				0D4E7A2C26B364180058B01E /* Release-Testflight */,
				9E4AB2BB2BA1C05100F5D6DB /* Release-AppStore */,
			);
			defaultConfigurationIsVisible = 0;
			defaultConfigurationName = "Release-Testflight";
		};
		0D4E7A2D26B364180058B01E /* Build configuration list for PBXNativeTarget "secantTests" */ = {
			isa = XCConfigurationList;
			buildConfigurations = (
				0D4E7A2E26B364180058B01E /* Debug */,
				0D4E7A2F26B364180058B01E /* Release-Testflight */,
				9E4AB2BD2BA1C05100F5D6DB /* Release-AppStore */,
			);
			defaultConfigurationIsVisible = 0;
			defaultConfigurationName = "Release-Testflight";
		};
		0D4E7A3026B364180058B01E /* Build configuration list for PBXNativeTarget "secantUITests" */ = {
			isa = XCConfigurationList;
			buildConfigurations = (
				0D4E7A3126B364180058B01E /* Debug */,
				0D4E7A3226B364180058B01E /* Release-Testflight */,
				9E4AB2BE2BA1C05100F5D6DB /* Release-AppStore */,
			);
			defaultConfigurationIsVisible = 0;
			defaultConfigurationName = "Release-Testflight";
		};
		9E4AB2B42BA1BEE900F5D6DB /* Build configuration list for PBXNativeTarget "secant-distrib" */ = {
			isa = XCConfigurationList;
			buildConfigurations = (
				9E4AB2B52BA1BEE900F5D6DB /* Debug */,
				9E4AB2B62BA1BEE900F5D6DB /* Release-Testflight */,
				9E4AB2BF2BA1C05100F5D6DB /* Release-AppStore */,
			);
			defaultConfigurationIsVisible = 0;
			defaultConfigurationName = "Release-Testflight";
		};
/* End XCConfigurationList section */

/* Begin XCRemoteSwiftPackageReference section */
		0D26AE8A299E8196005260EE /* XCRemoteSwiftPackageReference "swift-composable-architecture" */ = {
			isa = XCRemoteSwiftPackageReference;
			repositoryURL = "https://github.com/pointfreeco/swift-composable-architecture";
			requirement = {
				kind = exactVersion;
				version = 0.50.2;
			};
		};
		0D26AE92299E8196005260EE /* XCRemoteSwiftPackageReference "ZcashLightClientKit" */ = {
			isa = XCRemoteSwiftPackageReference;
			repositoryURL = "https://github.com/zcash/ZcashLightClientKit/";
			requirement = {
				branch = main;
				kind = branch;
			};
		};
		9E4AB2972BA1BEE900F5D6DB /* XCRemoteSwiftPackageReference "swift-composable-architecture" */ = {
			isa = XCRemoteSwiftPackageReference;
			repositoryURL = "https://github.com/pointfreeco/swift-composable-architecture";
			requirement = {
				kind = exactVersion;
				version = 0.50.2;
			};
		};
		9E4AB2992BA1BEE900F5D6DB /* XCRemoteSwiftPackageReference "ZcashLightClientKit" */ = {
			isa = XCRemoteSwiftPackageReference;
			repositoryURL = "https://github.com/zcash/ZcashLightClientKit/";
			requirement = {
				branch = main;
				kind = branch;
			};
		};
/* End XCRemoteSwiftPackageReference section */

/* Begin XCSwiftPackageProductDependency section */
		0D26AE89299E8196005260EE /* ComposableArchitecture */ = {
			isa = XCSwiftPackageProductDependency;
			package = 0D26AE8A299E8196005260EE /* XCRemoteSwiftPackageReference "swift-composable-architecture" */;
			productName = ComposableArchitecture;
		};
		0D26AE91299E8196005260EE /* ZcashLightClientKit */ = {
			isa = XCSwiftPackageProductDependency;
			package = 0D26AE92299E8196005260EE /* XCRemoteSwiftPackageReference "ZcashLightClientKit" */;
			productName = ZcashLightClientKit;
		};
		9E00319B2A272BB6003DFCEB /* SDKSynchronizer */ = {
			isa = XCSwiftPackageProductDependency;
			productName = SDKSynchronizer;
		};
		9E0031A32A272BC7003DFCEB /* SDKSynchronizer */ = {
			isa = XCSwiftPackageProductDependency;
			productName = SDKSynchronizer;
		};
		9E4AB2962BA1BEE900F5D6DB /* ComposableArchitecture */ = {
			isa = XCSwiftPackageProductDependency;
			package = 9E4AB2972BA1BEE900F5D6DB /* XCRemoteSwiftPackageReference "swift-composable-architecture" */;
			productName = ComposableArchitecture;
		};
		9E4AB2982BA1BEE900F5D6DB /* ZcashLightClientKit */ = {
			isa = XCSwiftPackageProductDependency;
			package = 9E4AB2992BA1BEE900F5D6DB /* XCRemoteSwiftPackageReference "ZcashLightClientKit" */;
			productName = ZcashLightClientKit;
		};
		9E4AB29A2BA1BEE900F5D6DB /* Generated */ = {
			isa = XCSwiftPackageProductDependency;
			productName = Generated;
		};
		9E4AB29B2BA1BEE900F5D6DB /* SDKSynchronizer */ = {
			isa = XCSwiftPackageProductDependency;
			productName = SDKSynchronizer;
		};
		9E4AB29C2BA1BEE900F5D6DB /* Root */ = {
			isa = XCSwiftPackageProductDependency;
			productName = Root;
		};
		9E4AB29D2BA1BEE900F5D6DB /* Utils */ = {
			isa = XCSwiftPackageProductDependency;
			productName = Utils;
		};
		9E9075012A2681F700269308 /* Generated */ = {
			isa = XCSwiftPackageProductDependency;
			productName = Generated;
		};
		9E9075032A2681FF00269308 /* Generated */ = {
			isa = XCSwiftPackageProductDependency;
			productName = Generated;
		};
		9EB35D602A31F1D800A2149B /* Root */ = {
			isa = XCSwiftPackageProductDependency;
			productName = Root;
		};
		9EB35D622A31F1DD00A2149B /* Root */ = {
			isa = XCSwiftPackageProductDependency;
			productName = Root;
		};
		9EB35D692A3A2D7B00A2149B /* Utils */ = {
			isa = XCSwiftPackageProductDependency;
			productName = Utils;
		};
		9EB35D6B2A3A2D9200A2149B /* Utils */ = {
			isa = XCSwiftPackageProductDependency;
			productName = Utils;
		};
/* End XCSwiftPackageProductDependency section */

/* Begin XCVersionGroup section */
		9E2706652AFF99F5000DA6EC /* ReadTransactionsStorageModel.xcdatamodeld */ = {
			isa = XCVersionGroup;
			children = (
				9E2706662AFF99F5000DA6EC /* TransactionReadUnreadM.xcdatamodel */,
			);
			currentVersion = 9E2706662AFF99F5000DA6EC /* TransactionReadUnreadM.xcdatamodel */;
			path = ReadTransactionsStorageModel.xcdatamodeld;
			sourceTree = "<group>";
			versionGroupType = wrapper.xcdatamodel;
		};
/* End XCVersionGroup section */
	};
	rootObject = 0D4E79FD26B364170058B01E /* Project object */;
}
