// !$*UTF8*$!
{
	archiveVersion = 1;
	classes = {
	};
	objectVersion = 52;
	objects = {

/* Begin PBXBuildFile section */
		0D0781C4278750E30083ACD7 /* WelcomeView.swift in Sources */ = {isa = PBXBuildFile; fileRef = 0D0781C3278750E30083ACD7 /* WelcomeView.swift */; };
		0D0781C9278776D20083ACD7 /* ZcashSymbol.swift in Sources */ = {isa = PBXBuildFile; fileRef = 0D0781C7278776D20083ACD7 /* ZcashSymbol.swift */; };
		0D185819272723FF0046B928 /* ColoredChip.swift in Sources */ = {isa = PBXBuildFile; fileRef = 0D185818272723FF0046B928 /* ColoredChip.swift */; };
		0D18581B272728D60046B928 /* PhraseChip.swift in Sources */ = {isa = PBXBuildFile; fileRef = 0D18581A272728D60046B928 /* PhraseChip.swift */; };
		0D1C1AA327611EFD0004AF6A /* RecoveryPhraseDisplayReducerTests.swift in Sources */ = {isa = PBXBuildFile; fileRef = 0D1C1AA227611EFD0004AF6A /* RecoveryPhraseDisplayReducerTests.swift */; };
		0D2ACE8026C2C67100D62E3C /* Zboto.otf in Resources */ = {isa = PBXBuildFile; fileRef = 0D2ACE7F26C2C67100D62E3C /* Zboto.otf */; };
		0D354A0926D5A9D000315F45 /* Services.swift in Sources */ = {isa = PBXBuildFile; fileRef = 0D354A0626D5A9D000315F45 /* Services.swift */; };
		0D35CC46277A36E00074316A /* ScrollableWhenScaled.swift in Sources */ = {isa = PBXBuildFile; fileRef = 0D35CC45277A36E00074316A /* ScrollableWhenScaled.swift */; };
		0D3D04082728B3440032ABC1 /* RecoveryPhraseDisplayView.swift in Sources */ = {isa = PBXBuildFile; fileRef = 0D3D04072728B3440032ABC1 /* RecoveryPhraseDisplayView.swift */; };
		0D3D040A2728B3A10032ABC1 /* RecoveryPhraseDisplayStore.swift in Sources */ = {isa = PBXBuildFile; fileRef = 0D3D04092728B3A10032ABC1 /* RecoveryPhraseDisplayStore.swift */; };
		0D4E7A0926B364170058B01E /* SecantApp.swift in Sources */ = {isa = PBXBuildFile; fileRef = 0D4E7A0826B364170058B01E /* SecantApp.swift */; };
		0D4E7A0D26B364180058B01E /* Assets.xcassets in Resources */ = {isa = PBXBuildFile; fileRef = 0D4E7A0C26B364180058B01E /* Assets.xcassets */; };
		0D4E7A1026B364180058B01E /* Preview Assets.xcassets in Resources */ = {isa = PBXBuildFile; fileRef = 0D4E7A0F26B364180058B01E /* Preview Assets.xcassets */; };
		0D4E7A1B26B364180058B01E /* secantTests.swift in Sources */ = {isa = PBXBuildFile; fileRef = 0D4E7A1A26B364180058B01E /* secantTests.swift */; };
		0D4E7A2626B364180058B01E /* secantUITests.swift in Sources */ = {isa = PBXBuildFile; fileRef = 0D4E7A2526B364180058B01E /* secantUITests.swift */; };
		0D535FDE271F4214009A9E3E /* Rubik-Italic-VariableFont_wght.ttf in Resources */ = {isa = PBXBuildFile; fileRef = 0D535FDC271F4214009A9E3E /* Rubik-Italic-VariableFont_wght.ttf */; };
		0D535FDF271F4214009A9E3E /* Rubik-VariableFont_wght.ttf in Resources */ = {isa = PBXBuildFile; fileRef = 0D535FDD271F4214009A9E3E /* Rubik-VariableFont_wght.ttf */; };
		0D535FE2271F9476009A9E3E /* EnumeratedChip.swift in Sources */ = {isa = PBXBuildFile; fileRef = 0D535FE1271F9476009A9E3E /* EnumeratedChip.swift */; };
		0D5D16F526E24CCF00AD33D1 /* AppError.swift in Sources */ = {isa = PBXBuildFile; fileRef = 0D5D16F426E24CCF00AD33D1 /* AppError.swift */; };
		0D6D628B276A528E002FB4CC /* DropDelegate.swift in Sources */ = {isa = PBXBuildFile; fileRef = 0D6D628A276A528D002FB4CC /* DropDelegate.swift */; };
		0D7CE63427349B5D0020E050 /* View+WhenDraggable.swift in Sources */ = {isa = PBXBuildFile; fileRef = 0D7CE63327349B5D0020E050 /* View+WhenDraggable.swift */; };
		0D7DF08C271DCC0E00530046 /* ScreenBackground.swift in Sources */ = {isa = PBXBuildFile; fileRef = 0D7DF08B271DCC0E00530046 /* ScreenBackground.swift */; };
		0D8A43C4272AEEDE005A6414 /* SecantTextStyles.swift in Sources */ = {isa = PBXBuildFile; fileRef = 0D8A43C3272AEEDE005A6414 /* SecantTextStyles.swift */; };
		0D8A43C6272B129C005A6414 /* WordChipGrid.swift in Sources */ = {isa = PBXBuildFile; fileRef = 0D8A43C5272B129C005A6414 /* WordChipGrid.swift */; };
		0DACFA7F27208CE00039EEA5 /* Clamped.swift in Sources */ = {isa = PBXBuildFile; fileRef = 0DACFA7E27208CE00039EEA5 /* Clamped.swift */; };
		0DACFA8127208D940039EEA5 /* UInt+SuperscriptText.swift in Sources */ = {isa = PBXBuildFile; fileRef = 0DACFA8027208D940039EEA5 /* UInt+SuperscriptText.swift */; };
		0DACFA9027209FA70039EEA5 /* Roboto-Bold.ttf in Resources */ = {isa = PBXBuildFile; fileRef = 0DACFA8327209FA60039EEA5 /* Roboto-Bold.ttf */; };
		0DACFA9127209FA70039EEA5 /* Roboto-LightItalic.ttf in Resources */ = {isa = PBXBuildFile; fileRef = 0DACFA8427209FA60039EEA5 /* Roboto-LightItalic.ttf */; };
		0DACFA9227209FA70039EEA5 /* Roboto-Italic.ttf in Resources */ = {isa = PBXBuildFile; fileRef = 0DACFA8527209FA60039EEA5 /* Roboto-Italic.ttf */; };
		0DACFA9327209FA70039EEA5 /* Roboto-Medium.ttf in Resources */ = {isa = PBXBuildFile; fileRef = 0DACFA8627209FA60039EEA5 /* Roboto-Medium.ttf */; };
		0DACFA9427209FA70039EEA5 /* Roboto-BoldItalic.ttf in Resources */ = {isa = PBXBuildFile; fileRef = 0DACFA8727209FA60039EEA5 /* Roboto-BoldItalic.ttf */; };
		0DACFA9527209FA70039EEA5 /* Roboto-Regular.ttf in Resources */ = {isa = PBXBuildFile; fileRef = 0DACFA8827209FA60039EEA5 /* Roboto-Regular.ttf */; };
		0DACFA9627209FA70039EEA5 /* Roboto-Thin.ttf in Resources */ = {isa = PBXBuildFile; fileRef = 0DACFA8927209FA60039EEA5 /* Roboto-Thin.ttf */; };
		0DACFA9727209FA70039EEA5 /* Roboto-Black.ttf in Resources */ = {isa = PBXBuildFile; fileRef = 0DACFA8A27209FA70039EEA5 /* Roboto-Black.ttf */; };
		0DACFA9827209FA70039EEA5 /* Roboto-MediumItalic.ttf in Resources */ = {isa = PBXBuildFile; fileRef = 0DACFA8B27209FA70039EEA5 /* Roboto-MediumItalic.ttf */; };
		0DACFA9927209FA70039EEA5 /* Roboto-BlackItalic.ttf in Resources */ = {isa = PBXBuildFile; fileRef = 0DACFA8C27209FA70039EEA5 /* Roboto-BlackItalic.ttf */; };
		0DACFA9A27209FA70039EEA5 /* Roboto-Light.ttf in Resources */ = {isa = PBXBuildFile; fileRef = 0DACFA8D27209FA70039EEA5 /* Roboto-Light.ttf */; };
		0DACFA9C27209FA70039EEA5 /* Roboto-ThinItalic.ttf in Resources */ = {isa = PBXBuildFile; fileRef = 0DACFA8F27209FA70039EEA5 /* Roboto-ThinItalic.ttf */; };
		0DB8AA81271DC7520035BC9D /* DesignGuide.swift in Sources */ = {isa = PBXBuildFile; fileRef = 0DB8AA80271DC7520035BC9D /* DesignGuide.swift */; };
		0DC487C32772574C00BE6A63 /* ValidationSucceededView.swift in Sources */ = {isa = PBXBuildFile; fileRef = 0DC487C22772574C00BE6A63 /* ValidationSucceededView.swift */; };
		0DDB6A5127737D4A0012A410 /* ValidationFailedView.swift in Sources */ = {isa = PBXBuildFile; fileRef = 0DDB6A5027737D4A0012A410 /* ValidationFailedView.swift */; };
		0DF2DC51272344E400FA31E2 /* EmptyChip.swift in Sources */ = {isa = PBXBuildFile; fileRef = 0DF2DC50272344E400FA31E2 /* EmptyChip.swift */; };
		0DF2DC5427235E3E00FA31E2 /* View+InnerShadow.swift in Sources */ = {isa = PBXBuildFile; fileRef = 0DF2DC5327235E3E00FA31E2 /* View+InnerShadow.swift */; };
		0DF482BA2787ADA800EB37D6 /* ConditionalModifier.swift in Sources */ = {isa = PBXBuildFile; fileRef = 0DF482B92787ADA800EB37D6 /* ConditionalModifier.swift */; };
		0DFE93DF272C6D4B000FCCA5 /* RecoveryPhraseBackupTests.swift in Sources */ = {isa = PBXBuildFile; fileRef = 0DFE93DE272C6D4B000FCCA5 /* RecoveryPhraseBackupTests.swift */; };
		0DFE93E1272C9ECB000FCCA5 /* RecoveryPhraseBackupValidationView.swift in Sources */ = {isa = PBXBuildFile; fileRef = 0DFE93E0272C9ECB000FCCA5 /* RecoveryPhraseBackupValidationView.swift */; };
		0DFE93E3272CA1AA000FCCA5 /* RecoveryPhraseValidation.swift in Sources */ = {isa = PBXBuildFile; fileRef = 0DFE93E2272CA1AA000FCCA5 /* RecoveryPhraseValidation.swift */; };
		0DFE93E6272CB6F7000FCCA5 /* RecoveryPhraseValidationTests.swift in Sources */ = {isa = PBXBuildFile; fileRef = 0DFE93E5272CB6F7000FCCA5 /* RecoveryPhraseValidationTests.swift */; };
		2E35F99227B28E7600EB79CD /* SingleLineTextField.swift in Sources */ = {isa = PBXBuildFile; fileRef = 2E35F99127B28E7600EB79CD /* SingleLineTextField.swift */; };
		2E35F99A27B3E99C00EB79CD /* TextFieldTitleAccessoryButtonStyle.swift in Sources */ = {isa = PBXBuildFile; fileRef = 2E35F99927B3E99C00EB79CD /* TextFieldTitleAccessoryButtonStyle.swift */; };
		2E58E73B274679F000B2B84B /* OnboardingHeaderView.swift in Sources */ = {isa = PBXBuildFile; fileRef = 2E58E73A274679F000B2B84B /* OnboardingHeaderView.swift */; };
		2E6CF8DD27D78319004DCD7A /* CurrencySelectionStore.swift in Sources */ = {isa = PBXBuildFile; fileRef = 2E6CF8DC27D78319004DCD7A /* CurrencySelectionStore.swift */; };
		2E8719CB27FB09990082C926 /* TransactionTextField.swift in Sources */ = {isa = PBXBuildFile; fileRef = 2E8719CA27FB09990082C926 /* TransactionTextField.swift */; };
		2E8719CD27FB0D3B0082C926 /* TransactionCurrencySelector.swift in Sources */ = {isa = PBXBuildFile; fileRef = 2E8719CC27FB0D3B0082C926 /* TransactionCurrencySelector.swift */; };
		2EA11F5B27467EF800709571 /* OnboardingFooterView.swift in Sources */ = {isa = PBXBuildFile; fileRef = 2EA11F5A27467EF800709571 /* OnboardingFooterView.swift */; };
		2EA11F5D27467F7700709571 /* OnboardingContentView.swift in Sources */ = {isa = PBXBuildFile; fileRef = 2EA11F5C27467F7700709571 /* OnboardingContentView.swift */; };
		2EB1C5E827D77F6100BC43D7 /* TextFieldStore.swift in Sources */ = {isa = PBXBuildFile; fileRef = 2EB1C5E727D77F6100BC43D7 /* TextFieldStore.swift */; };
		2EB660E02747EAB900A06A07 /* OnboardingScreen.swift in Sources */ = {isa = PBXBuildFile; fileRef = 2E5C03802738C570008BFFD3 /* OnboardingScreen.swift */; };
		2EB7758727FC67FD00269373 /* TransactionInputStore.swift in Sources */ = {isa = PBXBuildFile; fileRef = 2EB7758627FC67FD00269373 /* TransactionInputStore.swift */; };
		2EDA07A027EDE18C00D6F09B /* TextFieldInput.swift in Sources */ = {isa = PBXBuildFile; fileRef = 2EDA079F27EDE18C00D6F09B /* TextFieldInput.swift */; };
		2EDA07A227EDE1AE00D6F09B /* TextFieldFooter.swift in Sources */ = {isa = PBXBuildFile; fileRef = 2EDA07A127EDE1AE00D6F09B /* TextFieldFooter.swift */; };
		2EDA07A427EDE2A900D6F09B /* DebugFrame.swift in Sources */ = {isa = PBXBuildFile; fileRef = 2EDA07A327EDE2A900D6F09B /* DebugFrame.swift */; };
		660558E9270C7A54009D6954 /* Colors.xcassets in Resources */ = {isa = PBXBuildFile; fileRef = 660558E8270C7A54009D6954 /* Colors.xcassets */; };
		660558F7270C862F009D6954 /* Fonts+Generated.swift in Sources */ = {isa = PBXBuildFile; fileRef = 660558F5270C862F009D6954 /* Fonts+Generated.swift */; };
		660558F8270C862F009D6954 /* XCAssets+Generated.swift in Sources */ = {isa = PBXBuildFile; fileRef = 660558F6270C862F009D6954 /* XCAssets+Generated.swift */; };
		663FAB9C271D874D00E495F8 /* ActiveButton.swift in Sources */ = {isa = PBXBuildFile; fileRef = 663FAB9B271D874D00E495F8 /* ActiveButton.swift */; };
		663FABA0271D876200E495F8 /* PrimaryButton.swift in Sources */ = {isa = PBXBuildFile; fileRef = 663FAB9F271D876200E495F8 /* PrimaryButton.swift */; };
		663FABA2271D876C00E495F8 /* SecondaryButton.swift in Sources */ = {isa = PBXBuildFile; fileRef = 663FABA1271D876C00E495F8 /* SecondaryButton.swift */; };
		6654C73A2715A38000901167 /* ComposableArchitecture in Frameworks */ = {isa = PBXBuildFile; productRef = 6654C7392715A38000901167 /* ComposableArchitecture */; };
		6654C73E2715A41300901167 /* OnboardingStore.swift in Sources */ = {isa = PBXBuildFile; fileRef = 6654C73D2715A41300901167 /* OnboardingStore.swift */; };
		6654C7412715A47300901167 /* Onboarding.swift in Sources */ = {isa = PBXBuildFile; fileRef = 6654C7402715A47300901167 /* Onboarding.swift */; };
		6654C7442715A4AC00901167 /* OnboardingStoreTests.swift in Sources */ = {isa = PBXBuildFile; fileRef = 6654C7432715A4AC00901167 /* OnboardingStoreTests.swift */; };
		665C963F272C26E600BC04FB /* CircularFrameBackground.swift in Sources */ = {isa = PBXBuildFile; fileRef = 665C963E272C26E600BC04FB /* CircularFrameBackground.swift */; };
		669FDAE9272C23B3007B9422 /* CircularFrame.swift in Sources */ = {isa = PBXBuildFile; fileRef = 669FDAE8272C23B3007B9422 /* CircularFrame.swift */; };
		669FDAEB272C23C2007B9422 /* CircularFrameBadge.swift in Sources */ = {isa = PBXBuildFile; fileRef = 669FDAEA272C23C2007B9422 /* CircularFrameBadge.swift */; };
		66A0807B271993C500118B79 /* OnboardingProgressIndicator.swift in Sources */ = {isa = PBXBuildFile; fileRef = 66A0807A271993C500118B79 /* OnboardingProgressIndicator.swift */; };
		66D50668271D9B6100E51F0D /* NavigationButtonStyle.swift in Sources */ = {isa = PBXBuildFile; fileRef = 66D50667271D9B6100E51F0D /* NavigationButtonStyle.swift */; };
		66DC733F271D88CC0053CBB6 /* StandardButtonStyle.swift in Sources */ = {isa = PBXBuildFile; fileRef = 66DC733E271D88CC0053CBB6 /* StandardButtonStyle.swift */; };
		9E02B56A27FED43E005B809B /* WrappedFileManager.swift in Sources */ = {isa = PBXBuildFile; fileRef = 9E02B56927FED43E005B809B /* WrappedFileManager.swift */; };
		9E02B56C27FED475005B809B /* DatabaseFilesTests.swift in Sources */ = {isa = PBXBuildFile; fileRef = 9E02B56B27FED475005B809B /* DatabaseFilesTests.swift */; };
		9E02B5C3280458D2005B809B /* WrappedDerivationTool.swift in Sources */ = {isa = PBXBuildFile; fileRef = 9E02B5C2280458D2005B809B /* WrappedDerivationTool.swift */; };
		9E2AC0FF27D8EC120042AA47 /* MnemonicSwift in Frameworks */ = {isa = PBXBuildFile; productRef = 9E2AC0FE27D8EC120042AA47 /* MnemonicSwift */; };
		9E2AC10127D8EF0B0042AA47 /* MnemonicSeedPhraseProvider.swift in Sources */ = {isa = PBXBuildFile; fileRef = 9E2AC10027D8EF0B0042AA47 /* MnemonicSeedPhraseProvider.swift */; };
		9E2AC10327DA28200042AA47 /* WalletStorage.swift in Sources */ = {isa = PBXBuildFile; fileRef = 9E2AC10227DA28200042AA47 /* WalletStorage.swift */; };
		9E2DF99C27CF704D00649636 /* ImportWalletStore.swift in Sources */ = {isa = PBXBuildFile; fileRef = 9E2DF99827CF704D00649636 /* ImportWalletStore.swift */; };
		9E2DF99D27CF704D00649636 /* ImportSeedEditor.swift in Sources */ = {isa = PBXBuildFile; fileRef = 9E2DF99A27CF704D00649636 /* ImportSeedEditor.swift */; };
		9E2DF99E27CF704D00649636 /* ImportWalletView.swift in Sources */ = {isa = PBXBuildFile; fileRef = 9E2DF99B27CF704D00649636 /* ImportWalletView.swift */; };
		9E2F1C8228095AFE004E65FE /* Int64+Zcash.swift in Sources */ = {isa = PBXBuildFile; fileRef = 9E2F1C8128095AFE004E65FE /* Int64+Zcash.swift */; };
		9E2F1C842809B606004E65FE /* DebugMenu.swift in Sources */ = {isa = PBXBuildFile; fileRef = 9E2F1C832809B606004E65FE /* DebugMenu.swift */; };
		9E2F1C8C280ED6A7004E65FE /* LaunchScreen.storyboard in Resources */ = {isa = PBXBuildFile; fileRef = 9E2F1C8B280ED6A7004E65FE /* LaunchScreen.storyboard */; };
		9E2F1C8F280EDE09004E65FE /* Drawer.swift in Sources */ = {isa = PBXBuildFile; fileRef = 9E2F1C8E280EDE09004E65FE /* Drawer.swift */; };
		9E37A2B827C8F59F00AE57B3 /* Localizable.strings in Resources */ = {isa = PBXBuildFile; fileRef = 9E37A2B727C8F59F00AE57B3 /* Localizable.strings */; };
		9E4DC6E027C409A100E657F4 /* NeumorphicDesignModifier.swift in Sources */ = {isa = PBXBuildFile; fileRef = 9E4DC6DF27C409A100E657F4 /* NeumorphicDesignModifier.swift */; };
		9E4DC6E227C4C6B700E657F4 /* SecantButtonStyles.swift in Sources */ = {isa = PBXBuildFile; fileRef = 9E4DC6E127C4C6B700E657F4 /* SecantButtonStyles.swift */; };
		9E5BF63C2818305D00BA3F17 /* TransactionState.swift in Sources */ = {isa = PBXBuildFile; fileRef = 9E5BF63B2818305D00BA3F17 /* TransactionState.swift */; };
		9E5BF63F2819542C00BA3F17 /* TransactionHistoryTests.swift in Sources */ = {isa = PBXBuildFile; fileRef = 9E5BF63E2819542C00BA3F17 /* TransactionHistoryTests.swift */; };
		9E69A24D27FB002800A55317 /* Welcome.swift in Sources */ = {isa = PBXBuildFile; fileRef = 9E69A24C27FB002800A55317 /* Welcome.swift */; };
		9E80B47227E4B34B008FF493 /* UserPreferencesStorage.swift in Sources */ = {isa = PBXBuildFile; fileRef = 9E80B47127E4B34B008FF493 /* UserPreferencesStorage.swift */; };
		9EAFEB822805793200199FC9 /* AppReducerTests.swift in Sources */ = {isa = PBXBuildFile; fileRef = 9EAFEB812805793200199FC9 /* AppReducerTests.swift */; };
		9EAFEB84280597B700199FC9 /* WrappedSecItem.swift in Sources */ = {isa = PBXBuildFile; fileRef = 9EAFEB83280597B700199FC9 /* WrappedSecItem.swift */; };
		9EAFEB862805A23100199FC9 /* WrappedSecItemTests.swift in Sources */ = {isa = PBXBuildFile; fileRef = 9EAFEB852805A23100199FC9 /* WrappedSecItemTests.swift */; };
		9EAFEB882806E5AE00199FC9 /* WrappedSDKSynchronizer.swift in Sources */ = {isa = PBXBuildFile; fileRef = 9EAFEB872806E5AE00199FC9 /* WrappedSDKSynchronizer.swift */; };
		9EAFEB8A2806F48100199FC9 /* ZCashSDKEnvironment.swift in Sources */ = {isa = PBXBuildFile; fileRef = 9EAFEB892806F48100199FC9 /* ZCashSDKEnvironment.swift */; };
		9EAFEB8F2808183D00199FC9 /* SandboxView.swift in Sources */ = {isa = PBXBuildFile; fileRef = 9EAFEB8D2808183D00199FC9 /* SandboxView.swift */; };
		9EAFEB902808183D00199FC9 /* SandboxStore.swift in Sources */ = {isa = PBXBuildFile; fileRef = 9EAFEB8E2808183D00199FC9 /* SandboxStore.swift */; };
		9EAFEB9128081E9400199FC9 /* HomeStore.swift in Sources */ = {isa = PBXBuildFile; fileRef = F93874ED273C4DE200F0E875 /* HomeStore.swift */; };
		9EAFEB9228081E9400199FC9 /* HomeView.swift in Sources */ = {isa = PBXBuildFile; fileRef = F93874EF273C4DE200F0E875 /* HomeView.swift */; };
		9EBEF87A27CE369800B4F343 /* RecoveryPhraseTestPreambleView.swift in Sources */ = {isa = PBXBuildFile; fileRef = 9EBEF87927CE369800B4F343 /* RecoveryPhraseTestPreambleView.swift */; };
		9ECAE56827FC713C0089A0EF /* DatabaseFiles.swift in Sources */ = {isa = PBXBuildFile; fileRef = 9ECAE56727FC713C0089A0EF /* DatabaseFiles.swift */; };
		9EF8135C27ECC25E0075AF48 /* WalletStorageTests.swift in Sources */ = {isa = PBXBuildFile; fileRef = 9EF8135A27ECC25E0075AF48 /* WalletStorageTests.swift */; };
		9EF8135D27ECC25E0075AF48 /* UserPreferencesStorageTests.swift in Sources */ = {isa = PBXBuildFile; fileRef = 9EF8135B27ECC25E0075AF48 /* UserPreferencesStorageTests.swift */; };
		9EF8136027F043CC0075AF48 /* AppDelegate.swift in Sources */ = {isa = PBXBuildFile; fileRef = 9EF8135F27F043CC0075AF48 /* AppDelegate.swift */; };
		9EF8139127F191BF0075AF48 /* WalletStorageInteractor.swift in Sources */ = {isa = PBXBuildFile; fileRef = 9EF8139027F191BF0075AF48 /* WalletStorageInteractor.swift */; };
		9EF8139827F1FAEC0075AF48 /* ZcashLightClientKit in Frameworks */ = {isa = PBXBuildFile; productRef = 9EF8139727F1FAEC0075AF48 /* ZcashLightClientKit */; };
		9EF8139C27F47AED0075AF48 /* InitializationState.swift in Sources */ = {isa = PBXBuildFile; fileRef = 9EF8139B27F47AED0075AF48 /* InitializationState.swift */; };
		F9322DC0273B555C00C105B5 /* NavigationLinks.swift in Sources */ = {isa = PBXBuildFile; fileRef = F9322DBF273B555C00C105B5 /* NavigationLinks.swift */; };
		F93673D62742CB840099C6AF /* Previews.swift in Sources */ = {isa = PBXBuildFile; fileRef = F93673D52742CB840099C6AF /* Previews.swift */; };
		F96B41E7273B501F0021B49A /* TransactionHistoryStore.swift in Sources */ = {isa = PBXBuildFile; fileRef = F96B41E3273B501F0021B49A /* TransactionHistoryStore.swift */; };
		F96B41E8273B501F0021B49A /* TransactionDetailView.swift in Sources */ = {isa = PBXBuildFile; fileRef = F96B41E5273B501F0021B49A /* TransactionDetailView.swift */; };
		F96B41E9273B501F0021B49A /* TransactionHistoryView.swift in Sources */ = {isa = PBXBuildFile; fileRef = F96B41E6273B501F0021B49A /* TransactionHistoryView.swift */; };
		F96B41EB273B50520021B49A /* Strings.swift in Sources */ = {isa = PBXBuildFile; fileRef = F96B41EA273B50520021B49A /* Strings.swift */; };
		F9971A4D27680DC400A2DB75 /* App.swift in Sources */ = {isa = PBXBuildFile; fileRef = F9971A4A27680DC400A2DB75 /* App.swift */; };
		F9971A4E27680DC400A2DB75 /* AppView.swift in Sources */ = {isa = PBXBuildFile; fileRef = F9971A4C27680DC400A2DB75 /* AppView.swift */; };
		F9971A5327680DD000A2DB75 /* ProfileStore.swift in Sources */ = {isa = PBXBuildFile; fileRef = F9971A5027680DD000A2DB75 /* ProfileStore.swift */; };
		F9971A5427680DD000A2DB75 /* ProfileView.swift in Sources */ = {isa = PBXBuildFile; fileRef = F9971A5227680DD000A2DB75 /* ProfileView.swift */; };
		F9971A5927680DDE00A2DB75 /* RequestStore.swift in Sources */ = {isa = PBXBuildFile; fileRef = F9971A5627680DDE00A2DB75 /* RequestStore.swift */; };
		F9971A5A27680DDE00A2DB75 /* RequestView.swift in Sources */ = {isa = PBXBuildFile; fileRef = F9971A5827680DDE00A2DB75 /* RequestView.swift */; };
		F9971A5F27680DF600A2DB75 /* ScanView.swift in Sources */ = {isa = PBXBuildFile; fileRef = F9971A5D27680DF600A2DB75 /* ScanView.swift */; };
		F9971A6027680DF600A2DB75 /* ScanStore.swift in Sources */ = {isa = PBXBuildFile; fileRef = F9971A5E27680DF600A2DB75 /* ScanStore.swift */; };
		F9971A6527680DFE00A2DB75 /* Settings.swift in Sources */ = {isa = PBXBuildFile; fileRef = F9971A6227680DFE00A2DB75 /* Settings.swift */; };
		F9971A6627680DFE00A2DB75 /* SettingsView.swift in Sources */ = {isa = PBXBuildFile; fileRef = F9971A6427680DFE00A2DB75 /* SettingsView.swift */; };
		F9971A6B27680E1000A2DB75 /* WalletInfo.swift in Sources */ = {isa = PBXBuildFile; fileRef = F9971A6827680E1000A2DB75 /* WalletInfo.swift */; };
		F9971A6C27680E1000A2DB75 /* WalletInfoView.swift in Sources */ = {isa = PBXBuildFile; fileRef = F9971A6A27680E1000A2DB75 /* WalletInfoView.swift */; };
		F9C165B4274031F600592F76 /* Bindings.swift in Sources */ = {isa = PBXBuildFile; fileRef = F9C165B3274031F600592F76 /* Bindings.swift */; };
		F9C165BF2740403600592F76 /* SendStore.swift in Sources */ = {isa = PBXBuildFile; fileRef = F9C165B72740403600592F76 /* SendStore.swift */; };
		F9C165C02740403600592F76 /* ConfirmationView.swift in Sources */ = {isa = PBXBuildFile; fileRef = F9C165B92740403600592F76 /* ConfirmationView.swift */; };
		F9C165C22740403600592F76 /* CreateView.swift in Sources */ = {isa = PBXBuildFile; fileRef = F9C165BB2740403600592F76 /* CreateView.swift */; };
		F9C165C42740403600592F76 /* SentView.swift in Sources */ = {isa = PBXBuildFile; fileRef = F9C165BD2740403600592F76 /* SentView.swift */; };
		F9C165CB2741AB5D00592F76 /* SendView.swift in Sources */ = {isa = PBXBuildFile; fileRef = F9C165CA2741AB5D00592F76 /* SendView.swift */; };
		F9EEB8162742C2210032EEB8 /* WithStateBinding.swift in Sources */ = {isa = PBXBuildFile; fileRef = F9EEB8152742C2210032EEB8 /* WithStateBinding.swift */; };
/* End PBXBuildFile section */

/* Begin PBXContainerItemProxy section */
		0D4E7A1726B364180058B01E /* PBXContainerItemProxy */ = {
			isa = PBXContainerItemProxy;
			containerPortal = 0D4E79FD26B364170058B01E /* Project object */;
			proxyType = 1;
			remoteGlobalIDString = 0D4E7A0426B364170058B01E;
			remoteInfo = secant;
		};
		0D4E7A2226B364180058B01E /* PBXContainerItemProxy */ = {
			isa = PBXContainerItemProxy;
			containerPortal = 0D4E79FD26B364170058B01E /* Project object */;
			proxyType = 1;
			remoteGlobalIDString = 0D4E7A0426B364170058B01E;
			remoteInfo = secant;
		};
/* End PBXContainerItemProxy section */

/* Begin PBXFileReference section */
		0D0781C3278750E30083ACD7 /* WelcomeView.swift */ = {isa = PBXFileReference; lastKnownFileType = sourcecode.swift; path = WelcomeView.swift; sourceTree = "<group>"; };
		0D0781C7278776D20083ACD7 /* ZcashSymbol.swift */ = {isa = PBXFileReference; fileEncoding = 4; lastKnownFileType = sourcecode.swift; path = ZcashSymbol.swift; sourceTree = "<group>"; };
		0D185818272723FF0046B928 /* ColoredChip.swift */ = {isa = PBXFileReference; lastKnownFileType = sourcecode.swift; path = ColoredChip.swift; sourceTree = "<group>"; };
		0D18581A272728D60046B928 /* PhraseChip.swift */ = {isa = PBXFileReference; lastKnownFileType = sourcecode.swift; path = PhraseChip.swift; sourceTree = "<group>"; };
		0D1C1AA227611EFD0004AF6A /* RecoveryPhraseDisplayReducerTests.swift */ = {isa = PBXFileReference; lastKnownFileType = sourcecode.swift; path = RecoveryPhraseDisplayReducerTests.swift; sourceTree = "<group>"; };
		0D2ACE7F26C2C67100D62E3C /* Zboto.otf */ = {isa = PBXFileReference; lastKnownFileType = file; path = Zboto.otf; sourceTree = "<group>"; };
		0D354A0626D5A9D000315F45 /* Services.swift */ = {isa = PBXFileReference; fileEncoding = 4; lastKnownFileType = sourcecode.swift; path = Services.swift; sourceTree = "<group>"; };
		0D35CC45277A36E00074316A /* ScrollableWhenScaled.swift */ = {isa = PBXFileReference; lastKnownFileType = sourcecode.swift; path = ScrollableWhenScaled.swift; sourceTree = "<group>"; };
		0D3D04072728B3440032ABC1 /* RecoveryPhraseDisplayView.swift */ = {isa = PBXFileReference; lastKnownFileType = sourcecode.swift; path = RecoveryPhraseDisplayView.swift; sourceTree = "<group>"; };
		0D3D04092728B3A10032ABC1 /* RecoveryPhraseDisplayStore.swift */ = {isa = PBXFileReference; lastKnownFileType = sourcecode.swift; path = RecoveryPhraseDisplayStore.swift; sourceTree = "<group>"; };
		0D4E7A0526B364170058B01E /* secant-testnet.app */ = {isa = PBXFileReference; explicitFileType = wrapper.application; includeInIndex = 0; path = "secant-testnet.app"; sourceTree = BUILT_PRODUCTS_DIR; };
		0D4E7A0826B364170058B01E /* SecantApp.swift */ = {isa = PBXFileReference; lastKnownFileType = sourcecode.swift; path = SecantApp.swift; sourceTree = "<group>"; };
		0D4E7A0C26B364180058B01E /* Assets.xcassets */ = {isa = PBXFileReference; lastKnownFileType = folder.assetcatalog; path = Assets.xcassets; sourceTree = "<group>"; };
		0D4E7A0F26B364180058B01E /* Preview Assets.xcassets */ = {isa = PBXFileReference; lastKnownFileType = folder.assetcatalog; path = "Preview Assets.xcassets"; sourceTree = "<group>"; };
		0D4E7A1126B364180058B01E /* Info.plist */ = {isa = PBXFileReference; lastKnownFileType = text.plist.xml; path = Info.plist; sourceTree = "<group>"; };
		0D4E7A1626B364180058B01E /* secantTests.xctest */ = {isa = PBXFileReference; explicitFileType = wrapper.cfbundle; includeInIndex = 0; path = secantTests.xctest; sourceTree = BUILT_PRODUCTS_DIR; };
		0D4E7A1A26B364180058B01E /* secantTests.swift */ = {isa = PBXFileReference; lastKnownFileType = sourcecode.swift; path = secantTests.swift; sourceTree = "<group>"; };
		0D4E7A1C26B364180058B01E /* Info.plist */ = {isa = PBXFileReference; lastKnownFileType = text.plist.xml; path = Info.plist; sourceTree = "<group>"; };
		0D4E7A2126B364180058B01E /* secantUITests.xctest */ = {isa = PBXFileReference; explicitFileType = wrapper.cfbundle; includeInIndex = 0; path = secantUITests.xctest; sourceTree = BUILT_PRODUCTS_DIR; };
		0D4E7A2526B364180058B01E /* secantUITests.swift */ = {isa = PBXFileReference; lastKnownFileType = sourcecode.swift; path = secantUITests.swift; sourceTree = "<group>"; };
		0D4E7A2726B364180058B01E /* Info.plist */ = {isa = PBXFileReference; lastKnownFileType = text.plist.xml; path = Info.plist; sourceTree = "<group>"; };
		0D535FDC271F4214009A9E3E /* Rubik-Italic-VariableFont_wght.ttf */ = {isa = PBXFileReference; lastKnownFileType = file; path = "Rubik-Italic-VariableFont_wght.ttf"; sourceTree = "<group>"; };
		0D535FDD271F4214009A9E3E /* Rubik-VariableFont_wght.ttf */ = {isa = PBXFileReference; lastKnownFileType = file; path = "Rubik-VariableFont_wght.ttf"; sourceTree = "<group>"; };
		0D535FE1271F9476009A9E3E /* EnumeratedChip.swift */ = {isa = PBXFileReference; lastKnownFileType = sourcecode.swift; path = EnumeratedChip.swift; sourceTree = "<group>"; };
		0D5D16F426E24CCF00AD33D1 /* AppError.swift */ = {isa = PBXFileReference; lastKnownFileType = sourcecode.swift; path = AppError.swift; sourceTree = "<group>"; };
		0D6D628A276A528D002FB4CC /* DropDelegate.swift */ = {isa = PBXFileReference; fileEncoding = 4; lastKnownFileType = sourcecode.swift; path = DropDelegate.swift; sourceTree = "<group>"; };
		0D7CE63327349B5D0020E050 /* View+WhenDraggable.swift */ = {isa = PBXFileReference; lastKnownFileType = sourcecode.swift; path = "View+WhenDraggable.swift"; sourceTree = "<group>"; };
		0D7DF08B271DCC0E00530046 /* ScreenBackground.swift */ = {isa = PBXFileReference; lastKnownFileType = sourcecode.swift; path = ScreenBackground.swift; sourceTree = "<group>"; };
		0D8A43C3272AEEDE005A6414 /* SecantTextStyles.swift */ = {isa = PBXFileReference; lastKnownFileType = sourcecode.swift; path = SecantTextStyles.swift; sourceTree = "<group>"; };
		0D8A43C5272B129C005A6414 /* WordChipGrid.swift */ = {isa = PBXFileReference; lastKnownFileType = sourcecode.swift; path = WordChipGrid.swift; sourceTree = "<group>"; };
		0DA13CA426C1963000E3B610 /* Balance.swift */ = {isa = PBXFileReference; lastKnownFileType = sourcecode.swift; path = Balance.swift; sourceTree = "<group>"; };
		0DACFA7E27208CE00039EEA5 /* Clamped.swift */ = {isa = PBXFileReference; lastKnownFileType = sourcecode.swift; path = Clamped.swift; sourceTree = "<group>"; };
		0DACFA8027208D940039EEA5 /* UInt+SuperscriptText.swift */ = {isa = PBXFileReference; lastKnownFileType = sourcecode.swift; path = "UInt+SuperscriptText.swift"; sourceTree = "<group>"; };
		0DACFA8327209FA60039EEA5 /* Roboto-Bold.ttf */ = {isa = PBXFileReference; lastKnownFileType = file; path = "Roboto-Bold.ttf"; sourceTree = "<group>"; };
		0DACFA8427209FA60039EEA5 /* Roboto-LightItalic.ttf */ = {isa = PBXFileReference; lastKnownFileType = file; path = "Roboto-LightItalic.ttf"; sourceTree = "<group>"; };
		0DACFA8527209FA60039EEA5 /* Roboto-Italic.ttf */ = {isa = PBXFileReference; lastKnownFileType = file; path = "Roboto-Italic.ttf"; sourceTree = "<group>"; };
		0DACFA8627209FA60039EEA5 /* Roboto-Medium.ttf */ = {isa = PBXFileReference; lastKnownFileType = file; path = "Roboto-Medium.ttf"; sourceTree = "<group>"; };
		0DACFA8727209FA60039EEA5 /* Roboto-BoldItalic.ttf */ = {isa = PBXFileReference; lastKnownFileType = file; path = "Roboto-BoldItalic.ttf"; sourceTree = "<group>"; };
		0DACFA8827209FA60039EEA5 /* Roboto-Regular.ttf */ = {isa = PBXFileReference; lastKnownFileType = file; path = "Roboto-Regular.ttf"; sourceTree = "<group>"; };
		0DACFA8927209FA60039EEA5 /* Roboto-Thin.ttf */ = {isa = PBXFileReference; lastKnownFileType = file; path = "Roboto-Thin.ttf"; sourceTree = "<group>"; };
		0DACFA8A27209FA70039EEA5 /* Roboto-Black.ttf */ = {isa = PBXFileReference; lastKnownFileType = file; path = "Roboto-Black.ttf"; sourceTree = "<group>"; };
		0DACFA8B27209FA70039EEA5 /* Roboto-MediumItalic.ttf */ = {isa = PBXFileReference; lastKnownFileType = file; path = "Roboto-MediumItalic.ttf"; sourceTree = "<group>"; };
		0DACFA8C27209FA70039EEA5 /* Roboto-BlackItalic.ttf */ = {isa = PBXFileReference; lastKnownFileType = file; path = "Roboto-BlackItalic.ttf"; sourceTree = "<group>"; };
		0DACFA8D27209FA70039EEA5 /* Roboto-Light.ttf */ = {isa = PBXFileReference; lastKnownFileType = file; path = "Roboto-Light.ttf"; sourceTree = "<group>"; };
		0DACFA8F27209FA70039EEA5 /* Roboto-ThinItalic.ttf */ = {isa = PBXFileReference; lastKnownFileType = file; path = "Roboto-ThinItalic.ttf"; sourceTree = "<group>"; };
		0DB8AA80271DC7520035BC9D /* DesignGuide.swift */ = {isa = PBXFileReference; lastKnownFileType = sourcecode.swift; path = DesignGuide.swift; sourceTree = "<group>"; };
		0DC487C22772574C00BE6A63 /* ValidationSucceededView.swift */ = {isa = PBXFileReference; fileEncoding = 4; lastKnownFileType = sourcecode.swift; path = ValidationSucceededView.swift; sourceTree = "<group>"; };
		0DDB6A5027737D4A0012A410 /* ValidationFailedView.swift */ = {isa = PBXFileReference; lastKnownFileType = sourcecode.swift; path = ValidationFailedView.swift; sourceTree = "<group>"; };
		0DF2DC50272344E400FA31E2 /* EmptyChip.swift */ = {isa = PBXFileReference; lastKnownFileType = sourcecode.swift; path = EmptyChip.swift; sourceTree = "<group>"; };
		0DF2DC5327235E3E00FA31E2 /* View+InnerShadow.swift */ = {isa = PBXFileReference; lastKnownFileType = sourcecode.swift; path = "View+InnerShadow.swift"; sourceTree = "<group>"; };
		0DF482B92787ADA800EB37D6 /* ConditionalModifier.swift */ = {isa = PBXFileReference; lastKnownFileType = sourcecode.swift; path = ConditionalModifier.swift; sourceTree = "<group>"; };
		0DFE93DE272C6D4B000FCCA5 /* RecoveryPhraseBackupTests.swift */ = {isa = PBXFileReference; fileEncoding = 4; lastKnownFileType = sourcecode.swift; path = RecoveryPhraseBackupTests.swift; sourceTree = "<group>"; };
		0DFE93E0272C9ECB000FCCA5 /* RecoveryPhraseBackupValidationView.swift */ = {isa = PBXFileReference; lastKnownFileType = sourcecode.swift; path = RecoveryPhraseBackupValidationView.swift; sourceTree = "<group>"; };
		0DFE93E2272CA1AA000FCCA5 /* RecoveryPhraseValidation.swift */ = {isa = PBXFileReference; lastKnownFileType = sourcecode.swift; path = RecoveryPhraseValidation.swift; sourceTree = "<group>"; };
		0DFE93E5272CB6F7000FCCA5 /* RecoveryPhraseValidationTests.swift */ = {isa = PBXFileReference; lastKnownFileType = sourcecode.swift; path = RecoveryPhraseValidationTests.swift; sourceTree = "<group>"; };
		2E35F99127B28E7600EB79CD /* SingleLineTextField.swift */ = {isa = PBXFileReference; lastKnownFileType = sourcecode.swift; path = SingleLineTextField.swift; sourceTree = "<group>"; };
		2E35F99927B3E99C00EB79CD /* TextFieldTitleAccessoryButtonStyle.swift */ = {isa = PBXFileReference; lastKnownFileType = sourcecode.swift; path = TextFieldTitleAccessoryButtonStyle.swift; sourceTree = "<group>"; };
		2E58E73A274679F000B2B84B /* OnboardingHeaderView.swift */ = {isa = PBXFileReference; lastKnownFileType = sourcecode.swift; path = OnboardingHeaderView.swift; sourceTree = "<group>"; };
		2E5C03802738C570008BFFD3 /* OnboardingScreen.swift */ = {isa = PBXFileReference; lastKnownFileType = sourcecode.swift; path = OnboardingScreen.swift; sourceTree = "<group>"; };
		2E6CF8DC27D78319004DCD7A /* CurrencySelectionStore.swift */ = {isa = PBXFileReference; lastKnownFileType = sourcecode.swift; path = CurrencySelectionStore.swift; sourceTree = "<group>"; };
		2E8719CA27FB09990082C926 /* TransactionTextField.swift */ = {isa = PBXFileReference; lastKnownFileType = sourcecode.swift; path = TransactionTextField.swift; sourceTree = "<group>"; };
		2E8719CC27FB0D3B0082C926 /* TransactionCurrencySelector.swift */ = {isa = PBXFileReference; lastKnownFileType = sourcecode.swift; path = TransactionCurrencySelector.swift; sourceTree = "<group>"; };
		2EA11F5A27467EF800709571 /* OnboardingFooterView.swift */ = {isa = PBXFileReference; lastKnownFileType = sourcecode.swift; path = OnboardingFooterView.swift; sourceTree = "<group>"; };
		2EA11F5C27467F7700709571 /* OnboardingContentView.swift */ = {isa = PBXFileReference; lastKnownFileType = sourcecode.swift; path = OnboardingContentView.swift; sourceTree = "<group>"; };
		2EB1C5E727D77F6100BC43D7 /* TextFieldStore.swift */ = {isa = PBXFileReference; lastKnownFileType = sourcecode.swift; path = TextFieldStore.swift; sourceTree = "<group>"; };
		2EB7758627FC67FD00269373 /* TransactionInputStore.swift */ = {isa = PBXFileReference; lastKnownFileType = sourcecode.swift; path = TransactionInputStore.swift; sourceTree = "<group>"; };
		2EDA079F27EDE18C00D6F09B /* TextFieldInput.swift */ = {isa = PBXFileReference; lastKnownFileType = sourcecode.swift; path = TextFieldInput.swift; sourceTree = "<group>"; };
		2EDA07A127EDE1AE00D6F09B /* TextFieldFooter.swift */ = {isa = PBXFileReference; lastKnownFileType = sourcecode.swift; path = TextFieldFooter.swift; sourceTree = "<group>"; };
		2EDA07A327EDE2A900D6F09B /* DebugFrame.swift */ = {isa = PBXFileReference; lastKnownFileType = sourcecode.swift; path = DebugFrame.swift; sourceTree = "<group>"; };
		660558E8270C7A54009D6954 /* Colors.xcassets */ = {isa = PBXFileReference; lastKnownFileType = folder.assetcatalog; path = Colors.xcassets; sourceTree = "<group>"; };
		660558F5270C862F009D6954 /* Fonts+Generated.swift */ = {isa = PBXFileReference; fileEncoding = 4; lastKnownFileType = sourcecode.swift; path = "Fonts+Generated.swift"; sourceTree = "<group>"; };
		660558F6270C862F009D6954 /* XCAssets+Generated.swift */ = {isa = PBXFileReference; fileEncoding = 4; lastKnownFileType = sourcecode.swift; path = "XCAssets+Generated.swift"; sourceTree = "<group>"; };
		663FAB9B271D874D00E495F8 /* ActiveButton.swift */ = {isa = PBXFileReference; lastKnownFileType = sourcecode.swift; path = ActiveButton.swift; sourceTree = "<group>"; };
		663FAB9F271D876200E495F8 /* PrimaryButton.swift */ = {isa = PBXFileReference; lastKnownFileType = sourcecode.swift; path = PrimaryButton.swift; sourceTree = "<group>"; };
		663FABA1271D876C00E495F8 /* SecondaryButton.swift */ = {isa = PBXFileReference; lastKnownFileType = sourcecode.swift; path = SecondaryButton.swift; sourceTree = "<group>"; };
		6654C73D2715A41300901167 /* OnboardingStore.swift */ = {isa = PBXFileReference; lastKnownFileType = sourcecode.swift; path = OnboardingStore.swift; sourceTree = "<group>"; };
		6654C7402715A47300901167 /* Onboarding.swift */ = {isa = PBXFileReference; lastKnownFileType = sourcecode.swift; path = Onboarding.swift; sourceTree = "<group>"; };
		6654C7432715A4AC00901167 /* OnboardingStoreTests.swift */ = {isa = PBXFileReference; lastKnownFileType = sourcecode.swift; path = OnboardingStoreTests.swift; sourceTree = "<group>"; };
		665C963E272C26E600BC04FB /* CircularFrameBackground.swift */ = {isa = PBXFileReference; lastKnownFileType = sourcecode.swift; path = CircularFrameBackground.swift; sourceTree = "<group>"; };
		669FDAE8272C23B3007B9422 /* CircularFrame.swift */ = {isa = PBXFileReference; lastKnownFileType = sourcecode.swift; path = CircularFrame.swift; sourceTree = "<group>"; };
		669FDAEA272C23C2007B9422 /* CircularFrameBadge.swift */ = {isa = PBXFileReference; lastKnownFileType = sourcecode.swift; path = CircularFrameBadge.swift; sourceTree = "<group>"; };
		66A0807A271993C500118B79 /* OnboardingProgressIndicator.swift */ = {isa = PBXFileReference; lastKnownFileType = sourcecode.swift; path = OnboardingProgressIndicator.swift; sourceTree = "<group>"; };
		66D50667271D9B6100E51F0D /* NavigationButtonStyle.swift */ = {isa = PBXFileReference; lastKnownFileType = sourcecode.swift; path = NavigationButtonStyle.swift; sourceTree = "<group>"; };
		66DC733E271D88CC0053CBB6 /* StandardButtonStyle.swift */ = {isa = PBXFileReference; lastKnownFileType = sourcecode.swift; path = StandardButtonStyle.swift; sourceTree = "<group>"; };
		9E02B56927FED43E005B809B /* WrappedFileManager.swift */ = {isa = PBXFileReference; lastKnownFileType = sourcecode.swift; path = WrappedFileManager.swift; sourceTree = "<group>"; };
		9E02B56B27FED475005B809B /* DatabaseFilesTests.swift */ = {isa = PBXFileReference; lastKnownFileType = sourcecode.swift; path = DatabaseFilesTests.swift; sourceTree = "<group>"; };
		9E02B5C2280458D2005B809B /* WrappedDerivationTool.swift */ = {isa = PBXFileReference; lastKnownFileType = sourcecode.swift; path = WrappedDerivationTool.swift; sourceTree = "<group>"; };
		9E2AC10027D8EF0B0042AA47 /* MnemonicSeedPhraseProvider.swift */ = {isa = PBXFileReference; lastKnownFileType = sourcecode.swift; path = MnemonicSeedPhraseProvider.swift; sourceTree = "<group>"; };
		9E2AC10227DA28200042AA47 /* WalletStorage.swift */ = {isa = PBXFileReference; lastKnownFileType = sourcecode.swift; path = WalletStorage.swift; sourceTree = "<group>"; };
		9E2DF99827CF704D00649636 /* ImportWalletStore.swift */ = {isa = PBXFileReference; fileEncoding = 4; lastKnownFileType = sourcecode.swift; path = ImportWalletStore.swift; sourceTree = "<group>"; };
		9E2DF99A27CF704D00649636 /* ImportSeedEditor.swift */ = {isa = PBXFileReference; fileEncoding = 4; lastKnownFileType = sourcecode.swift; path = ImportSeedEditor.swift; sourceTree = "<group>"; };
		9E2DF99B27CF704D00649636 /* ImportWalletView.swift */ = {isa = PBXFileReference; fileEncoding = 4; lastKnownFileType = sourcecode.swift; path = ImportWalletView.swift; sourceTree = "<group>"; };
		9E2F1C8128095AFE004E65FE /* Int64+Zcash.swift */ = {isa = PBXFileReference; lastKnownFileType = sourcecode.swift; path = "Int64+Zcash.swift"; sourceTree = "<group>"; };
		9E2F1C832809B606004E65FE /* DebugMenu.swift */ = {isa = PBXFileReference; lastKnownFileType = sourcecode.swift; path = DebugMenu.swift; sourceTree = "<group>"; };
		9E2F1C8B280ED6A7004E65FE /* LaunchScreen.storyboard */ = {isa = PBXFileReference; lastKnownFileType = file.storyboard; path = LaunchScreen.storyboard; sourceTree = "<group>"; };
		9E2F1C8E280EDE09004E65FE /* Drawer.swift */ = {isa = PBXFileReference; lastKnownFileType = sourcecode.swift; path = Drawer.swift; sourceTree = "<group>"; };
		9E37A2B727C8F59F00AE57B3 /* Localizable.strings */ = {isa = PBXFileReference; lastKnownFileType = text.plist.strings; path = Localizable.strings; sourceTree = "<group>"; };
		9E4DC6DF27C409A100E657F4 /* NeumorphicDesignModifier.swift */ = {isa = PBXFileReference; lastKnownFileType = sourcecode.swift; path = NeumorphicDesignModifier.swift; sourceTree = "<group>"; };
		9E4DC6E127C4C6B700E657F4 /* SecantButtonStyles.swift */ = {isa = PBXFileReference; lastKnownFileType = sourcecode.swift; path = SecantButtonStyles.swift; sourceTree = "<group>"; };
		9E5BF63B2818305D00BA3F17 /* TransactionState.swift */ = {isa = PBXFileReference; lastKnownFileType = sourcecode.swift; path = TransactionState.swift; sourceTree = "<group>"; };
		9E5BF63E2819542C00BA3F17 /* TransactionHistoryTests.swift */ = {isa = PBXFileReference; lastKnownFileType = sourcecode.swift; path = TransactionHistoryTests.swift; sourceTree = "<group>"; };
		9E69A24C27FB002800A55317 /* Welcome.swift */ = {isa = PBXFileReference; lastKnownFileType = sourcecode.swift; path = Welcome.swift; sourceTree = "<group>"; };
		9E80B47127E4B34B008FF493 /* UserPreferencesStorage.swift */ = {isa = PBXFileReference; lastKnownFileType = sourcecode.swift; path = UserPreferencesStorage.swift; sourceTree = "<group>"; };
		9EAFEB812805793200199FC9 /* AppReducerTests.swift */ = {isa = PBXFileReference; lastKnownFileType = sourcecode.swift; path = AppReducerTests.swift; sourceTree = "<group>"; };
		9EAFEB83280597B700199FC9 /* WrappedSecItem.swift */ = {isa = PBXFileReference; lastKnownFileType = sourcecode.swift; path = WrappedSecItem.swift; sourceTree = "<group>"; };
		9EAFEB852805A23100199FC9 /* WrappedSecItemTests.swift */ = {isa = PBXFileReference; lastKnownFileType = sourcecode.swift; path = WrappedSecItemTests.swift; sourceTree = "<group>"; };
		9EAFEB872806E5AE00199FC9 /* WrappedSDKSynchronizer.swift */ = {isa = PBXFileReference; lastKnownFileType = sourcecode.swift; path = WrappedSDKSynchronizer.swift; sourceTree = "<group>"; };
		9EAFEB892806F48100199FC9 /* ZCashSDKEnvironment.swift */ = {isa = PBXFileReference; lastKnownFileType = sourcecode.swift; path = ZCashSDKEnvironment.swift; sourceTree = "<group>"; };
		9EAFEB8D2808183D00199FC9 /* SandboxView.swift */ = {isa = PBXFileReference; fileEncoding = 4; lastKnownFileType = sourcecode.swift; path = SandboxView.swift; sourceTree = "<group>"; };
		9EAFEB8E2808183D00199FC9 /* SandboxStore.swift */ = {isa = PBXFileReference; fileEncoding = 4; lastKnownFileType = sourcecode.swift; path = SandboxStore.swift; sourceTree = "<group>"; };
		9EBEF87927CE369800B4F343 /* RecoveryPhraseTestPreambleView.swift */ = {isa = PBXFileReference; fileEncoding = 4; lastKnownFileType = sourcecode.swift; path = RecoveryPhraseTestPreambleView.swift; sourceTree = "<group>"; };
		9ECAE56727FC713C0089A0EF /* DatabaseFiles.swift */ = {isa = PBXFileReference; lastKnownFileType = sourcecode.swift; path = DatabaseFiles.swift; sourceTree = "<group>"; };
		9EF8135A27ECC25E0075AF48 /* WalletStorageTests.swift */ = {isa = PBXFileReference; fileEncoding = 4; lastKnownFileType = sourcecode.swift; path = WalletStorageTests.swift; sourceTree = "<group>"; };
		9EF8135B27ECC25E0075AF48 /* UserPreferencesStorageTests.swift */ = {isa = PBXFileReference; fileEncoding = 4; lastKnownFileType = sourcecode.swift; path = UserPreferencesStorageTests.swift; sourceTree = "<group>"; };
		9EF8135F27F043CC0075AF48 /* AppDelegate.swift */ = {isa = PBXFileReference; lastKnownFileType = sourcecode.swift; path = AppDelegate.swift; sourceTree = "<group>"; };
		9EF8139027F191BF0075AF48 /* WalletStorageInteractor.swift */ = {isa = PBXFileReference; lastKnownFileType = sourcecode.swift; path = WalletStorageInteractor.swift; sourceTree = "<group>"; };
		9EF8139B27F47AED0075AF48 /* InitializationState.swift */ = {isa = PBXFileReference; lastKnownFileType = sourcecode.swift; path = InitializationState.swift; sourceTree = "<group>"; };
		F9322DBF273B555C00C105B5 /* NavigationLinks.swift */ = {isa = PBXFileReference; fileEncoding = 4; lastKnownFileType = sourcecode.swift; path = NavigationLinks.swift; sourceTree = "<group>"; };
		F93673D52742CB840099C6AF /* Previews.swift */ = {isa = PBXFileReference; fileEncoding = 4; lastKnownFileType = sourcecode.swift; path = Previews.swift; sourceTree = "<group>"; };
		F93874ED273C4DE200F0E875 /* HomeStore.swift */ = {isa = PBXFileReference; fileEncoding = 4; lastKnownFileType = sourcecode.swift; path = HomeStore.swift; sourceTree = "<group>"; };
		F93874EF273C4DE200F0E875 /* HomeView.swift */ = {isa = PBXFileReference; fileEncoding = 4; lastKnownFileType = sourcecode.swift; path = HomeView.swift; sourceTree = "<group>"; };
		F96B41E3273B501F0021B49A /* TransactionHistoryStore.swift */ = {isa = PBXFileReference; fileEncoding = 4; lastKnownFileType = sourcecode.swift; path = TransactionHistoryStore.swift; sourceTree = "<group>"; };
		F96B41E5273B501F0021B49A /* TransactionDetailView.swift */ = {isa = PBXFileReference; fileEncoding = 4; lastKnownFileType = sourcecode.swift; path = TransactionDetailView.swift; sourceTree = "<group>"; };
		F96B41E6273B501F0021B49A /* TransactionHistoryView.swift */ = {isa = PBXFileReference; fileEncoding = 4; lastKnownFileType = sourcecode.swift; path = TransactionHistoryView.swift; sourceTree = "<group>"; };
		F96B41EA273B50520021B49A /* Strings.swift */ = {isa = PBXFileReference; lastKnownFileType = sourcecode.swift; path = Strings.swift; sourceTree = "<group>"; };
		F9971A4A27680DC400A2DB75 /* App.swift */ = {isa = PBXFileReference; fileEncoding = 4; lastKnownFileType = sourcecode.swift; path = App.swift; sourceTree = "<group>"; };
		F9971A4C27680DC400A2DB75 /* AppView.swift */ = {isa = PBXFileReference; fileEncoding = 4; lastKnownFileType = sourcecode.swift; path = AppView.swift; sourceTree = "<group>"; };
		F9971A5027680DD000A2DB75 /* ProfileStore.swift */ = {isa = PBXFileReference; fileEncoding = 4; lastKnownFileType = sourcecode.swift; path = ProfileStore.swift; sourceTree = "<group>"; };
		F9971A5227680DD000A2DB75 /* ProfileView.swift */ = {isa = PBXFileReference; fileEncoding = 4; lastKnownFileType = sourcecode.swift; path = ProfileView.swift; sourceTree = "<group>"; };
		F9971A5627680DDE00A2DB75 /* RequestStore.swift */ = {isa = PBXFileReference; fileEncoding = 4; lastKnownFileType = sourcecode.swift; path = RequestStore.swift; sourceTree = "<group>"; };
		F9971A5827680DDE00A2DB75 /* RequestView.swift */ = {isa = PBXFileReference; fileEncoding = 4; lastKnownFileType = sourcecode.swift; path = RequestView.swift; sourceTree = "<group>"; };
		F9971A5D27680DF600A2DB75 /* ScanView.swift */ = {isa = PBXFileReference; fileEncoding = 4; lastKnownFileType = sourcecode.swift; path = ScanView.swift; sourceTree = "<group>"; };
		F9971A5E27680DF600A2DB75 /* ScanStore.swift */ = {isa = PBXFileReference; fileEncoding = 4; lastKnownFileType = sourcecode.swift; path = ScanStore.swift; sourceTree = "<group>"; };
		F9971A6227680DFE00A2DB75 /* Settings.swift */ = {isa = PBXFileReference; fileEncoding = 4; lastKnownFileType = sourcecode.swift; path = Settings.swift; sourceTree = "<group>"; };
		F9971A6427680DFE00A2DB75 /* SettingsView.swift */ = {isa = PBXFileReference; fileEncoding = 4; lastKnownFileType = sourcecode.swift; path = SettingsView.swift; sourceTree = "<group>"; };
		F9971A6827680E1000A2DB75 /* WalletInfo.swift */ = {isa = PBXFileReference; fileEncoding = 4; lastKnownFileType = sourcecode.swift; path = WalletInfo.swift; sourceTree = "<group>"; };
		F9971A6A27680E1000A2DB75 /* WalletInfoView.swift */ = {isa = PBXFileReference; fileEncoding = 4; lastKnownFileType = sourcecode.swift; path = WalletInfoView.swift; sourceTree = "<group>"; };
		F9C165B3274031F600592F76 /* Bindings.swift */ = {isa = PBXFileReference; lastKnownFileType = sourcecode.swift; path = Bindings.swift; sourceTree = "<group>"; };
		F9C165B72740403600592F76 /* SendStore.swift */ = {isa = PBXFileReference; fileEncoding = 4; lastKnownFileType = sourcecode.swift; path = SendStore.swift; sourceTree = "<group>"; };
		F9C165B92740403600592F76 /* ConfirmationView.swift */ = {isa = PBXFileReference; fileEncoding = 4; lastKnownFileType = sourcecode.swift; path = ConfirmationView.swift; sourceTree = "<group>"; };
		F9C165BB2740403600592F76 /* CreateView.swift */ = {isa = PBXFileReference; fileEncoding = 4; lastKnownFileType = sourcecode.swift; path = CreateView.swift; sourceTree = "<group>"; };
		F9C165BD2740403600592F76 /* SentView.swift */ = {isa = PBXFileReference; fileEncoding = 4; lastKnownFileType = sourcecode.swift; path = SentView.swift; sourceTree = "<group>"; };
		F9C165CA2741AB5D00592F76 /* SendView.swift */ = {isa = PBXFileReference; lastKnownFileType = sourcecode.swift; path = SendView.swift; sourceTree = "<group>"; };
		F9EEB8152742C2210032EEB8 /* WithStateBinding.swift */ = {isa = PBXFileReference; lastKnownFileType = sourcecode.swift; path = WithStateBinding.swift; sourceTree = "<group>"; };
/* End PBXFileReference section */

/* Begin PBXFrameworksBuildPhase section */
		0D4E7A0226B364170058B01E /* Frameworks */ = {
			isa = PBXFrameworksBuildPhase;
			buildActionMask = 2147483647;
			files = (
				9EF8139827F1FAEC0075AF48 /* ZcashLightClientKit in Frameworks */,
				9E2AC0FF27D8EC120042AA47 /* MnemonicSwift in Frameworks */,
				6654C73A2715A38000901167 /* ComposableArchitecture in Frameworks */,
			);
			runOnlyForDeploymentPostprocessing = 0;
		};
		0D4E7A1326B364180058B01E /* Frameworks */ = {
			isa = PBXFrameworksBuildPhase;
			buildActionMask = 2147483647;
			files = (
			);
			runOnlyForDeploymentPostprocessing = 0;
		};
		0D4E7A1E26B364180058B01E /* Frameworks */ = {
			isa = PBXFrameworksBuildPhase;
			buildActionMask = 2147483647;
			files = (
			);
			runOnlyForDeploymentPostprocessing = 0;
		};
/* End PBXFrameworksBuildPhase section */

/* Begin PBXGroup section */
		0D0781C2278750C00083ACD7 /* Welcome */ = {
			isa = PBXGroup;
			children = (
				9E69A24C27FB002800A55317 /* Welcome.swift */,
				0D0781C3278750E30083ACD7 /* WelcomeView.swift */,
			);
			path = Welcome;
			sourceTree = "<group>";
		};
		0D0781C5278776B90083ACD7 /* Shapes */ = {
			isa = PBXGroup;
			children = (
				0D0781C7278776D20083ACD7 /* ZcashSymbol.swift */,
			);
			path = Shapes;
			sourceTree = "<group>";
		};
		0D170A7426BC9B7500EB6A46 /* MockedDependencies */ = {
			isa = PBXGroup;
			children = (
				0D354A0626D5A9D000315F45 /* Services.swift */,
			);
			path = MockedDependencies;
			sourceTree = "<group>";
		};
		0D1922EB26BDD9A500052649 /* Screens */ = {
			isa = PBXGroup;
			children = (
				2E5C037F2738C55F008BFFD3 /* Onboarding */,
			);
			path = Screens;
			sourceTree = "<group>";
		};
		0D2ACE7E26C2C65E00D62E3C /* Fonts */ = {
			isa = PBXGroup;
			children = (
				0DACFA8227209F930039EEA5 /* Roboto */,
				0D535FDB271F3B50009A9E3E /* Rubik */,
				0D2ACE7F26C2C67100D62E3C /* Zboto.otf */,
			);
			path = Fonts;
			sourceTree = "<group>";
		};
		0D3D04052728B2D70032ABC1 /* BackupFlow */ = {
			isa = PBXGroup;
			children = (
				9EBEF87827CE365D00B4F343 /* Preamble */,
				0D6D628A276A528D002FB4CC /* DropDelegate.swift */,
				0D3D04062728B2EC0032ABC1 /* Views */,
				0D3D04092728B3A10032ABC1 /* RecoveryPhraseDisplayStore.swift */,
				0DFE93E2272CA1AA000FCCA5 /* RecoveryPhraseValidation.swift */,
				0D7CE63327349B5D0020E050 /* View+WhenDraggable.swift */,
			);
			path = BackupFlow;
			sourceTree = "<group>";
		};
		0D3D04062728B2EC0032ABC1 /* Views */ = {
			isa = PBXGroup;
			children = (
				0DC487C22772574C00BE6A63 /* ValidationSucceededView.swift */,
				0D3D04072728B3440032ABC1 /* RecoveryPhraseDisplayView.swift */,
				0D8A43C5272B129C005A6414 /* WordChipGrid.swift */,
				0DFE93E0272C9ECB000FCCA5 /* RecoveryPhraseBackupValidationView.swift */,
				0DDB6A5027737D4A0012A410 /* ValidationFailedView.swift */,
			);
			path = Views;
			sourceTree = "<group>";
		};
		0D4E79FC26B364170058B01E = {
			isa = PBXGroup;
			children = (
				0D4E7A0726B364170058B01E /* secant */,
				0D4E7A1926B364180058B01E /* secantTests */,
				0D4E7A2426B364180058B01E /* secantUITests */,
				0D4E7A0626B364170058B01E /* Products */,
			);
			sourceTree = "<group>";
		};
		0D4E7A0626B364170058B01E /* Products */ = {
			isa = PBXGroup;
			children = (
				0D4E7A0526B364170058B01E /* secant-testnet.app */,
				0D4E7A1626B364180058B01E /* secantTests.xctest */,
				0D4E7A2126B364180058B01E /* secantUITests.xctest */,
			);
			name = Products;
			sourceTree = "<group>";
		};
		0D4E7A0726B364170058B01E /* secant */ = {
			isa = PBXGroup;
			children = (
				9E02B56827FED42D005B809B /* Wrappers */,
				0DACFA7D27208CC80039EEA5 /* Util */,
				6654C73B2715A3F000901167 /* Features */,
				660558F4270C85F7009D6954 /* Generated */,
				0D5D16F326E24CB900AD33D1 /* AppErrors */,
				0D2ACE7E26C2C65E00D62E3C /* Fonts */,
				0DA13CA326C1960A00E3B610 /* Models */,
				0DA13C9126C15E1900E3B610 /* UIComponents */,
				0D1922EB26BDD9A500052649 /* Screens */,
				0D170A7426BC9B7500EB6A46 /* MockedDependencies */,
				0D4E7A0826B364170058B01E /* SecantApp.swift */,
				0D4E7A0C26B364180058B01E /* Assets.xcassets */,
				660558E8270C7A54009D6954 /* Colors.xcassets */,
				9E37A2B727C8F59F00AE57B3 /* Localizable.strings */,
				9E2F1C8B280ED6A7004E65FE /* LaunchScreen.storyboard */,
				0D4E7A1126B364180058B01E /* Info.plist */,
				0D4E7A0E26B364180058B01E /* Preview Content */,
			);
			path = secant;
			sourceTree = "<group>";
		};
		0D4E7A0E26B364180058B01E /* Preview Content */ = {
			isa = PBXGroup;
			children = (
				0D4E7A0F26B364180058B01E /* Preview Assets.xcassets */,
			);
			path = "Preview Content";
			sourceTree = "<group>";
		};
		0D4E7A1926B364180058B01E /* secantTests */ = {
			isa = PBXGroup;
			children = (
				9E5BF63D281953F900BA3F17 /* TransactionHistoryTests */,
				9EAFEB802805791400199FC9 /* AppReducerTests */,
				9EF8135927ECC25E0075AF48 /* UtilTests */,
				0DFE93E4272CB6D0000FCCA5 /* RecoveryPhraseValidationTests */,
				0DFE93DD272C6D4B000FCCA5 /* BackupFlowTests */,
				6654C7422715A48E00901167 /* OnboardingTests */,
				0D4E7A1A26B364180058B01E /* secantTests.swift */,
				0D4E7A1C26B364180058B01E /* Info.plist */,
			);
			path = secantTests;
			sourceTree = "<group>";
		};
		0D4E7A2426B364180058B01E /* secantUITests */ = {
			isa = PBXGroup;
			children = (
				0D4E7A2526B364180058B01E /* secantUITests.swift */,
				0D4E7A2726B364180058B01E /* Info.plist */,
			);
			path = secantUITests;
			sourceTree = "<group>";
		};
		0D535FDB271F3B50009A9E3E /* Rubik */ = {
			isa = PBXGroup;
			children = (
				0D535FDC271F4214009A9E3E /* Rubik-Italic-VariableFont_wght.ttf */,
				0D535FDD271F4214009A9E3E /* Rubik-VariableFont_wght.ttf */,
			);
			path = Rubik;
			sourceTree = "<group>";
		};
		0D535FE0271F945C009A9E3E /* Chips */ = {
			isa = PBXGroup;
			children = (
				0D535FE1271F9476009A9E3E /* EnumeratedChip.swift */,
				0DF2DC50272344E400FA31E2 /* EmptyChip.swift */,
				0D185818272723FF0046B928 /* ColoredChip.swift */,
				0D18581A272728D60046B928 /* PhraseChip.swift */,
			);
			path = Chips;
			sourceTree = "<group>";
		};
		0D5D16F326E24CB900AD33D1 /* AppErrors */ = {
			isa = PBXGroup;
			children = (
				0D5D16F426E24CCF00AD33D1 /* AppError.swift */,
			);
			path = AppErrors;
			sourceTree = "<group>";
		};
		0D8A43C2272AEEA7005A6414 /* FontStyles */ = {
			isa = PBXGroup;
			children = (
				0D8A43C3272AEEDE005A6414 /* SecantTextStyles.swift */,
				9E4DC6E127C4C6B700E657F4 /* SecantButtonStyles.swift */,
			);
			path = FontStyles;
			sourceTree = "<group>";
		};
		0DA13C9126C15E1900E3B610 /* UIComponents */ = {
			isa = PBXGroup;
			children = (
				9E2F1C8D280EDDEF004E65FE /* Drawer */,
				2E35F99027B28E6800EB79CD /* TextFields */,
				0D0781C5278776B90083ACD7 /* Shapes */,
				0D8A43C2272AEEA7005A6414 /* FontStyles */,
				669FDAE7272C239D007B9422 /* CircularFrame */,
				0DB8AA80271DC7520035BC9D /* DesignGuide.swift */,
				0DF2DC5227235E1F00FA31E2 /* Extensions */,
				0D535FE0271F945C009A9E3E /* Chips */,
				663FAB9A271D873300E495F8 /* Buttons */,
				669FDAE5272C2371007B9422 /* ProgressIndicators */,
				669FDAE6272C2380007B9422 /* Backgrounds */,
			);
			path = UIComponents;
			sourceTree = "<group>";
		};
		0DA13CA326C1960A00E3B610 /* Models */ = {
			isa = PBXGroup;
			children = (
				0DA13CA426C1963000E3B610 /* Balance.swift */,
			);
			path = Models;
			sourceTree = "<group>";
		};
		0DACFA7D27208CC80039EEA5 /* Util */ = {
			isa = PBXGroup;
			children = (
				0DACFA7E27208CE00039EEA5 /* Clamped.swift */,
				0DACFA8027208D940039EEA5 /* UInt+SuperscriptText.swift */,
				F96B41EA273B50520021B49A /* Strings.swift */,
				F9322DBF273B555C00C105B5 /* NavigationLinks.swift */,
				F9C165B3274031F600592F76 /* Bindings.swift */,
				F9EEB8152742C2210032EEB8 /* WithStateBinding.swift */,
				F93673D52742CB840099C6AF /* Previews.swift */,
				0D35CC45277A36E00074316A /* ScrollableWhenScaled.swift */,
				2EDA07A327EDE2A900D6F09B /* DebugFrame.swift */,
				9E2AC10027D8EF0B0042AA47 /* MnemonicSeedPhraseProvider.swift */,
				9E2AC10227DA28200042AA47 /* WalletStorage.swift */,
				9E80B47127E4B34B008FF493 /* UserPreferencesStorage.swift */,
				9EF8139B27F47AED0075AF48 /* InitializationState.swift */,
				9EF8139027F191BF0075AF48 /* WalletStorageInteractor.swift */,
				9ECAE56727FC713C0089A0EF /* DatabaseFiles.swift */,
				9EAFEB892806F48100199FC9 /* ZCashSDKEnvironment.swift */,
				9E2F1C8128095AFE004E65FE /* Int64+Zcash.swift */,
				9E2F1C832809B606004E65FE /* DebugMenu.swift */,
			);
			path = Util;
			sourceTree = "<group>";
		};
		0DACFA8227209F930039EEA5 /* Roboto */ = {
			isa = PBXGroup;
			children = (
				0DACFA8A27209FA70039EEA5 /* Roboto-Black.ttf */,
				0DACFA8C27209FA70039EEA5 /* Roboto-BlackItalic.ttf */,
				0DACFA8327209FA60039EEA5 /* Roboto-Bold.ttf */,
				0DACFA8727209FA60039EEA5 /* Roboto-BoldItalic.ttf */,
				0DACFA8527209FA60039EEA5 /* Roboto-Italic.ttf */,
				0DACFA8D27209FA70039EEA5 /* Roboto-Light.ttf */,
				0DACFA8427209FA60039EEA5 /* Roboto-LightItalic.ttf */,
				0DACFA8627209FA60039EEA5 /* Roboto-Medium.ttf */,
				0DACFA8B27209FA70039EEA5 /* Roboto-MediumItalic.ttf */,
				0DACFA8827209FA60039EEA5 /* Roboto-Regular.ttf */,
				0DACFA8927209FA60039EEA5 /* Roboto-Thin.ttf */,
				0DACFA8F27209FA70039EEA5 /* Roboto-ThinItalic.ttf */,
			);
			path = Roboto;
			sourceTree = "<group>";
		};
		0DF2DC5227235E1F00FA31E2 /* Extensions */ = {
			isa = PBXGroup;
			children = (
				0DF2DC5327235E3E00FA31E2 /* View+InnerShadow.swift */,
				0DF482B92787ADA800EB37D6 /* ConditionalModifier.swift */,
			);
			path = Extensions;
			sourceTree = "<group>";
		};
		0DFE93DD272C6D4B000FCCA5 /* BackupFlowTests */ = {
			isa = PBXGroup;
			children = (
				0D1C1AA227611EFD0004AF6A /* RecoveryPhraseDisplayReducerTests.swift */,
				0DFE93DE272C6D4B000FCCA5 /* RecoveryPhraseBackupTests.swift */,
			);
			path = BackupFlowTests;
			sourceTree = "<group>";
		};
		0DFE93E4272CB6D0000FCCA5 /* RecoveryPhraseValidationTests */ = {
			isa = PBXGroup;
			children = (
				0DFE93E5272CB6F7000FCCA5 /* RecoveryPhraseValidationTests.swift */,
			);
			path = RecoveryPhraseValidationTests;
			sourceTree = "<group>";
		};
		2E35F99027B28E6800EB79CD /* TextFields */ = {
			isa = PBXGroup;
			children = (
				2E8719CA27FB09990082C926 /* TransactionTextField.swift */,
				2E8719CC27FB0D3B0082C926 /* TransactionCurrencySelector.swift */,
				2EB7758627FC67FD00269373 /* TransactionInputStore.swift */,
				2E6CF8DC27D78319004DCD7A /* CurrencySelectionStore.swift */,
				2EDA07A527EDE31100D6F09B /* Components */,
			);
			path = TextFields;
			sourceTree = "<group>";
		};
		2E5C037F2738C55F008BFFD3 /* Onboarding */ = {
			isa = PBXGroup;
			children = (
				2E5C03802738C570008BFFD3 /* OnboardingScreen.swift */,
				2E58E73A274679F000B2B84B /* OnboardingHeaderView.swift */,
				2EA11F5C27467F7700709571 /* OnboardingContentView.swift */,
				2EA11F5A27467EF800709571 /* OnboardingFooterView.swift */,
			);
			path = Onboarding;
			sourceTree = "<group>";
		};
		2EDA07A527EDE31100D6F09B /* Components */ = {
			isa = PBXGroup;
			children = (
				2E35F99127B28E7600EB79CD /* SingleLineTextField.swift */,
				2EDA079F27EDE18C00D6F09B /* TextFieldInput.swift */,
				2EDA07A127EDE1AE00D6F09B /* TextFieldFooter.swift */,
				2E35F99927B3E99C00EB79CD /* TextFieldTitleAccessoryButtonStyle.swift */,
				2EB1C5E727D77F6100BC43D7 /* TextFieldStore.swift */,
			);
			path = Components;
			sourceTree = "<group>";
		};
		660558F4270C85F7009D6954 /* Generated */ = {
			isa = PBXGroup;
			children = (
				660558F5270C862F009D6954 /* Fonts+Generated.swift */,
				660558F6270C862F009D6954 /* XCAssets+Generated.swift */,
			);
			path = Generated;
			sourceTree = "<group>";
		};
		663FAB9A271D873300E495F8 /* Buttons */ = {
			isa = PBXGroup;
			children = (
				66DC733E271D88CC0053CBB6 /* StandardButtonStyle.swift */,
				663FAB9B271D874D00E495F8 /* ActiveButton.swift */,
				663FAB9F271D876200E495F8 /* PrimaryButton.swift */,
				663FABA1271D876C00E495F8 /* SecondaryButton.swift */,
				66D50667271D9B6100E51F0D /* NavigationButtonStyle.swift */,
				9E4DC6DF27C409A100E657F4 /* NeumorphicDesignModifier.swift */,
			);
			path = Buttons;
			sourceTree = "<group>";
		};
		6654C73B2715A3F000901167 /* Features */ = {
			isa = PBXGroup;
			children = (
				9EAFEB8B2808174900199FC9 /* Sandbox */,
				0D0781C2278750C00083ACD7 /* Welcome */,
				F9971A4927680DC400A2DB75 /* App */,
				F93874EC273C4DE200F0E875 /* Home */,
				F9971A4F27680DD000A2DB75 /* Profile */,
				F9971A5527680DDE00A2DB75 /* Request */,
				F9971A5B27680DF600A2DB75 /* Scan */,
				F9C165B62740403600592F76 /* Send */,
				F9971A6127680DFE00A2DB75 /* Settings */,
				F96B41E2273B501F0021B49A /* TransactionHistory */,
				0D3D04052728B2D70032ABC1 /* BackupFlow */,
				6654C73C2715A3FA00901167 /* Onboarding */,
				F9971A6727680E1000A2DB75 /* WalletInfo */,
				9E2DF99727CF704D00649636 /* ImportWallet */,
			);
			path = Features;
			sourceTree = "<group>";
		};
		6654C73C2715A3FA00901167 /* Onboarding */ = {
			isa = PBXGroup;
			children = (
				6654C73D2715A41300901167 /* OnboardingStore.swift */,
				6654C73F2715A45900901167 /* Views */,
			);
			path = Onboarding;
			sourceTree = "<group>";
		};
		6654C73F2715A45900901167 /* Views */ = {
			isa = PBXGroup;
			children = (
				6654C7402715A47300901167 /* Onboarding.swift */,
			);
			path = Views;
			sourceTree = "<group>";
		};
		6654C7422715A48E00901167 /* OnboardingTests */ = {
			isa = PBXGroup;
			children = (
				6654C7432715A4AC00901167 /* OnboardingStoreTests.swift */,
			);
			path = OnboardingTests;
			sourceTree = "<group>";
		};
		669FDAE5272C2371007B9422 /* ProgressIndicators */ = {
			isa = PBXGroup;
			children = (
				66A0807A271993C500118B79 /* OnboardingProgressIndicator.swift */,
			);
			path = ProgressIndicators;
			sourceTree = "<group>";
		};
		669FDAE6272C2380007B9422 /* Backgrounds */ = {
			isa = PBXGroup;
			children = (
				0D7DF08B271DCC0E00530046 /* ScreenBackground.swift */,
			);
			path = Backgrounds;
			sourceTree = "<group>";
		};
		669FDAE7272C239D007B9422 /* CircularFrame */ = {
			isa = PBXGroup;
			children = (
				669FDAE8272C23B3007B9422 /* CircularFrame.swift */,
				669FDAEA272C23C2007B9422 /* CircularFrameBadge.swift */,
				665C963E272C26E600BC04FB /* CircularFrameBackground.swift */,
			);
			path = CircularFrame;
			sourceTree = "<group>";
		};
		9E02B56827FED42D005B809B /* Wrappers */ = {
			isa = PBXGroup;
			children = (
				9E02B56927FED43E005B809B /* WrappedFileManager.swift */,
				9EAFEB83280597B700199FC9 /* WrappedSecItem.swift */,
				9E02B5C2280458D2005B809B /* WrappedDerivationTool.swift */,
				9EAFEB872806E5AE00199FC9 /* WrappedSDKSynchronizer.swift */,
			);
			path = Wrappers;
			sourceTree = "<group>";
		};
		9E2DF99727CF704D00649636 /* ImportWallet */ = {
			isa = PBXGroup;
			children = (
				9E2DF99827CF704D00649636 /* ImportWalletStore.swift */,
				9E2DF99927CF704D00649636 /* Views */,
			);
			path = ImportWallet;
			sourceTree = "<group>";
		};
		9E2DF99927CF704D00649636 /* Views */ = {
			isa = PBXGroup;
			children = (
				9E2DF99A27CF704D00649636 /* ImportSeedEditor.swift */,
				9E2DF99B27CF704D00649636 /* ImportWalletView.swift */,
			);
			path = Views;
			sourceTree = "<group>";
		};
		9E2F1C8D280EDDEF004E65FE /* Drawer */ = {
			isa = PBXGroup;
			children = (
				9E2F1C8E280EDE09004E65FE /* Drawer.swift */,
			);
			path = Drawer;
			sourceTree = "<group>";
		};
		9E5BF63D281953F900BA3F17 /* TransactionHistoryTests */ = {
			isa = PBXGroup;
			children = (
				9E5BF63E2819542C00BA3F17 /* TransactionHistoryTests.swift */,
			);
			path = TransactionHistoryTests;
			sourceTree = "<group>";
		};
		9EAFEB802805791400199FC9 /* AppReducerTests */ = {
			isa = PBXGroup;
			children = (
				9EAFEB812805793200199FC9 /* AppReducerTests.swift */,
			);
			path = AppReducerTests;
			sourceTree = "<group>";
		};
		9EAFEB8B2808174900199FC9 /* Sandbox */ = {
			isa = PBXGroup;
			children = (
				9EAFEB8E2808183D00199FC9 /* SandboxStore.swift */,
				9EAFEB8C2808183D00199FC9 /* Views */,
			);
			path = Sandbox;
			sourceTree = "<group>";
		};
		9EAFEB8C2808183D00199FC9 /* Views */ = {
			isa = PBXGroup;
			children = (
				9EAFEB8D2808183D00199FC9 /* SandboxView.swift */,
			);
			path = Views;
			sourceTree = "<group>";
		};
		9EBEF87827CE365D00B4F343 /* Preamble */ = {
			isa = PBXGroup;
			children = (
				9EBEF87927CE369800B4F343 /* RecoveryPhraseTestPreambleView.swift */,
			);
			path = Preamble;
			sourceTree = "<group>";
		};
		9EF8135927ECC25E0075AF48 /* UtilTests */ = {
			isa = PBXGroup;
			children = (
				9EF8135A27ECC25E0075AF48 /* WalletStorageTests.swift */,
				9EAFEB852805A23100199FC9 /* WrappedSecItemTests.swift */,
				9EF8135B27ECC25E0075AF48 /* UserPreferencesStorageTests.swift */,
				9E02B56B27FED475005B809B /* DatabaseFilesTests.swift */,
			);
			path = UtilTests;
			sourceTree = "<group>";
		};
		F93874EC273C4DE200F0E875 /* Home */ = {
			isa = PBXGroup;
			children = (
				F93874ED273C4DE200F0E875 /* HomeStore.swift */,
				F93874EE273C4DE200F0E875 /* Views */,
			);
			path = Home;
			sourceTree = "<group>";
		};
		F93874EE273C4DE200F0E875 /* Views */ = {
			isa = PBXGroup;
			children = (
				F93874EF273C4DE200F0E875 /* HomeView.swift */,
			);
			path = Views;
			sourceTree = "<group>";
		};
		F96B41E2273B501F0021B49A /* TransactionHistory */ = {
			isa = PBXGroup;
			children = (
				F96B41E3273B501F0021B49A /* TransactionHistoryStore.swift */,
				9E5BF63B2818305D00BA3F17 /* TransactionState.swift */,
				F96B41E4273B501F0021B49A /* Views */,
			);
			path = TransactionHistory;
			sourceTree = "<group>";
		};
		F96B41E4273B501F0021B49A /* Views */ = {
			isa = PBXGroup;
			children = (
				F96B41E5273B501F0021B49A /* TransactionDetailView.swift */,
				F96B41E6273B501F0021B49A /* TransactionHistoryView.swift */,
			);
			path = Views;
			sourceTree = "<group>";
		};
		F9971A4927680DC400A2DB75 /* App */ = {
			isa = PBXGroup;
			children = (
				F9971A4A27680DC400A2DB75 /* App.swift */,
				9EF8135F27F043CC0075AF48 /* AppDelegate.swift */,
				F9971A4B27680DC400A2DB75 /* Views */,
			);
			path = App;
			sourceTree = "<group>";
		};
		F9971A4B27680DC400A2DB75 /* Views */ = {
			isa = PBXGroup;
			children = (
				F9971A4C27680DC400A2DB75 /* AppView.swift */,
			);
			path = Views;
			sourceTree = "<group>";
		};
		F9971A4F27680DD000A2DB75 /* Profile */ = {
			isa = PBXGroup;
			children = (
				F9971A5027680DD000A2DB75 /* ProfileStore.swift */,
				F9971A5127680DD000A2DB75 /* Views */,
			);
			path = Profile;
			sourceTree = "<group>";
		};
		F9971A5127680DD000A2DB75 /* Views */ = {
			isa = PBXGroup;
			children = (
				F9971A5227680DD000A2DB75 /* ProfileView.swift */,
			);
			path = Views;
			sourceTree = "<group>";
		};
		F9971A5527680DDE00A2DB75 /* Request */ = {
			isa = PBXGroup;
			children = (
				F9971A5627680DDE00A2DB75 /* RequestStore.swift */,
				F9971A5727680DDE00A2DB75 /* Views */,
			);
			path = Request;
			sourceTree = "<group>";
		};
		F9971A5727680DDE00A2DB75 /* Views */ = {
			isa = PBXGroup;
			children = (
				F9971A5827680DDE00A2DB75 /* RequestView.swift */,
			);
			path = Views;
			sourceTree = "<group>";
		};
		F9971A5B27680DF600A2DB75 /* Scan */ = {
			isa = PBXGroup;
			children = (
				F9971A5E27680DF600A2DB75 /* ScanStore.swift */,
				F9971A5C27680DF600A2DB75 /* Views */,
			);
			path = Scan;
			sourceTree = "<group>";
		};
		F9971A5C27680DF600A2DB75 /* Views */ = {
			isa = PBXGroup;
			children = (
				F9971A5D27680DF600A2DB75 /* ScanView.swift */,
			);
			path = Views;
			sourceTree = "<group>";
		};
		F9971A6127680DFE00A2DB75 /* Settings */ = {
			isa = PBXGroup;
			children = (
				F9971A6227680DFE00A2DB75 /* Settings.swift */,
				F9971A6327680DFE00A2DB75 /* Views */,
			);
			path = Settings;
			sourceTree = "<group>";
		};
		F9971A6327680DFE00A2DB75 /* Views */ = {
			isa = PBXGroup;
			children = (
				F9971A6427680DFE00A2DB75 /* SettingsView.swift */,
			);
			path = Views;
			sourceTree = "<group>";
		};
		F9971A6727680E1000A2DB75 /* WalletInfo */ = {
			isa = PBXGroup;
			children = (
				F9971A6827680E1000A2DB75 /* WalletInfo.swift */,
				F9971A6927680E1000A2DB75 /* Views */,
			);
			path = WalletInfo;
			sourceTree = "<group>";
		};
		F9971A6927680E1000A2DB75 /* Views */ = {
			isa = PBXGroup;
			children = (
				F9971A6A27680E1000A2DB75 /* WalletInfoView.swift */,
			);
			path = Views;
			sourceTree = "<group>";
		};
		F9C165B62740403600592F76 /* Send */ = {
			isa = PBXGroup;
			children = (
				F9C165B72740403600592F76 /* SendStore.swift */,
				F9C165B82740403600592F76 /* Views */,
			);
			path = Send;
			sourceTree = "<group>";
		};
		F9C165B82740403600592F76 /* Views */ = {
			isa = PBXGroup;
			children = (
				F9C165CA2741AB5D00592F76 /* SendView.swift */,
				F9C165BB2740403600592F76 /* CreateView.swift */,
				F9C165B92740403600592F76 /* ConfirmationView.swift */,
				F9C165BD2740403600592F76 /* SentView.swift */,
			);
			path = Views;
			sourceTree = "<group>";
		};
/* End PBXGroup section */

/* Begin PBXNativeTarget section */
		0D4E7A0426B364170058B01E /* secant-testnet */ = {
			isa = PBXNativeTarget;
			buildConfigurationList = 0D4E7A2A26B364180058B01E /* Build configuration list for PBXNativeTarget "secant-testnet" */;
			buildPhases = (
				664E39ED270C693C0044AD7E /* SwiftGen */,
				6696BA8726F0B1D200D5C875 /* SwiftLint */,
				0D4E7A0126B364170058B01E /* Sources */,
				0D4E7A0226B364170058B01E /* Frameworks */,
				0D4E7A0326B364170058B01E /* Resources */,
			);
			buildRules = (
			);
			dependencies = (
			);
			name = "secant-testnet";
			packageProductDependencies = (
				6654C7392715A38000901167 /* ComposableArchitecture */,
				9E2AC0FE27D8EC120042AA47 /* MnemonicSwift */,
				9EF8139727F1FAEC0075AF48 /* ZcashLightClientKit */,
			);
			productName = secant;
			productReference = 0D4E7A0526B364170058B01E /* secant-testnet.app */;
			productType = "com.apple.product-type.application";
		};
		0D4E7A1526B364180058B01E /* secantTests */ = {
			isa = PBXNativeTarget;
			buildConfigurationList = 0D4E7A2D26B364180058B01E /* Build configuration list for PBXNativeTarget "secantTests" */;
			buildPhases = (
				0D4E7A1226B364180058B01E /* Sources */,
				0D4E7A1326B364180058B01E /* Frameworks */,
				0D4E7A1426B364180058B01E /* Resources */,
			);
			buildRules = (
			);
			dependencies = (
				0D4E7A1826B364180058B01E /* PBXTargetDependency */,
			);
			name = secantTests;
			productName = secantTests;
			productReference = 0D4E7A1626B364180058B01E /* secantTests.xctest */;
			productType = "com.apple.product-type.bundle.unit-test";
		};
		0D4E7A2026B364180058B01E /* secantUITests */ = {
			isa = PBXNativeTarget;
			buildConfigurationList = 0D4E7A3026B364180058B01E /* Build configuration list for PBXNativeTarget "secantUITests" */;
			buildPhases = (
				0D4E7A1D26B364180058B01E /* Sources */,
				0D4E7A1E26B364180058B01E /* Frameworks */,
				0D4E7A1F26B364180058B01E /* Resources */,
			);
			buildRules = (
			);
			dependencies = (
				0D4E7A2326B364180058B01E /* PBXTargetDependency */,
			);
			name = secantUITests;
			productName = secantUITests;
			productReference = 0D4E7A2126B364180058B01E /* secantUITests.xctest */;
			productType = "com.apple.product-type.bundle.ui-testing";
		};
/* End PBXNativeTarget section */

/* Begin PBXProject section */
		0D4E79FD26B364170058B01E /* Project object */ = {
			isa = PBXProject;
			attributes = {
				LastSwiftUpdateCheck = 1250;
				LastUpgradeCheck = 1320;
				TargetAttributes = {
					0D4E7A0426B364170058B01E = {
						CreatedOnToolsVersion = 12.5;
					};
					0D4E7A1526B364180058B01E = {
						CreatedOnToolsVersion = 12.5;
						TestTargetID = 0D4E7A0426B364170058B01E;
					};
					0D4E7A2026B364180058B01E = {
						CreatedOnToolsVersion = 12.5;
						TestTargetID = 0D4E7A0426B364170058B01E;
					};
				};
			};
			buildConfigurationList = 0D4E7A0026B364170058B01E /* Build configuration list for PBXProject "secant" */;
			compatibilityVersion = "Xcode 9.3";
			developmentRegion = en;
			hasScannedForEncodings = 0;
			knownRegions = (
				en,
				Base,
			);
			mainGroup = 0D4E79FC26B364170058B01E;
			packageReferences = (
				6654C7382715A38000901167 /* XCRemoteSwiftPackageReference "swift-composable-architecture" */,
				9E2AC0FD27D8EC120042AA47 /* XCRemoteSwiftPackageReference "MnemonicSwift" */,
				9EF8139627F1FAEC0075AF48 /* XCRemoteSwiftPackageReference "ZcashLightClientKit" */,
			);
			productRefGroup = 0D4E7A0626B364170058B01E /* Products */;
			projectDirPath = "";
			projectRoot = "";
			targets = (
				0D4E7A0426B364170058B01E /* secant-testnet */,
				0D4E7A1526B364180058B01E /* secantTests */,
				0D4E7A2026B364180058B01E /* secantUITests */,
			);
		};
/* End PBXProject section */

/* Begin PBXResourcesBuildPhase section */
		0D4E7A0326B364170058B01E /* Resources */ = {
			isa = PBXResourcesBuildPhase;
			buildActionMask = 2147483647;
			files = (
				0DACFA9327209FA70039EEA5 /* Roboto-Medium.ttf in Resources */,
				0DACFA9827209FA70039EEA5 /* Roboto-MediumItalic.ttf in Resources */,
				0DACFA9427209FA70039EEA5 /* Roboto-BoldItalic.ttf in Resources */,
				0DACFA9027209FA70039EEA5 /* Roboto-Bold.ttf in Resources */,
				0DACFA9227209FA70039EEA5 /* Roboto-Italic.ttf in Resources */,
				0D535FDE271F4214009A9E3E /* Rubik-Italic-VariableFont_wght.ttf in Resources */,
				0DACFA9127209FA70039EEA5 /* Roboto-LightItalic.ttf in Resources */,
				0DACFA9927209FA70039EEA5 /* Roboto-BlackItalic.ttf in Resources */,
				0DACFA9527209FA70039EEA5 /* Roboto-Regular.ttf in Resources */,
				0D4E7A1026B364180058B01E /* Preview Assets.xcassets in Resources */,
				660558E9270C7A54009D6954 /* Colors.xcassets in Resources */,
				0D535FDF271F4214009A9E3E /* Rubik-VariableFont_wght.ttf in Resources */,
				0DACFA9A27209FA70039EEA5 /* Roboto-Light.ttf in Resources */,
				9E2F1C8C280ED6A7004E65FE /* LaunchScreen.storyboard in Resources */,
				0D4E7A0D26B364180058B01E /* Assets.xcassets in Resources */,
				0DACFA9727209FA70039EEA5 /* Roboto-Black.ttf in Resources */,
				0DACFA9C27209FA70039EEA5 /* Roboto-ThinItalic.ttf in Resources */,
				9E37A2B827C8F59F00AE57B3 /* Localizable.strings in Resources */,
				0DACFA9627209FA70039EEA5 /* Roboto-Thin.ttf in Resources */,
				0D2ACE8026C2C67100D62E3C /* Zboto.otf in Resources */,
			);
			runOnlyForDeploymentPostprocessing = 0;
		};
		0D4E7A1426B364180058B01E /* Resources */ = {
			isa = PBXResourcesBuildPhase;
			buildActionMask = 2147483647;
			files = (
			);
			runOnlyForDeploymentPostprocessing = 0;
		};
		0D4E7A1F26B364180058B01E /* Resources */ = {
			isa = PBXResourcesBuildPhase;
			buildActionMask = 2147483647;
			files = (
			);
			runOnlyForDeploymentPostprocessing = 0;
		};
/* End PBXResourcesBuildPhase section */

/* Begin PBXShellScriptBuildPhase section */
		664E39ED270C693C0044AD7E /* SwiftGen */ = {
			isa = PBXShellScriptBuildPhase;
			buildActionMask = 2147483647;
			files = (
			);
			inputFileListPaths = (
			);
			inputPaths = (
				"$(SRCROOT)/swiftlint.yml",
				"$(SRCROOT)/secant/Colors.xcassets",
				"$(SRCROOT)/secant/Assets/xcassets",
			);
			name = SwiftGen;
			outputFileListPaths = (
			);
			outputPaths = (
				"$(DERIVED_FILE_DIR)/Generated/XCAssets+Generated.swift",
				"$(DERIVED_FILE_DIR)/Generated/Fonts+Generated.swift",
			);
			runOnlyForDeploymentPostprocessing = 0;
			shellPath = /bin/sh;
			shellScript = "if which swiftgen >/dev/null; then\n  swiftgen\nelse\n  echo \"warning: SwiftGen not installed, download from https://github.com/SwiftGen/SwiftGen\"\nfi\n";
		};
		6696BA8726F0B1D200D5C875 /* SwiftLint */ = {
			isa = PBXShellScriptBuildPhase;
			buildActionMask = 2147483647;
			files = (
			);
			inputFileListPaths = (
			);
			inputPaths = (
			);
			name = SwiftLint;
			outputFileListPaths = (
			);
			outputPaths = (
			);
			runOnlyForDeploymentPostprocessing = 0;
			shellPath = /bin/sh;
			shellScript = "swiftlint_version=0.47.0\n\nif which swiftlint >/dev/null; then\n  if [ $(swiftlint version) = $swiftlint_version ]; then\n      swiftlint\n  else\n    echo \"warning: Compatible SwiftLint version not installed, download version $swiftlint_version from https://github.com/realm/SwiftLint. Currently installed version is $(swiftlint version)\"\n  fi  \nelse\n  echo \"warning: SwiftLint not installed, download from https://github.com/realm/SwiftLint\"\nfi\n";
		};
/* End PBXShellScriptBuildPhase section */

/* Begin PBXSourcesBuildPhase section */
		0D4E7A0126B364170058B01E /* Sources */ = {
			isa = PBXSourcesBuildPhase;
			buildActionMask = 2147483647;
			files = (
				2EB660E02747EAB900A06A07 /* OnboardingScreen.swift in Sources */,
				660558F8270C862F009D6954 /* XCAssets+Generated.swift in Sources */,
				9EAFEB902808183D00199FC9 /* SandboxStore.swift in Sources */,
				0D35CC46277A36E00074316A /* ScrollableWhenScaled.swift in Sources */,
				F96B41E9273B501F0021B49A /* TransactionHistoryView.swift in Sources */,
				2EDA07A027EDE18C00D6F09B /* TextFieldInput.swift in Sources */,
				2EB7758727FC67FD00269373 /* TransactionInputStore.swift in Sources */,
				669FDAE9272C23B3007B9422 /* CircularFrame.swift in Sources */,
				9EF8136027F043CC0075AF48 /* AppDelegate.swift in Sources */,
				9E80B47227E4B34B008FF493 /* UserPreferencesStorage.swift in Sources */,
				F96B41E8273B501F0021B49A /* TransactionDetailView.swift in Sources */,
				9E2F1C8228095AFE004E65FE /* Int64+Zcash.swift in Sources */,
				9E02B56A27FED43E005B809B /* WrappedFileManager.swift in Sources */,
				663FABA2271D876C00E495F8 /* SecondaryButton.swift in Sources */,
				0DC487C32772574C00BE6A63 /* ValidationSucceededView.swift in Sources */,
				2EB1C5E827D77F6100BC43D7 /* TextFieldStore.swift in Sources */,
				9EAFEB8A2806F48100199FC9 /* ZCashSDKEnvironment.swift in Sources */,
				0D8A43C4272AEEDE005A6414 /* SecantTextStyles.swift in Sources */,
				9E4DC6E027C409A100E657F4 /* NeumorphicDesignModifier.swift in Sources */,
				0DACFA7F27208CE00039EEA5 /* Clamped.swift in Sources */,
				0DFE93E3272CA1AA000FCCA5 /* RecoveryPhraseValidation.swift in Sources */,
				9E2DF99E27CF704D00649636 /* ImportWalletView.swift in Sources */,
				0D535FE2271F9476009A9E3E /* EnumeratedChip.swift in Sources */,
				6654C73E2715A41300901167 /* OnboardingStore.swift in Sources */,
				2E6CF8DD27D78319004DCD7A /* CurrencySelectionStore.swift in Sources */,
				9EBEF87A27CE369800B4F343 /* RecoveryPhraseTestPreambleView.swift in Sources */,
				9E4DC6E227C4C6B700E657F4 /* SecantButtonStyles.swift in Sources */,
				0DDB6A5127737D4A0012A410 /* ValidationFailedView.swift in Sources */,
				0D6D628B276A528E002FB4CC /* DropDelegate.swift in Sources */,
				9E2DF99D27CF704D00649636 /* ImportSeedEditor.swift in Sources */,
				F9971A5327680DD000A2DB75 /* ProfileStore.swift in Sources */,
				669FDAEB272C23C2007B9422 /* CircularFrameBadge.swift in Sources */,
				2E8719CD27FB0D3B0082C926 /* TransactionCurrencySelector.swift in Sources */,
				F9971A6C27680E1000A2DB75 /* WalletInfoView.swift in Sources */,
				F9EEB8162742C2210032EEB8 /* WithStateBinding.swift in Sources */,
				F93673D62742CB840099C6AF /* Previews.swift in Sources */,
				0D5D16F526E24CCF00AD33D1 /* AppError.swift in Sources */,
				0D18581B272728D60046B928 /* PhraseChip.swift in Sources */,
				0DF482BA2787ADA800EB37D6 /* ConditionalModifier.swift in Sources */,
				9E2F1C8F280EDE09004E65FE /* Drawer.swift in Sources */,
				665C963F272C26E600BC04FB /* CircularFrameBackground.swift in Sources */,
				9EAFEB882806E5AE00199FC9 /* WrappedSDKSynchronizer.swift in Sources */,
				0DB8AA81271DC7520035BC9D /* DesignGuide.swift in Sources */,
				F9971A4D27680DC400A2DB75 /* App.swift in Sources */,
				9EAFEB9228081E9400199FC9 /* HomeView.swift in Sources */,
				F9322DC0273B555C00C105B5 /* NavigationLinks.swift in Sources */,
				9EAFEB8F2808183D00199FC9 /* SandboxView.swift in Sources */,
				0D7CE63427349B5D0020E050 /* View+WhenDraggable.swift in Sources */,
				0D3D04082728B3440032ABC1 /* RecoveryPhraseDisplayView.swift in Sources */,
				F9971A5F27680DF600A2DB75 /* ScanView.swift in Sources */,
				F9971A4E27680DC400A2DB75 /* AppView.swift in Sources */,
				2EA11F5B27467EF800709571 /* OnboardingFooterView.swift in Sources */,
				66D50668271D9B6100E51F0D /* NavigationButtonStyle.swift in Sources */,
				2EDA07A427EDE2A900D6F09B /* DebugFrame.swift in Sources */,
				0D3D040A2728B3A10032ABC1 /* RecoveryPhraseDisplayStore.swift in Sources */,
				9E2AC10127D8EF0B0042AA47 /* MnemonicSeedPhraseProvider.swift in Sources */,
				0D354A0926D5A9D000315F45 /* Services.swift in Sources */,
				660558F7270C862F009D6954 /* Fonts+Generated.swift in Sources */,
				F96B41E7273B501F0021B49A /* TransactionHistoryStore.swift in Sources */,
				9EAFEB9128081E9400199FC9 /* HomeStore.swift in Sources */,
				F9971A5A27680DDE00A2DB75 /* RequestView.swift in Sources */,
				0DACFA8127208D940039EEA5 /* UInt+SuperscriptText.swift in Sources */,
				0DF2DC51272344E400FA31E2 /* EmptyChip.swift in Sources */,
				F9C165BF2740403600592F76 /* SendStore.swift in Sources */,
				0D4E7A0926B364170058B01E /* SecantApp.swift in Sources */,
				66DC733F271D88CC0053CBB6 /* StandardButtonStyle.swift in Sources */,
				663FABA0271D876200E495F8 /* PrimaryButton.swift in Sources */,
				663FAB9C271D874D00E495F8 /* ActiveButton.swift in Sources */,
				9E2F1C842809B606004E65FE /* DebugMenu.swift in Sources */,
				9E02B5C3280458D2005B809B /* WrappedDerivationTool.swift in Sources */,
				F9C165C02740403600592F76 /* ConfirmationView.swift in Sources */,
				0DF2DC5427235E3E00FA31E2 /* View+InnerShadow.swift in Sources */,
				9EAFEB84280597B700199FC9 /* WrappedSecItem.swift in Sources */,
				9E2AC10327DA28200042AA47 /* WalletStorage.swift in Sources */,
				9ECAE56827FC713C0089A0EF /* DatabaseFiles.swift in Sources */,
				F9971A6B27680E1000A2DB75 /* WalletInfo.swift in Sources */,
				0D185819272723FF0046B928 /* ColoredChip.swift in Sources */,
				2EA11F5D27467F7700709571 /* OnboardingContentView.swift in Sources */,
				2E58E73B274679F000B2B84B /* OnboardingHeaderView.swift in Sources */,
				2E35F99227B28E7600EB79CD /* SingleLineTextField.swift in Sources */,
				0D8A43C6272B129C005A6414 /* WordChipGrid.swift in Sources */,
				66A0807B271993C500118B79 /* OnboardingProgressIndicator.swift in Sources */,
				0D7DF08C271DCC0E00530046 /* ScreenBackground.swift in Sources */,
				F9C165C22740403600592F76 /* CreateView.swift in Sources */,
				F9C165B4274031F600592F76 /* Bindings.swift in Sources */,
				2E35F99A27B3E99C00EB79CD /* TextFieldTitleAccessoryButtonStyle.swift in Sources */,
				9E2DF99C27CF704D00649636 /* ImportWalletStore.swift in Sources */,
				F9971A6627680DFE00A2DB75 /* SettingsView.swift in Sources */,
				F96B41EB273B50520021B49A /* Strings.swift in Sources */,
				9E5BF63C2818305D00BA3F17 /* TransactionState.swift in Sources */,
				2EDA07A227EDE1AE00D6F09B /* TextFieldFooter.swift in Sources */,
				F9971A5427680DD000A2DB75 /* ProfileView.swift in Sources */,
				F9971A6027680DF600A2DB75 /* ScanStore.swift in Sources */,
				9EF8139127F191BF0075AF48 /* WalletStorageInteractor.swift in Sources */,
				0DFE93E1272C9ECB000FCCA5 /* RecoveryPhraseBackupValidationView.swift in Sources */,
				9E69A24D27FB002800A55317 /* Welcome.swift in Sources */,
				F9C165CB2741AB5D00592F76 /* SendView.swift in Sources */,
				0D0781C4278750E30083ACD7 /* WelcomeView.swift in Sources */,
				F9971A6527680DFE00A2DB75 /* Settings.swift in Sources */,
				9EF8139C27F47AED0075AF48 /* InitializationState.swift in Sources */,
				0D0781C9278776D20083ACD7 /* ZcashSymbol.swift in Sources */,
				2E8719CB27FB09990082C926 /* TransactionTextField.swift in Sources */,
				6654C7412715A47300901167 /* Onboarding.swift in Sources */,
				F9C165C42740403600592F76 /* SentView.swift in Sources */,
				F9971A5927680DDE00A2DB75 /* RequestStore.swift in Sources */,
			);
			runOnlyForDeploymentPostprocessing = 0;
		};
		0D4E7A1226B364180058B01E /* Sources */ = {
			isa = PBXSourcesBuildPhase;
			buildActionMask = 2147483647;
			files = (
				0DFE93DF272C6D4B000FCCA5 /* RecoveryPhraseBackupTests.swift in Sources */,
				6654C7442715A4AC00901167 /* OnboardingStoreTests.swift in Sources */,
				9EAFEB862805A23100199FC9 /* WrappedSecItemTests.swift in Sources */,
				0D1C1AA327611EFD0004AF6A /* RecoveryPhraseDisplayReducerTests.swift in Sources */,
				9EAFEB822805793200199FC9 /* AppReducerTests.swift in Sources */,
				9E5BF63F2819542C00BA3F17 /* TransactionHistoryTests.swift in Sources */,
				0D4E7A1B26B364180058B01E /* secantTests.swift in Sources */,
				0DFE93E6272CB6F7000FCCA5 /* RecoveryPhraseValidationTests.swift in Sources */,
				9EF8135C27ECC25E0075AF48 /* WalletStorageTests.swift in Sources */,
				9E02B56C27FED475005B809B /* DatabaseFilesTests.swift in Sources */,
				9EF8135D27ECC25E0075AF48 /* UserPreferencesStorageTests.swift in Sources */,
			);
			runOnlyForDeploymentPostprocessing = 0;
		};
		0D4E7A1D26B364180058B01E /* Sources */ = {
			isa = PBXSourcesBuildPhase;
			buildActionMask = 2147483647;
			files = (
				0D4E7A2626B364180058B01E /* secantUITests.swift in Sources */,
			);
			runOnlyForDeploymentPostprocessing = 0;
		};
/* End PBXSourcesBuildPhase section */

/* Begin PBXTargetDependency section */
		0D4E7A1826B364180058B01E /* PBXTargetDependency */ = {
			isa = PBXTargetDependency;
			target = 0D4E7A0426B364170058B01E /* secant-testnet */;
			targetProxy = 0D4E7A1726B364180058B01E /* PBXContainerItemProxy */;
		};
		0D4E7A2326B364180058B01E /* PBXTargetDependency */ = {
			isa = PBXTargetDependency;
			target = 0D4E7A0426B364170058B01E /* secant-testnet */;
			targetProxy = 0D4E7A2226B364180058B01E /* PBXContainerItemProxy */;
		};
/* End PBXTargetDependency section */

/* Begin XCBuildConfiguration section */
		0D4E7A2826B364180058B01E /* Debug */ = {
			isa = XCBuildConfiguration;
			buildSettings = {
				ALWAYS_SEARCH_USER_PATHS = NO;
				CLANG_ANALYZER_NONNULL = YES;
				CLANG_ANALYZER_NUMBER_OBJECT_CONVERSION = YES_AGGRESSIVE;
				CLANG_CXX_LANGUAGE_STANDARD = "gnu++14";
				CLANG_CXX_LIBRARY = "libc++";
				CLANG_ENABLE_MODULES = YES;
				CLANG_ENABLE_OBJC_ARC = YES;
				CLANG_ENABLE_OBJC_WEAK = YES;
				CLANG_WARN_BLOCK_CAPTURE_AUTORELEASING = YES;
				CLANG_WARN_BOOL_CONVERSION = YES;
				CLANG_WARN_COMMA = YES;
				CLANG_WARN_CONSTANT_CONVERSION = YES;
				CLANG_WARN_DEPRECATED_OBJC_IMPLEMENTATIONS = YES;
				CLANG_WARN_DIRECT_OBJC_ISA_USAGE = YES_ERROR;
				CLANG_WARN_DOCUMENTATION_COMMENTS = YES;
				CLANG_WARN_EMPTY_BODY = YES;
				CLANG_WARN_ENUM_CONVERSION = YES;
				CLANG_WARN_INFINITE_RECURSION = YES;
				CLANG_WARN_INT_CONVERSION = YES;
				CLANG_WARN_NON_LITERAL_NULL_CONVERSION = YES;
				CLANG_WARN_OBJC_IMPLICIT_RETAIN_SELF = YES;
				CLANG_WARN_OBJC_LITERAL_CONVERSION = YES;
				CLANG_WARN_OBJC_ROOT_CLASS = YES_ERROR;
				CLANG_WARN_QUOTED_INCLUDE_IN_FRAMEWORK_HEADER = YES;
				CLANG_WARN_RANGE_LOOP_ANALYSIS = YES;
				CLANG_WARN_STRICT_PROTOTYPES = YES;
				CLANG_WARN_SUSPICIOUS_MOVE = YES;
				CLANG_WARN_UNGUARDED_AVAILABILITY = YES_AGGRESSIVE;
				CLANG_WARN_UNREACHABLE_CODE = YES;
				CLANG_WARN__DUPLICATE_METHOD_MATCH = YES;
				COPY_PHASE_STRIP = NO;
				DEBUG_INFORMATION_FORMAT = dwarf;
				ENABLE_BITCODE = NO;
				ENABLE_STRICT_OBJC_MSGSEND = YES;
				ENABLE_TESTABILITY = YES;
				GCC_C_LANGUAGE_STANDARD = gnu11;
				GCC_DYNAMIC_NO_PIC = NO;
				GCC_NO_COMMON_BLOCKS = YES;
				GCC_OPTIMIZATION_LEVEL = 0;
				GCC_PREPROCESSOR_DEFINITIONS = (
					"DEBUG=1",
					"$(inherited)",
				);
				GCC_WARN_64_TO_32_BIT_CONVERSION = YES;
				GCC_WARN_ABOUT_RETURN_TYPE = YES_ERROR;
				GCC_WARN_UNDECLARED_SELECTOR = YES;
				GCC_WARN_UNINITIALIZED_AUTOS = YES_AGGRESSIVE;
				GCC_WARN_UNUSED_FUNCTION = YES;
				GCC_WARN_UNUSED_VARIABLE = YES;
				IPHONEOS_DEPLOYMENT_TARGET = 14.5;
				MTL_ENABLE_DEBUG_INFO = INCLUDE_SOURCE;
				MTL_FAST_MATH = YES;
				ONLY_ACTIVE_ARCH = YES;
				SDKROOT = iphoneos;
				SWIFT_ACTIVE_COMPILATION_CONDITIONS = DEBUG;
				SWIFT_OPTIMIZATION_LEVEL = "-Onone";
			};
			name = Debug;
		};
		0D4E7A2926B364180058B01E /* Release */ = {
			isa = XCBuildConfiguration;
			buildSettings = {
				ALWAYS_SEARCH_USER_PATHS = NO;
				CLANG_ANALYZER_NONNULL = YES;
				CLANG_ANALYZER_NUMBER_OBJECT_CONVERSION = YES_AGGRESSIVE;
				CLANG_CXX_LANGUAGE_STANDARD = "gnu++14";
				CLANG_CXX_LIBRARY = "libc++";
				CLANG_ENABLE_MODULES = YES;
				CLANG_ENABLE_OBJC_ARC = YES;
				CLANG_ENABLE_OBJC_WEAK = YES;
				CLANG_WARN_BLOCK_CAPTURE_AUTORELEASING = YES;
				CLANG_WARN_BOOL_CONVERSION = YES;
				CLANG_WARN_COMMA = YES;
				CLANG_WARN_CONSTANT_CONVERSION = YES;
				CLANG_WARN_DEPRECATED_OBJC_IMPLEMENTATIONS = YES;
				CLANG_WARN_DIRECT_OBJC_ISA_USAGE = YES_ERROR;
				CLANG_WARN_DOCUMENTATION_COMMENTS = YES;
				CLANG_WARN_EMPTY_BODY = YES;
				CLANG_WARN_ENUM_CONVERSION = YES;
				CLANG_WARN_INFINITE_RECURSION = YES;
				CLANG_WARN_INT_CONVERSION = YES;
				CLANG_WARN_NON_LITERAL_NULL_CONVERSION = YES;
				CLANG_WARN_OBJC_IMPLICIT_RETAIN_SELF = YES;
				CLANG_WARN_OBJC_LITERAL_CONVERSION = YES;
				CLANG_WARN_OBJC_ROOT_CLASS = YES_ERROR;
				CLANG_WARN_QUOTED_INCLUDE_IN_FRAMEWORK_HEADER = YES;
				CLANG_WARN_RANGE_LOOP_ANALYSIS = YES;
				CLANG_WARN_STRICT_PROTOTYPES = YES;
				CLANG_WARN_SUSPICIOUS_MOVE = YES;
				CLANG_WARN_UNGUARDED_AVAILABILITY = YES_AGGRESSIVE;
				CLANG_WARN_UNREACHABLE_CODE = YES;
				CLANG_WARN__DUPLICATE_METHOD_MATCH = YES;
				COPY_PHASE_STRIP = NO;
				DEBUG_INFORMATION_FORMAT = "dwarf-with-dsym";
				ENABLE_BITCODE = NO;
				ENABLE_NS_ASSERTIONS = NO;
				ENABLE_STRICT_OBJC_MSGSEND = YES;
				GCC_C_LANGUAGE_STANDARD = gnu11;
				GCC_NO_COMMON_BLOCKS = YES;
				GCC_WARN_64_TO_32_BIT_CONVERSION = YES;
				GCC_WARN_ABOUT_RETURN_TYPE = YES_ERROR;
				GCC_WARN_UNDECLARED_SELECTOR = YES;
				GCC_WARN_UNINITIALIZED_AUTOS = YES_AGGRESSIVE;
				GCC_WARN_UNUSED_FUNCTION = YES;
				GCC_WARN_UNUSED_VARIABLE = YES;
				IPHONEOS_DEPLOYMENT_TARGET = 14.5;
				MTL_ENABLE_DEBUG_INFO = NO;
				MTL_FAST_MATH = YES;
				SDKROOT = iphoneos;
				SWIFT_COMPILATION_MODE = wholemodule;
				SWIFT_OPTIMIZATION_LEVEL = "-O";
				VALIDATE_PRODUCT = YES;
			};
			name = Release;
		};
		0D4E7A2B26B364180058B01E /* Debug */ = {
			isa = XCBuildConfiguration;
			buildSettings = {
				ASSETCATALOG_COMPILER_APPICON_NAME = AppIcon;
				ASSETCATALOG_COMPILER_GLOBAL_ACCENT_COLOR_NAME = AccentColor;
				CODE_SIGN_STYLE = Automatic;
				CURRENT_PROJECT_VERSION = 21;
				DEVELOPMENT_ASSET_PATHS = "\"secant/Preview Content\"";
				DEVELOPMENT_TEAM = RLPRR8CPQG;
				ENABLE_BITCODE = NO;
				ENABLE_PREVIEWS = YES;
				INFOPLIST_FILE = secant/Info.plist;
				IPHONEOS_DEPLOYMENT_TARGET = 14.0;
				LD_RUNPATH_SEARCH_PATHS = (
					"$(inherited)",
					"@executable_path/Frameworks",
				);
				MARKETING_VERSION = 0.0.1;
				PRODUCT_BUNDLE_IDENTIFIER = "co.electriccoin.secant-testnet";
				PRODUCT_NAME = "$(TARGET_NAME)";
				SWIFT_VERSION = 5.0;
				TARGETED_DEVICE_FAMILY = 1;
			};
			name = Debug;
		};
		0D4E7A2C26B364180058B01E /* Release */ = {
			isa = XCBuildConfiguration;
			buildSettings = {
				ASSETCATALOG_COMPILER_APPICON_NAME = AppIcon;
				ASSETCATALOG_COMPILER_GLOBAL_ACCENT_COLOR_NAME = AccentColor;
				CODE_SIGN_STYLE = Automatic;
				CURRENT_PROJECT_VERSION = 21;
				DEVELOPMENT_ASSET_PATHS = "\"secant/Preview Content\"";
				DEVELOPMENT_TEAM = RLPRR8CPQG;
				ENABLE_BITCODE = NO;
				ENABLE_PREVIEWS = YES;
				INFOPLIST_FILE = secant/Info.plist;
				IPHONEOS_DEPLOYMENT_TARGET = 14.0;
				LD_RUNPATH_SEARCH_PATHS = (
					"$(inherited)",
					"@executable_path/Frameworks",
				);
				MARKETING_VERSION = 0.0.1;
				PRODUCT_BUNDLE_IDENTIFIER = "co.electriccoin.secant-testnet";
				PRODUCT_NAME = "$(TARGET_NAME)";
				SWIFT_VERSION = 5.0;
				TARGETED_DEVICE_FAMILY = 1;
			};
			name = Release;
		};
		0D4E7A2E26B364180058B01E /* Debug */ = {
			isa = XCBuildConfiguration;
			buildSettings = {
				ALWAYS_EMBED_SWIFT_STANDARD_LIBRARIES = YES;
				BUNDLE_LOADER = "$(TEST_HOST)";
				CODE_SIGN_STYLE = Automatic;
				INFOPLIST_FILE = secantTests/Info.plist;
				IPHONEOS_DEPLOYMENT_TARGET = 14.0;
				LD_RUNPATH_SEARCH_PATHS = (
					"$(inherited)",
					"@executable_path/Frameworks",
					"@loader_path/Frameworks",
				);
				PRODUCT_BUNDLE_IDENTIFIER = co.electriccoin.secantTests;
				PRODUCT_NAME = "$(TARGET_NAME)";
				SWIFT_VERSION = 5.0;
				TARGETED_DEVICE_FAMILY = "1,2";
				TEST_HOST = "$(BUILT_PRODUCTS_DIR)/secant-testnet.app/secant-testnet";
			};
			name = Debug;
		};
		0D4E7A2F26B364180058B01E /* Release */ = {
			isa = XCBuildConfiguration;
			buildSettings = {
				ALWAYS_EMBED_SWIFT_STANDARD_LIBRARIES = YES;
				BUNDLE_LOADER = "$(TEST_HOST)";
				CODE_SIGN_STYLE = Automatic;
				INFOPLIST_FILE = secantTests/Info.plist;
				IPHONEOS_DEPLOYMENT_TARGET = 14.0;
				LD_RUNPATH_SEARCH_PATHS = (
					"$(inherited)",
					"@executable_path/Frameworks",
					"@loader_path/Frameworks",
				);
				PRODUCT_BUNDLE_IDENTIFIER = co.electriccoin.secantTests;
				PRODUCT_NAME = "$(TARGET_NAME)";
				SWIFT_VERSION = 5.0;
				TARGETED_DEVICE_FAMILY = "1,2";
				TEST_HOST = "$(BUILT_PRODUCTS_DIR)/secant-testnet.app/secant-testnet";
			};
			name = Release;
		};
		0D4E7A3126B364180058B01E /* Debug */ = {
			isa = XCBuildConfiguration;
			buildSettings = {
				ALWAYS_EMBED_SWIFT_STANDARD_LIBRARIES = YES;
				CODE_SIGN_STYLE = Automatic;
				INFOPLIST_FILE = secantUITests/Info.plist;
				LD_RUNPATH_SEARCH_PATHS = (
					"$(inherited)",
					"@executable_path/Frameworks",
					"@loader_path/Frameworks",
				);
				PRODUCT_BUNDLE_IDENTIFIER = co.electriccoin.secantUITests;
				PRODUCT_NAME = "$(TARGET_NAME)";
				SWIFT_VERSION = 5.0;
				TARGETED_DEVICE_FAMILY = "1,2";
				TEST_TARGET_NAME = secant;
			};
			name = Debug;
		};
		0D4E7A3226B364180058B01E /* Release */ = {
			isa = XCBuildConfiguration;
			buildSettings = {
				ALWAYS_EMBED_SWIFT_STANDARD_LIBRARIES = YES;
				CODE_SIGN_STYLE = Automatic;
				INFOPLIST_FILE = secantUITests/Info.plist;
				LD_RUNPATH_SEARCH_PATHS = (
					"$(inherited)",
					"@executable_path/Frameworks",
					"@loader_path/Frameworks",
				);
				PRODUCT_BUNDLE_IDENTIFIER = co.electriccoin.secantUITests;
				PRODUCT_NAME = "$(TARGET_NAME)";
				SWIFT_VERSION = 5.0;
				TARGETED_DEVICE_FAMILY = "1,2";
				TEST_TARGET_NAME = secant;
			};
			name = Release;
		};
/* End XCBuildConfiguration section */

/* Begin XCConfigurationList section */
		0D4E7A0026B364170058B01E /* Build configuration list for PBXProject "secant" */ = {
			isa = XCConfigurationList;
			buildConfigurations = (
				0D4E7A2826B364180058B01E /* Debug */,
				0D4E7A2926B364180058B01E /* Release */,
			);
			defaultConfigurationIsVisible = 0;
			defaultConfigurationName = Release;
		};
		0D4E7A2A26B364180058B01E /* Build configuration list for PBXNativeTarget "secant-testnet" */ = {
			isa = XCConfigurationList;
			buildConfigurations = (
				0D4E7A2B26B364180058B01E /* Debug */,
				0D4E7A2C26B364180058B01E /* Release */,
			);
			defaultConfigurationIsVisible = 0;
			defaultConfigurationName = Release;
		};
		0D4E7A2D26B364180058B01E /* Build configuration list for PBXNativeTarget "secantTests" */ = {
			isa = XCConfigurationList;
			buildConfigurations = (
				0D4E7A2E26B364180058B01E /* Debug */,
				0D4E7A2F26B364180058B01E /* Release */,
			);
			defaultConfigurationIsVisible = 0;
			defaultConfigurationName = Release;
		};
		0D4E7A3026B364180058B01E /* Build configuration list for PBXNativeTarget "secantUITests" */ = {
			isa = XCConfigurationList;
			buildConfigurations = (
				0D4E7A3126B364180058B01E /* Debug */,
				0D4E7A3226B364180058B01E /* Release */,
			);
			defaultConfigurationIsVisible = 0;
			defaultConfigurationName = Release;
		};
/* End XCConfigurationList section */

/* Begin XCRemoteSwiftPackageReference section */
		6654C7382715A38000901167 /* XCRemoteSwiftPackageReference "swift-composable-architecture" */ = {
			isa = XCRemoteSwiftPackageReference;
			repositoryURL = "https://github.com/pointfreeco/swift-composable-architecture";
			requirement = {
				kind = exactVersion;
				version = 0.28.1;
			};
		};
		9E2AC0FD27D8EC120042AA47 /* XCRemoteSwiftPackageReference "MnemonicSwift" */ = {
			isa = XCRemoteSwiftPackageReference;
			repositoryURL = "https://github.com/zcash-hackworks/MnemonicSwift";
			requirement = {
				kind = upToNextMajorVersion;
				minimumVersion = 2.0.0;
			};
		};
		9EF8139627F1FAEC0075AF48 /* XCRemoteSwiftPackageReference "ZcashLightClientKit" */ = {
			isa = XCRemoteSwiftPackageReference;
			repositoryURL = "https://github.com/zcash/ZcashLightClientKit";
			requirement = {
				kind = revision;
				revision = f3150072f5cafd53fa064b7cfc80ef3a84460fb2;
			};
		};
/* End XCRemoteSwiftPackageReference section */

/* Begin XCSwiftPackageProductDependency section */
		6654C7392715A38000901167 /* ComposableArchitecture */ = {
			isa = XCSwiftPackageProductDependency;
			package = 6654C7382715A38000901167 /* XCRemoteSwiftPackageReference "swift-composable-architecture" */;
			productName = ComposableArchitecture;
		};
		9E2AC0FE27D8EC120042AA47 /* MnemonicSwift */ = {
			isa = XCSwiftPackageProductDependency;
			package = 9E2AC0FD27D8EC120042AA47 /* XCRemoteSwiftPackageReference "MnemonicSwift" */;
			productName = MnemonicSwift;
		};
		9EF8139727F1FAEC0075AF48 /* ZcashLightClientKit */ = {
			isa = XCSwiftPackageProductDependency;
			package = 9EF8139627F1FAEC0075AF48 /* XCRemoteSwiftPackageReference "ZcashLightClientKit" */;
			productName = ZcashLightClientKit;
		};
/* End XCSwiftPackageProductDependency section */
	};
	rootObject = 0D4E79FD26B364170058B01E /* Project object */;
}
